{
    "version": 3,
    "terraform_version": "0.11.2",
    "serial": 2,
    "lineage": "103af797-7dcc-4f2d-b80a-b2aa4fe21bbe",
    "modules": [
        {
            "path": [
                "root"
            ],
            "outputs": {},
            "resources": {
                "data.vsphere_datacenter.dc": {
                    "type": "vsphere_datacenter",
                    "depends_on": [],
                    "primary": {
                        "id": "datacenter-21",
                        "attributes": {
                            "id": "datacenter-21",
                            "name": "RegionA01"
                        },
                        "meta": {},
                        "tainted": false
                    },
                    "deposed": [],
                    "provider": "provider.vsphere"
                }
            },
            "depends_on": []
        },
        {
            "path": [
                "root",
                "bootstrap"
            ],
            "outputs": {
                "ip_addresses": {
                    "sensitive": false,
                    "type": "list",
                    "value": [
                        "10.114.16.9"
                    ]
                }
            },
            "resources": {
                "data.ignition_config.ign": {
                    "type": "ignition_config",
                    "depends_on": [
                        "data.ignition_file.hostname.*",
                        "data.ignition_file.static_ip.*",
                        "data.ignition_systemd_unit.restart.*",
                        "local.ignition_encoded"
                    ],
                    "primary": {
                        "id": "2d849ce4f485edb7a1480e6701ab006c68d45fb98fa050e5a606b7149dac72b2",
                        "attributes": {
                            "append.#": "1",
                            "append.0.source": "http://192.168.110.11/bootstrap.ign",
                            "append.0.verification": "",
                            "files.#": "2",
                            "files.0": "96b615ed7586d580ff4ee0a22808819c5d93de95ce8dbf3037641f57fb045fc3",
                            "files.1": "3a22573c5f08beb8a7cd3d43b6901783ab7e5308d2c1d8bf3e7d00f1834cdaa6",
                            "id": "2d849ce4f485edb7a1480e6701ab006c68d45fb98fa050e5a606b7149dac72b2",
                            "rendered": "{\"ignition\":{\"config\":{\"append\":[{\"source\":\"http://192.168.110.11/bootstrap.ign\",\"verification\":{}}]},\"timeouts\":{},\"version\":\"2.1.0\"},\"networkd\":{},\"passwd\":{},\"storage\":{\"files\":[{\"filesystem\":\"root\",\"group\":{},\"path\":\"/etc/hostname\",\"user\":{},\"contents\":{\"source\":\"data:text/plain;charset=utf-8;base64,Ym9vdHN0cmFwLTA=\",\"verification\":{}},\"mode\":420},{\"filesystem\":\"root\",\"group\":{},\"path\":\"/etc/sysconfig/network-scripts/ifcfg-ens192\",\"user\":{},\"contents\":{\"source\":\"data:text/plain;charset=utf-8;base64,VFlQRT1FdGhlcm5ldApCT09UUFJPVE89bm9uZQpOQU1FPWVuczE5MgpERVZJQ0U9ZW5zMTkyCk9OQk9PVD15ZXMKSVBBRERSPTEwLjExNC4xNi45ClBSRUZJWD0yNApHQVRFV0FZPTEwLjExNC4xNi4xCkRPTUFJTj1vYzQuY29ycC5sb2NhbApETlMxPTEuMS4xLjEKRE5TMj05LjkuOS45Cg==\",\"verification\":{}},\"mode\":420}]},\"systemd\":{\"units\":[{\"contents\":\"[Unit]\\nConditionFirstBoot=yes\\n[Service]\\nType=idle\\nExecStart=/sbin/reboot\\n[Install]\\nWantedBy=multi-user.target\\n\",\"enabled\":true,\"name\":\"restart.service\"}]}}",
                            "systemd.#": "1",
                            "systemd.0": "2b2088c1732c1d1acffcbbe6386c2952e57ca2903cec0dc24bd4cb0f42abc300"
                        },
                        "meta": {},
                        "tainted": false
                    },
                    "deposed": [],
                    "provider": "module.bootstrap.provider.ignition"
                },
                "data.ignition_file.hostname": {
                    "type": "ignition_file",
                    "depends_on": [],
                    "primary": {
                        "id": "96b615ed7586d580ff4ee0a22808819c5d93de95ce8dbf3037641f57fb045fc3",
                        "attributes": {
                            "content.#": "1",
                            "content.0.content": "bootstrap-0",
                            "content.0.mime": "text/plain",
                            "filesystem": "root",
                            "id": "96b615ed7586d580ff4ee0a22808819c5d93de95ce8dbf3037641f57fb045fc3",
                            "mode": "420",
                            "path": "/etc/hostname"
                        },
                        "meta": {},
                        "tainted": false
                    },
                    "deposed": [],
                    "provider": "module.bootstrap.provider.ignition"
                },
                "data.ignition_file.static_ip": {
                    "type": "ignition_file",
                    "depends_on": [
                        "local.gw",
                        "local.ip_addresses",
                        "local.mask"
                    ],
                    "primary": {
                        "id": "3a22573c5f08beb8a7cd3d43b6901783ab7e5308d2c1d8bf3e7d00f1834cdaa6",
                        "attributes": {
                            "content.#": "1",
                            "content.0.content": "TYPE=Ethernet\nBOOTPROTO=none\nNAME=ens192\nDEVICE=ens192\nONBOOT=yes\nIPADDR=10.114.16.9\nPREFIX=24\nGATEWAY=10.114.16.1\nDOMAIN=oc4.corp.local\nDNS1=1.1.1.1\nDNS2=9.9.9.9\n",
                            "content.0.mime": "text/plain",
                            "filesystem": "root",
                            "id": "3a22573c5f08beb8a7cd3d43b6901783ab7e5308d2c1d8bf3e7d00f1834cdaa6",
                            "mode": "420",
                            "path": "/etc/sysconfig/network-scripts/ifcfg-ens192"
                        },
                        "meta": {},
                        "tainted": false
                    },
                    "deposed": [],
                    "provider": "module.bootstrap.provider.ignition"
                },
                "data.ignition_systemd_unit.restart": {
                    "type": "ignition_systemd_unit",
                    "depends_on": [],
                    "primary": {
                        "id": "2b2088c1732c1d1acffcbbe6386c2952e57ca2903cec0dc24bd4cb0f42abc300",
                        "attributes": {
                            "content": "[Unit]\nConditionFirstBoot=yes\n[Service]\nType=idle\nExecStart=/sbin/reboot\n[Install]\nWantedBy=multi-user.target\n",
                            "enabled": "true",
                            "id": "2b2088c1732c1d1acffcbbe6386c2952e57ca2903cec0dc24bd4cb0f42abc300",
                            "name": "restart.service"
                        },
                        "meta": {},
                        "tainted": false
                    },
                    "deposed": [],
                    "provider": "module.bootstrap.provider.ignition"
                },
                "data.vsphere_datastore.datastore": {
                    "type": "vsphere_datastore",
                    "depends_on": [],
                    "primary": {
                        "id": "datastore-189",
                        "attributes": {
                            "datacenter_id": "datacenter-21",
                            "id": "datastore-189",
                            "name": "iscsi"
                        },
                        "meta": {},
                        "tainted": false
                    },
                    "deposed": [],
                    "provider": "provider.vsphere"
                },
                "data.vsphere_network.network": {
                    "type": "vsphere_network",
                    "depends_on": [],
                    "primary": {
                        "id": "network-o396",
                        "attributes": {
                            "datacenter_id": "datacenter-21",
                            "id": "network-o396",
                            "name": "ocp4-segment",
                            "type": "OpaqueNetwork"
                        },
                        "meta": {},
                        "tainted": false
                    },
                    "deposed": [],
                    "provider": "provider.vsphere"
                },
                "data.vsphere_virtual_machine.template": {
                    "type": "vsphere_virtual_machine",
                    "depends_on": [],
                    "primary": {
                        "id": "4225e7f3-c99f-0daf-e952-67de92691a74",
                        "attributes": {
                            "alternate_guest_name": "",
                            "datacenter_id": "datacenter-21",
                            "disks.#": "1",
                            "disks.0.eagerly_scrub": "false",
                            "disks.0.size": "16",
                            "disks.0.thin_provisioned": "true",
                            "firmware": "bios",
                            "guest_id": "rhel7_64Guest",
                            "guest_ip_addresses.#": "0",
                            "id": "4225e7f3-c99f-0daf-e952-67de92691a74",
                            "name": "RH",
                            "network_interface_types.#": "1",
                            "network_interface_types.0": "vmxnet3",
                            "scsi_bus_sharing": "noSharing",
                            "scsi_controller_scan_count": "1",
                            "scsi_type": "pvscsi"
                        },
                        "meta": {},
                        "tainted": false
                    },
                    "deposed": [],
                    "provider": "provider.vsphere"
                },
                "vsphere_virtual_machine.vm": {
                    "type": "vsphere_virtual_machine",
                    "depends_on": [
                        "data.ignition_config.ign.*",
                        "data.vsphere_datastore.datastore",
                        "data.vsphere_network.network",
                        "data.vsphere_virtual_machine.template"
                    ],
                    "primary": {
                        "id": "4225b426-c572-62c8-3e3e-962f8b907be5",
                        "attributes": {
                            "alternate_guest_name": "",
                            "annotation": "",
                            "boot_delay": "0",
                            "boot_retry_delay": "10000",
                            "boot_retry_enabled": "false",
                            "cdrom.#": "0",
                            "change_version": "2020-06-29T19:39:00.827307Z",
                            "clone.#": "1",
                            "clone.0.customize.#": "0",
                            "clone.0.linked_clone": "false",
                            "clone.0.ovf_network_map.%": "0",
                            "clone.0.ovf_storage_map.%": "0",
                            "clone.0.template_uuid": "4225e7f3-c99f-0daf-e952-67de92691a74",
                            "clone.0.timeout": "30",
                            "cpu_hot_add_enabled": "false",
                            "cpu_hot_remove_enabled": "false",
                            "cpu_limit": "-1",
                            "cpu_performance_counters_enabled": "false",
                            "cpu_reservation": "0",
                            "cpu_share_count": "4000",
                            "cpu_share_level": "normal",
                            "custom_attributes.%": "0",
                            "datastore_id": "datastore-189",
                            "disk.#": "1",
                            "disk.0.attach": "false",
                            "disk.0.datastore_id": "datastore-189",
                            "disk.0.device_address": "scsi:0:0",
                            "disk.0.disk_mode": "persistent",
                            "disk.0.disk_sharing": "sharingNone",
                            "disk.0.eagerly_scrub": "false",
                            "disk.0.io_limit": "-1",
                            "disk.0.io_reservation": "0",
                            "disk.0.io_share_count": "1000",
                            "disk.0.io_share_level": "normal",
                            "disk.0.keep_on_remove": "false",
                            "disk.0.key": "2000",
                            "disk.0.label": "disk0",
                            "disk.0.name": "",
                            "disk.0.path": "bootstrap-0/bootstrap-0.vmdk",
                            "disk.0.size": "60",
                            "disk.0.storage_policy_id": "",
                            "disk.0.thin_provisioned": "true",
                            "disk.0.unit_number": "0",
                            "disk.0.uuid": "6000C29a-56d4-7a8c-03bb-cd7e1c086ad0",
                            "disk.0.write_through": "false",
                            "efi_secure_boot_enabled": "false",
                            "enable_disk_uuid": "true",
                            "enable_logging": "false",
                            "ept_rvi_mode": "automatic",
                            "extra_config.%": "0",
                            "firmware": "bios",
                            "folder": "oc4",
                            "force_power_off": "true",
                            "guest_id": "rhel7_64Guest",
                            "guest_ip_addresses.#": "0",
                            "hardware_version": "13",
                            "host_system_id": "host-34",
                            "hv_mode": "hvAuto",
                            "id": "4225b426-c572-62c8-3e3e-962f8b907be5",
                            "latency_sensitivity": "normal",
                            "memory": "8192",
                            "memory_hot_add_enabled": "false",
                            "memory_limit": "-1",
                            "memory_reservation": "0",
                            "memory_share_count": "81920",
                            "memory_share_level": "normal",
                            "migrate_wait_timeout": "30",
                            "moid": "vm-442",
                            "name": "bootstrap-0",
                            "nested_hv_enabled": "false",
                            "network_interface.#": "1",
                            "network_interface.0.adapter_type": "vmxnet3",
                            "network_interface.0.bandwidth_limit": "-1",
                            "network_interface.0.bandwidth_reservation": "0",
                            "network_interface.0.bandwidth_share_count": "50",
                            "network_interface.0.bandwidth_share_level": "normal",
                            "network_interface.0.device_address": "pci:0:7",
                            "network_interface.0.key": "4000",
                            "network_interface.0.mac_address": "00:50:56:a5:1d:d7",
                            "network_interface.0.network_id": "network-o396",
                            "network_interface.0.ovf_mapping": "",
                            "network_interface.0.use_static_mac": "false",
                            "num_cores_per_socket": "1",
                            "num_cpus": "4",
                            "pci_device_id.#": "0",
                            "poweron_timeout": "300",
                            "reboot_required": "false",
                            "resource_pool_id": "resgroup-434",
                            "run_tools_scripts_after_power_on": "true",
                            "run_tools_scripts_after_resume": "true",
                            "run_tools_scripts_before_guest_reboot": "false",
                            "run_tools_scripts_before_guest_shutdown": "true",
                            "run_tools_scripts_before_guest_standby": "true",
                            "scsi_bus_sharing": "noSharing",
                            "scsi_controller_count": "1",
                            "scsi_type": "pvscsi",
                            "shutdown_wait_timeout": "3",
                            "storage_policy_id": "",
                            "swap_placement_policy": "inherit",
                            "sync_time_with_host": "false",
                            "tags.#": "0",
                            "uuid": "4225b426-c572-62c8-3e3e-962f8b907be5",
                            "vapp.#": "1",
                            "vapp.0.properties.%": "2",
                            "vapp.0.properties.guestinfo.ignition.config.data": "eyJpZ25pdGlvbiI6eyJjb25maWciOnsiYXBwZW5kIjpbeyJzb3VyY2UiOiJodHRwOi8vMTkyLjE2OC4xMTAuMTEvYm9vdHN0cmFwLmlnbiIsInZlcmlmaWNhdGlvbiI6e319XX0sInRpbWVvdXRzIjp7fSwidmVyc2lvbiI6IjIuMS4wIn0sIm5ldHdvcmtkIjp7fSwicGFzc3dkIjp7fSwic3RvcmFnZSI6eyJmaWxlcyI6W3siZmlsZXN5c3RlbSI6InJvb3QiLCJncm91cCI6e30sInBhdGgiOiIvZXRjL2hvc3RuYW1lIiwidXNlciI6e30sImNvbnRlbnRzIjp7InNvdXJjZSI6ImRhdGE6dGV4dC9wbGFpbjtjaGFyc2V0PXV0Zi04O2Jhc2U2NCxZbTl2ZEhOMGNtRndMVEE9IiwidmVyaWZpY2F0aW9uIjp7fX0sIm1vZGUiOjQyMH0seyJmaWxlc3lzdGVtIjoicm9vdCIsImdyb3VwIjp7fSwicGF0aCI6Ii9ldGMvc3lzY29uZmlnL25ldHdvcmstc2NyaXB0cy9pZmNmZy1lbnMxOTIiLCJ1c2VyIjp7fSwiY29udGVudHMiOnsic291cmNlIjoiZGF0YTp0ZXh0L3BsYWluO2NoYXJzZXQ9dXRmLTg7YmFzZTY0LFZGbFFSVDFGZEdobGNtNWxkQXBDVDA5VVVGSlBWRTg5Ym05dVpRcE9RVTFGUFdWdWN6RTVNZ3BFUlZaSlEwVTlaVzV6TVRreUNrOU9RazlQVkQxNVpYTUtTVkJCUkVSU1BURXdMakV4TkM0eE5pNDVDbEJTUlVaSldEMHlOQXBIUVZSRlYwRlpQVEV3TGpFeE5DNHhOaTR4Q2tSUFRVRkpUajF2WXpRdVkyOXljQzVzYjJOaGJBcEVUbE14UFRFdU1TNHhMakVLUkU1VE1qMDVMamt1T1M0NUNnPT0iLCJ2ZXJpZmljYXRpb24iOnt9fSwibW9kZSI6NDIwfV19LCJzeXN0ZW1kIjp7InVuaXRzIjpbeyJjb250ZW50cyI6IltVbml0XVxuQ29uZGl0aW9uRmlyc3RCb290PXllc1xuW1NlcnZpY2VdXG5UeXBlPWlkbGVcbkV4ZWNTdGFydD0vc2Jpbi9yZWJvb3RcbltJbnN0YWxsXVxuV2FudGVkQnk9bXVsdGktdXNlci50YXJnZXRcbiIsImVuYWJsZWQiOnRydWUsIm5hbWUiOiJyZXN0YXJ0LnNlcnZpY2UifV19fQ==",
                            "vapp.0.properties.guestinfo.ignition.config.data.encoding": "base64",
                            "vapp_transport.#": "1",
                            "vapp_transport.0": "com.vmware.guestInfo",
                            "vmware_tools_status": "guestToolsNotRunning",
                            "vmx_path": "bootstrap-0/bootstrap-0.vmx",
                            "wait_for_guest_ip_timeout": "0",
                            "wait_for_guest_net_routable": "false",
                            "wait_for_guest_net_timeout": "0"
                        },
                        "meta": {
                            "schema_version": "3"
                        },
                        "tainted": false
                    },
                    "deposed": [],
                    "provider": "provider.vsphere"
                }
            },
            "depends_on": []
        },
        {
            "path": [
                "root",
                "compute"
            ],
            "outputs": {
                "ip_addresses": {
                    "sensitive": false,
                    "type": "list",
                    "value": [
                        "10.114.16.20",
                        "10.114.16.21",
                        "10.114.16.22"
                    ]
                }
            },
            "resources": {
                "data.ignition_config.ign.0": {
                    "type": "ignition_config",
                    "depends_on": [
                        "data.ignition_file.hostname.*",
                        "data.ignition_file.static_ip.*",
                        "data.ignition_systemd_unit.restart.*",
                        "local.ignition_encoded"
                    ],
                    "primary": {
                        "id": "386a92e61926e8a85f65441588b1183707f9771d61b6b0a7d01cacd76177526b",
                        "attributes": {
                            "append.#": "1",
                            "append.0.source": "data:text/plain;charset=utf-8;base64,eyJpZ25pdGlvbiI6eyJjb25maWciOnsiYXBwZW5kIjpbeyJzb3VyY2UiOiJodHRwczovL2FwaS1pbnQub2M0LmNvcnAubG9jYWw6MjI2MjMvY29uZmlnL3dvcmtlciIsInZlcmlmaWNhdGlvbiI6e319XX0sInNlY3VyaXR5Ijp7InRscyI6eyJjZXJ0aWZpY2F0ZUF1dGhvcml0aWVzIjpbeyJzb3VyY2UiOiJkYXRhOnRleHQvcGxhaW47Y2hhcnNldD11dGYtODtiYXNlNjQsTFMwdExTMUNSVWRKVGlCRFJWSlVTVVpKUTBGVVJTMHRMUzB0Q2sxSlNVUkZSRU5EUVdacFowRjNTVUpCWjBsSlZrMTBWV1E1YTJkRVdUUjNSRkZaU2t0dldrbG9kbU5PUVZGRlRFSlJRWGRLYWtWVFRVSkJSMEV4VlVVS1EzaE5TbUl6UW14aWJrNXZZVmRhTUUxU1FYZEVaMWxFVmxGUlJFVjNaSGxpTWprd1RGZE9hRTFDTkZoRVZFbDNUVVJaZVU5VVJUVk5lazE1VDBadldBcEVWRTEzVFVSWmVVNTZSVFZOZWsxNVQwWnZkMHBxUlZOTlFrRkhRVEZWUlVONFRVcGlNMEpzWW01T2IyRlhXakJOVWtGM1JHZFpSRlpSVVVSRmQyUjVDbUl5T1RCTVYwNW9UVWxKUWtscVFVNUNaMnR4YUd0cFJ6bDNNRUpCVVVWR1FVRlBRMEZST0VGTlNVbENRMmRMUTBGUlJVRjZNSGgxU2xGRlpEbDJPWGdLZDNwWE9FbDNjRFJCZGxoUE9FTnBPRTlhZWpJcmFrSlJjVlYxVDNsUk1ucFhVV3R1UWxSUFpYbFRhREZEY1VZNFoydGtVRmx3WlhoalZGWTNTQ3RFUVFwNFkyWlZkREo0UlhkMU56QTJhbTkzTHpkMWEyUXZWRkZPWjJRcmRtdHRkMDlLVDFGeFZtaFdNbGhzT1N0cE4zQlVObXhVUjBaaWJHcGhkVlJyUWxwTUNubEdZeTlXZW5CaGNtaG9kV1pzUmxocFRVbzFNMDR3Wmt4WGRYaHlkV2cxUWxCU1dFaEdkV04zWm05dFlYVnViemRGU0dkSVJqWjBiVEJ4Vm5NNWRta0tSMU5PUmtsQlpuQk5ZemN6WjAxNE1EZFBhbG93Um14YVoweFlZMVZGZGs5SFZsSldSM0ZaYmpGbGQwdzFNazV4YmpaWmF6WmlaWHBuYW05VFNUVjVhQW93WVV4S1EyaE5jbmxNVkRaQldFeHhaMGhKZFRScmVUaGhTazR4TWtsRVUyUndVRlpLZUUxMFJGWmxhVWh6U25nek4yVTNZM2s1UzNKUGRqaEtaRFJ1Q21kSmNsQlZWRmhZYm5kSlJFRlJRVUp2TUVsM1VVUkJUMEpuVGxaSVVUaENRV1k0UlVKQlRVTkJjVkYzUkhkWlJGWlNNRlJCVVVndlFrRlZkMEYzUlVJS0wzcEJaRUpuVGxaSVVUUkZSbWRSVlU1UlNraFpTR3BJWlhWVFNVNWhPWGhKVHpGelRsSnZjRmgzVVhkRVVWbEtTMjlhU1doMlkwNUJVVVZNUWxGQlJBcG5aMFZDUVVOSmJFbzFUMUZrTTJRM1ZGRktlRFZEUTBKNWJYRmFZbU5yVlUxYVJWbFdWRlZLYWxOSWJHTkJaMVEyWjBWaFRHbERVV2x1VlVsalJFMVdDbmszVld0MVduSlZaUzg0WWt4V1VrTkhNMUJKYUZZNUwwMTRhbVp0TDNjdlozVkZjMVJRVEZKdVJETkhUMGxKZDJseU9HWk9VR014VFV4Nk1sZGxWMEVLZUhoU2NsQndUbXRpTm14TVJWaDVNekpqY1ZWNFNGTjZLek5IUVRSVU5FMTFjMk0zYjI0d2QzWlpOMVo2VVhVNE5YWjRabGg1Vldsb0swYzVjazlSWXdvdlNrTXlOMUJIY2xJM1dGQTBOekJ6YkhSd2RHMTVjbmx1ZEdWSFVuWjJOME5NZEVaVFZEWkVhWFZOTUZwRFJuaGhNQ3R6T1hGMVJUSmtSRTgwVm14dENtZDNlVFpNV2pWNlpIWklWM2cySzFaMVpHeDBWR2hIY0ROd2JtRXlUVkVyWTFsWFNHcDBiVWRzWWpoUWR6ZHJNR3NyYVcxdU5Hb3hRMmhrTDFSV1RrZ0tlWEJ5WkVsMlZVRm9hVTB2TW5aSU5tVjNiMnRZYVZGR1JqQlZQUW90TFMwdExVVk9SQ0JEUlZKVVNVWkpRMEZVUlMwdExTMHRDZz09IiwidmVyaWZpY2F0aW9uIjp7fX1dfX0sInRpbWVvdXRzIjp7fSwidmVyc2lvbiI6IjIuMi4wIn0sIm5ldHdvcmtkIjp7fSwicGFzc3dkIjp7fSwic3RvcmFnZSI6e30sInN5c3RlbWQiOnt9fQo=",
                            "append.0.verification": "",
                            "files.#": "2",
                            "files.0": "37cb0d6ae78c6a1605286cc8070f084949a99933a4320e111c37cf31e79127f7",
                            "files.1": "3ee19ee4b2ad31330e80e72312420bd45b30d7bf50db256a2822e892eab7c150",
                            "id": "386a92e61926e8a85f65441588b1183707f9771d61b6b0a7d01cacd76177526b",
                            "rendered": "{\"ignition\":{\"config\":{\"append\":[{\"source\":\"data:text/plain;charset=utf-8;base64,eyJpZ25pdGlvbiI6eyJjb25maWciOnsiYXBwZW5kIjpbeyJzb3VyY2UiOiJodHRwczovL2FwaS1pbnQub2M0LmNvcnAubG9jYWw6MjI2MjMvY29uZmlnL3dvcmtlciIsInZlcmlmaWNhdGlvbiI6e319XX0sInNlY3VyaXR5Ijp7InRscyI6eyJjZXJ0aWZpY2F0ZUF1dGhvcml0aWVzIjpbeyJzb3VyY2UiOiJkYXRhOnRleHQvcGxhaW47Y2hhcnNldD11dGYtODtiYXNlNjQsTFMwdExTMUNSVWRKVGlCRFJWSlVTVVpKUTBGVVJTMHRMUzB0Q2sxSlNVUkZSRU5EUVdacFowRjNTVUpCWjBsSlZrMTBWV1E1YTJkRVdUUjNSRkZaU2t0dldrbG9kbU5PUVZGRlRFSlJRWGRLYWtWVFRVSkJSMEV4VlVVS1EzaE5TbUl6UW14aWJrNXZZVmRhTUUxU1FYZEVaMWxFVmxGUlJFVjNaSGxpTWprd1RGZE9hRTFDTkZoRVZFbDNUVVJaZVU5VVJUVk5lazE1VDBadldBcEVWRTEzVFVSWmVVNTZSVFZOZWsxNVQwWnZkMHBxUlZOTlFrRkhRVEZWUlVONFRVcGlNMEpzWW01T2IyRlhXakJOVWtGM1JHZFpSRlpSVVVSRmQyUjVDbUl5T1RCTVYwNW9UVWxKUWtscVFVNUNaMnR4YUd0cFJ6bDNNRUpCVVVWR1FVRlBRMEZST0VGTlNVbENRMmRMUTBGUlJVRjZNSGgxU2xGRlpEbDJPWGdLZDNwWE9FbDNjRFJCZGxoUE9FTnBPRTlhZWpJcmFrSlJjVlYxVDNsUk1ucFhVV3R1UWxSUFpYbFRhREZEY1VZNFoydGtVRmx3WlhoalZGWTNTQ3RFUVFwNFkyWlZkREo0UlhkMU56QTJhbTkzTHpkMWEyUXZWRkZPWjJRcmRtdHRkMDlLVDFGeFZtaFdNbGhzT1N0cE4zQlVObXhVUjBaaWJHcGhkVlJyUWxwTUNubEdZeTlXZW5CaGNtaG9kV1pzUmxocFRVbzFNMDR3Wmt4WGRYaHlkV2cxUWxCU1dFaEdkV04zWm05dFlYVnViemRGU0dkSVJqWjBiVEJ4Vm5NNWRta0tSMU5PUmtsQlpuQk5ZemN6WjAxNE1EZFBhbG93Um14YVoweFlZMVZGZGs5SFZsSldSM0ZaYmpGbGQwdzFNazV4YmpaWmF6WmlaWHBuYW05VFNUVjVhQW93WVV4S1EyaE5jbmxNVkRaQldFeHhaMGhKZFRScmVUaGhTazR4TWtsRVUyUndVRlpLZUUxMFJGWmxhVWh6U25nek4yVTNZM2s1UzNKUGRqaEtaRFJ1Q21kSmNsQlZWRmhZYm5kSlJFRlJRVUp2TUVsM1VVUkJUMEpuVGxaSVVUaENRV1k0UlVKQlRVTkJjVkYzUkhkWlJGWlNNRlJCVVVndlFrRlZkMEYzUlVJS0wzcEJaRUpuVGxaSVVUUkZSbWRSVlU1UlNraFpTR3BJWlhWVFNVNWhPWGhKVHpGelRsSnZjRmgzVVhkRVVWbEtTMjlhU1doMlkwNUJVVVZNUWxGQlJBcG5aMFZDUVVOSmJFbzFUMUZrTTJRM1ZGRktlRFZEUTBKNWJYRmFZbU5yVlUxYVJWbFdWRlZLYWxOSWJHTkJaMVEyWjBWaFRHbERVV2x1VlVsalJFMVdDbmszVld0MVduSlZaUzg0WWt4V1VrTkhNMUJKYUZZNUwwMTRhbVp0TDNjdlozVkZjMVJRVEZKdVJETkhUMGxKZDJseU9HWk9VR014VFV4Nk1sZGxWMEVLZUhoU2NsQndUbXRpTm14TVJWaDVNekpqY1ZWNFNGTjZLek5IUVRSVU5FMTFjMk0zYjI0d2QzWlpOMVo2VVhVNE5YWjRabGg1Vldsb0swYzVjazlSWXdvdlNrTXlOMUJIY2xJM1dGQTBOekJ6YkhSd2RHMTVjbmx1ZEdWSFVuWjJOME5NZEVaVFZEWkVhWFZOTUZwRFJuaGhNQ3R6T1hGMVJUSmtSRTgwVm14dENtZDNlVFpNV2pWNlpIWklWM2cySzFaMVpHeDBWR2hIY0ROd2JtRXlUVkVyWTFsWFNHcDBiVWRzWWpoUWR6ZHJNR3NyYVcxdU5Hb3hRMmhrTDFSV1RrZ0tlWEJ5WkVsMlZVRm9hVTB2TW5aSU5tVjNiMnRZYVZGR1JqQlZQUW90TFMwdExVVk9SQ0JEUlZKVVNVWkpRMEZVUlMwdExTMHRDZz09IiwidmVyaWZpY2F0aW9uIjp7fX1dfX0sInRpbWVvdXRzIjp7fSwidmVyc2lvbiI6IjIuMi4wIn0sIm5ldHdvcmtkIjp7fSwicGFzc3dkIjp7fSwic3RvcmFnZSI6e30sInN5c3RlbWQiOnt9fQo=\",\"verification\":{}}]},\"timeouts\":{},\"version\":\"2.1.0\"},\"networkd\":{},\"passwd\":{},\"storage\":{\"files\":[{\"filesystem\":\"root\",\"group\":{},\"path\":\"/etc/hostname\",\"user\":{},\"contents\":{\"source\":\"data:text/plain;charset=utf-8;base64,Y29tcHV0ZS0w\",\"verification\":{}},\"mode\":420},{\"filesystem\":\"root\",\"group\":{},\"path\":\"/etc/sysconfig/network-scripts/ifcfg-ens192\",\"user\":{},\"contents\":{\"source\":\"data:text/plain;charset=utf-8;base64,VFlQRT1FdGhlcm5ldApCT09UUFJPVE89bm9uZQpOQU1FPWVuczE5MgpERVZJQ0U9ZW5zMTkyCk9OQk9PVD15ZXMKSVBBRERSPTEwLjExNC4xNi4yMApQUkVGSVg9MjQKR0FURVdBWT0xMC4xMTQuMTYuMQpET01BSU49b2M0LmNvcnAubG9jYWwKRE5TMT0xLjEuMS4xCkROUzI9OS45LjkuOQo=\",\"verification\":{}},\"mode\":420}]},\"systemd\":{\"units\":[{\"contents\":\"[Unit]\\nConditionFirstBoot=yes\\n[Service]\\nType=idle\\nExecStart=/sbin/reboot\\n[Install]\\nWantedBy=multi-user.target\\n\",\"enabled\":true,\"name\":\"restart.service\"}]}}",
                            "systemd.#": "1",
                            "systemd.0": "2b2088c1732c1d1acffcbbe6386c2952e57ca2903cec0dc24bd4cb0f42abc300"
                        },
                        "meta": {},
                        "tainted": false
                    },
                    "deposed": [],
                    "provider": "module.compute.provider.ignition"
                },
                "data.ignition_config.ign.1": {
                    "type": "ignition_config",
                    "depends_on": [
                        "data.ignition_file.hostname.*",
                        "data.ignition_file.static_ip.*",
                        "data.ignition_systemd_unit.restart.*",
                        "local.ignition_encoded"
                    ],
                    "primary": {
                        "id": "efd030afab3fdf19c8151fa3d8b22e850cbe2f902490b4c2a159e90b725fa9cb",
                        "attributes": {
                            "append.#": "1",
                            "append.0.source": "data:text/plain;charset=utf-8;base64,eyJpZ25pdGlvbiI6eyJjb25maWciOnsiYXBwZW5kIjpbeyJzb3VyY2UiOiJodHRwczovL2FwaS1pbnQub2M0LmNvcnAubG9jYWw6MjI2MjMvY29uZmlnL3dvcmtlciIsInZlcmlmaWNhdGlvbiI6e319XX0sInNlY3VyaXR5Ijp7InRscyI6eyJjZXJ0aWZpY2F0ZUF1dGhvcml0aWVzIjpbeyJzb3VyY2UiOiJkYXRhOnRleHQvcGxhaW47Y2hhcnNldD11dGYtODtiYXNlNjQsTFMwdExTMUNSVWRKVGlCRFJWSlVTVVpKUTBGVVJTMHRMUzB0Q2sxSlNVUkZSRU5EUVdacFowRjNTVUpCWjBsSlZrMTBWV1E1YTJkRVdUUjNSRkZaU2t0dldrbG9kbU5PUVZGRlRFSlJRWGRLYWtWVFRVSkJSMEV4VlVVS1EzaE5TbUl6UW14aWJrNXZZVmRhTUUxU1FYZEVaMWxFVmxGUlJFVjNaSGxpTWprd1RGZE9hRTFDTkZoRVZFbDNUVVJaZVU5VVJUVk5lazE1VDBadldBcEVWRTEzVFVSWmVVNTZSVFZOZWsxNVQwWnZkMHBxUlZOTlFrRkhRVEZWUlVONFRVcGlNMEpzWW01T2IyRlhXakJOVWtGM1JHZFpSRlpSVVVSRmQyUjVDbUl5T1RCTVYwNW9UVWxKUWtscVFVNUNaMnR4YUd0cFJ6bDNNRUpCVVVWR1FVRlBRMEZST0VGTlNVbENRMmRMUTBGUlJVRjZNSGgxU2xGRlpEbDJPWGdLZDNwWE9FbDNjRFJCZGxoUE9FTnBPRTlhZWpJcmFrSlJjVlYxVDNsUk1ucFhVV3R1UWxSUFpYbFRhREZEY1VZNFoydGtVRmx3WlhoalZGWTNTQ3RFUVFwNFkyWlZkREo0UlhkMU56QTJhbTkzTHpkMWEyUXZWRkZPWjJRcmRtdHRkMDlLVDFGeFZtaFdNbGhzT1N0cE4zQlVObXhVUjBaaWJHcGhkVlJyUWxwTUNubEdZeTlXZW5CaGNtaG9kV1pzUmxocFRVbzFNMDR3Wmt4WGRYaHlkV2cxUWxCU1dFaEdkV04zWm05dFlYVnViemRGU0dkSVJqWjBiVEJ4Vm5NNWRta0tSMU5PUmtsQlpuQk5ZemN6WjAxNE1EZFBhbG93Um14YVoweFlZMVZGZGs5SFZsSldSM0ZaYmpGbGQwdzFNazV4YmpaWmF6WmlaWHBuYW05VFNUVjVhQW93WVV4S1EyaE5jbmxNVkRaQldFeHhaMGhKZFRScmVUaGhTazR4TWtsRVUyUndVRlpLZUUxMFJGWmxhVWh6U25nek4yVTNZM2s1UzNKUGRqaEtaRFJ1Q21kSmNsQlZWRmhZYm5kSlJFRlJRVUp2TUVsM1VVUkJUMEpuVGxaSVVUaENRV1k0UlVKQlRVTkJjVkYzUkhkWlJGWlNNRlJCVVVndlFrRlZkMEYzUlVJS0wzcEJaRUpuVGxaSVVUUkZSbWRSVlU1UlNraFpTR3BJWlhWVFNVNWhPWGhKVHpGelRsSnZjRmgzVVhkRVVWbEtTMjlhU1doMlkwNUJVVVZNUWxGQlJBcG5aMFZDUVVOSmJFbzFUMUZrTTJRM1ZGRktlRFZEUTBKNWJYRmFZbU5yVlUxYVJWbFdWRlZLYWxOSWJHTkJaMVEyWjBWaFRHbERVV2x1VlVsalJFMVdDbmszVld0MVduSlZaUzg0WWt4V1VrTkhNMUJKYUZZNUwwMTRhbVp0TDNjdlozVkZjMVJRVEZKdVJETkhUMGxKZDJseU9HWk9VR014VFV4Nk1sZGxWMEVLZUhoU2NsQndUbXRpTm14TVJWaDVNekpqY1ZWNFNGTjZLek5IUVRSVU5FMTFjMk0zYjI0d2QzWlpOMVo2VVhVNE5YWjRabGg1Vldsb0swYzVjazlSWXdvdlNrTXlOMUJIY2xJM1dGQTBOekJ6YkhSd2RHMTVjbmx1ZEdWSFVuWjJOME5NZEVaVFZEWkVhWFZOTUZwRFJuaGhNQ3R6T1hGMVJUSmtSRTgwVm14dENtZDNlVFpNV2pWNlpIWklWM2cySzFaMVpHeDBWR2hIY0ROd2JtRXlUVkVyWTFsWFNHcDBiVWRzWWpoUWR6ZHJNR3NyYVcxdU5Hb3hRMmhrTDFSV1RrZ0tlWEJ5WkVsMlZVRm9hVTB2TW5aSU5tVjNiMnRZYVZGR1JqQlZQUW90TFMwdExVVk9SQ0JEUlZKVVNVWkpRMEZVUlMwdExTMHRDZz09IiwidmVyaWZpY2F0aW9uIjp7fX1dfX0sInRpbWVvdXRzIjp7fSwidmVyc2lvbiI6IjIuMi4wIn0sIm5ldHdvcmtkIjp7fSwicGFzc3dkIjp7fSwic3RvcmFnZSI6e30sInN5c3RlbWQiOnt9fQo=",
                            "append.0.verification": "",
                            "files.#": "2",
                            "files.0": "1e97e2d3a67b78b2544f52624b027104ac05fa7935eb463cc91b2a41216a43fe",
                            "files.1": "b3791c37e95aaf3e71f84c6f1b77099a7a291a8cec1804e12dfad6ca85e503b6",
                            "id": "efd030afab3fdf19c8151fa3d8b22e850cbe2f902490b4c2a159e90b725fa9cb",
                            "rendered": "{\"ignition\":{\"config\":{\"append\":[{\"source\":\"data:text/plain;charset=utf-8;base64,eyJpZ25pdGlvbiI6eyJjb25maWciOnsiYXBwZW5kIjpbeyJzb3VyY2UiOiJodHRwczovL2FwaS1pbnQub2M0LmNvcnAubG9jYWw6MjI2MjMvY29uZmlnL3dvcmtlciIsInZlcmlmaWNhdGlvbiI6e319XX0sInNlY3VyaXR5Ijp7InRscyI6eyJjZXJ0aWZpY2F0ZUF1dGhvcml0aWVzIjpbeyJzb3VyY2UiOiJkYXRhOnRleHQvcGxhaW47Y2hhcnNldD11dGYtODtiYXNlNjQsTFMwdExTMUNSVWRKVGlCRFJWSlVTVVpKUTBGVVJTMHRMUzB0Q2sxSlNVUkZSRU5EUVdacFowRjNTVUpCWjBsSlZrMTBWV1E1YTJkRVdUUjNSRkZaU2t0dldrbG9kbU5PUVZGRlRFSlJRWGRLYWtWVFRVSkJSMEV4VlVVS1EzaE5TbUl6UW14aWJrNXZZVmRhTUUxU1FYZEVaMWxFVmxGUlJFVjNaSGxpTWprd1RGZE9hRTFDTkZoRVZFbDNUVVJaZVU5VVJUVk5lazE1VDBadldBcEVWRTEzVFVSWmVVNTZSVFZOZWsxNVQwWnZkMHBxUlZOTlFrRkhRVEZWUlVONFRVcGlNMEpzWW01T2IyRlhXakJOVWtGM1JHZFpSRlpSVVVSRmQyUjVDbUl5T1RCTVYwNW9UVWxKUWtscVFVNUNaMnR4YUd0cFJ6bDNNRUpCVVVWR1FVRlBRMEZST0VGTlNVbENRMmRMUTBGUlJVRjZNSGgxU2xGRlpEbDJPWGdLZDNwWE9FbDNjRFJCZGxoUE9FTnBPRTlhZWpJcmFrSlJjVlYxVDNsUk1ucFhVV3R1UWxSUFpYbFRhREZEY1VZNFoydGtVRmx3WlhoalZGWTNTQ3RFUVFwNFkyWlZkREo0UlhkMU56QTJhbTkzTHpkMWEyUXZWRkZPWjJRcmRtdHRkMDlLVDFGeFZtaFdNbGhzT1N0cE4zQlVObXhVUjBaaWJHcGhkVlJyUWxwTUNubEdZeTlXZW5CaGNtaG9kV1pzUmxocFRVbzFNMDR3Wmt4WGRYaHlkV2cxUWxCU1dFaEdkV04zWm05dFlYVnViemRGU0dkSVJqWjBiVEJ4Vm5NNWRta0tSMU5PUmtsQlpuQk5ZemN6WjAxNE1EZFBhbG93Um14YVoweFlZMVZGZGs5SFZsSldSM0ZaYmpGbGQwdzFNazV4YmpaWmF6WmlaWHBuYW05VFNUVjVhQW93WVV4S1EyaE5jbmxNVkRaQldFeHhaMGhKZFRScmVUaGhTazR4TWtsRVUyUndVRlpLZUUxMFJGWmxhVWh6U25nek4yVTNZM2s1UzNKUGRqaEtaRFJ1Q21kSmNsQlZWRmhZYm5kSlJFRlJRVUp2TUVsM1VVUkJUMEpuVGxaSVVUaENRV1k0UlVKQlRVTkJjVkYzUkhkWlJGWlNNRlJCVVVndlFrRlZkMEYzUlVJS0wzcEJaRUpuVGxaSVVUUkZSbWRSVlU1UlNraFpTR3BJWlhWVFNVNWhPWGhKVHpGelRsSnZjRmgzVVhkRVVWbEtTMjlhU1doMlkwNUJVVVZNUWxGQlJBcG5aMFZDUVVOSmJFbzFUMUZrTTJRM1ZGRktlRFZEUTBKNWJYRmFZbU5yVlUxYVJWbFdWRlZLYWxOSWJHTkJaMVEyWjBWaFRHbERVV2x1VlVsalJFMVdDbmszVld0MVduSlZaUzg0WWt4V1VrTkhNMUJKYUZZNUwwMTRhbVp0TDNjdlozVkZjMVJRVEZKdVJETkhUMGxKZDJseU9HWk9VR014VFV4Nk1sZGxWMEVLZUhoU2NsQndUbXRpTm14TVJWaDVNekpqY1ZWNFNGTjZLek5IUVRSVU5FMTFjMk0zYjI0d2QzWlpOMVo2VVhVNE5YWjRabGg1Vldsb0swYzVjazlSWXdvdlNrTXlOMUJIY2xJM1dGQTBOekJ6YkhSd2RHMTVjbmx1ZEdWSFVuWjJOME5NZEVaVFZEWkVhWFZOTUZwRFJuaGhNQ3R6T1hGMVJUSmtSRTgwVm14dENtZDNlVFpNV2pWNlpIWklWM2cySzFaMVpHeDBWR2hIY0ROd2JtRXlUVkVyWTFsWFNHcDBiVWRzWWpoUWR6ZHJNR3NyYVcxdU5Hb3hRMmhrTDFSV1RrZ0tlWEJ5WkVsMlZVRm9hVTB2TW5aSU5tVjNiMnRZYVZGR1JqQlZQUW90TFMwdExVVk9SQ0JEUlZKVVNVWkpRMEZVUlMwdExTMHRDZz09IiwidmVyaWZpY2F0aW9uIjp7fX1dfX0sInRpbWVvdXRzIjp7fSwidmVyc2lvbiI6IjIuMi4wIn0sIm5ldHdvcmtkIjp7fSwicGFzc3dkIjp7fSwic3RvcmFnZSI6e30sInN5c3RlbWQiOnt9fQo=\",\"verification\":{}}]},\"timeouts\":{},\"version\":\"2.1.0\"},\"networkd\":{},\"passwd\":{},\"storage\":{\"files\":[{\"filesystem\":\"root\",\"group\":{},\"path\":\"/etc/hostname\",\"user\":{},\"contents\":{\"source\":\"data:text/plain;charset=utf-8;base64,Y29tcHV0ZS0x\",\"verification\":{}},\"mode\":420},{\"filesystem\":\"root\",\"group\":{},\"path\":\"/etc/sysconfig/network-scripts/ifcfg-ens192\",\"user\":{},\"contents\":{\"source\":\"data:text/plain;charset=utf-8;base64,VFlQRT1FdGhlcm5ldApCT09UUFJPVE89bm9uZQpOQU1FPWVuczE5MgpERVZJQ0U9ZW5zMTkyCk9OQk9PVD15ZXMKSVBBRERSPTEwLjExNC4xNi4yMQpQUkVGSVg9MjQKR0FURVdBWT0xMC4xMTQuMTYuMQpET01BSU49b2M0LmNvcnAubG9jYWwKRE5TMT0xLjEuMS4xCkROUzI9OS45LjkuOQo=\",\"verification\":{}},\"mode\":420}]},\"systemd\":{\"units\":[{\"contents\":\"[Unit]\\nConditionFirstBoot=yes\\n[Service]\\nType=idle\\nExecStart=/sbin/reboot\\n[Install]\\nWantedBy=multi-user.target\\n\",\"enabled\":true,\"name\":\"restart.service\"}]}}",
                            "systemd.#": "1",
                            "systemd.0": "2b2088c1732c1d1acffcbbe6386c2952e57ca2903cec0dc24bd4cb0f42abc300"
                        },
                        "meta": {},
                        "tainted": false
                    },
                    "deposed": [],
                    "provider": "module.compute.provider.ignition"
                },
                "data.ignition_config.ign.2": {
                    "type": "ignition_config",
                    "depends_on": [
                        "data.ignition_file.hostname.*",
                        "data.ignition_file.static_ip.*",
                        "data.ignition_systemd_unit.restart.*",
                        "local.ignition_encoded"
                    ],
                    "primary": {
                        "id": "89de6621677e1a34471098500361012197b8e64d2f3772081e4e36bd69c38042",
                        "attributes": {
                            "append.#": "1",
                            "append.0.source": "data:text/plain;charset=utf-8;base64,eyJpZ25pdGlvbiI6eyJjb25maWciOnsiYXBwZW5kIjpbeyJzb3VyY2UiOiJodHRwczovL2FwaS1pbnQub2M0LmNvcnAubG9jYWw6MjI2MjMvY29uZmlnL3dvcmtlciIsInZlcmlmaWNhdGlvbiI6e319XX0sInNlY3VyaXR5Ijp7InRscyI6eyJjZXJ0aWZpY2F0ZUF1dGhvcml0aWVzIjpbeyJzb3VyY2UiOiJkYXRhOnRleHQvcGxhaW47Y2hhcnNldD11dGYtODtiYXNlNjQsTFMwdExTMUNSVWRKVGlCRFJWSlVTVVpKUTBGVVJTMHRMUzB0Q2sxSlNVUkZSRU5EUVdacFowRjNTVUpCWjBsSlZrMTBWV1E1YTJkRVdUUjNSRkZaU2t0dldrbG9kbU5PUVZGRlRFSlJRWGRLYWtWVFRVSkJSMEV4VlVVS1EzaE5TbUl6UW14aWJrNXZZVmRhTUUxU1FYZEVaMWxFVmxGUlJFVjNaSGxpTWprd1RGZE9hRTFDTkZoRVZFbDNUVVJaZVU5VVJUVk5lazE1VDBadldBcEVWRTEzVFVSWmVVNTZSVFZOZWsxNVQwWnZkMHBxUlZOTlFrRkhRVEZWUlVONFRVcGlNMEpzWW01T2IyRlhXakJOVWtGM1JHZFpSRlpSVVVSRmQyUjVDbUl5T1RCTVYwNW9UVWxKUWtscVFVNUNaMnR4YUd0cFJ6bDNNRUpCVVVWR1FVRlBRMEZST0VGTlNVbENRMmRMUTBGUlJVRjZNSGgxU2xGRlpEbDJPWGdLZDNwWE9FbDNjRFJCZGxoUE9FTnBPRTlhZWpJcmFrSlJjVlYxVDNsUk1ucFhVV3R1UWxSUFpYbFRhREZEY1VZNFoydGtVRmx3WlhoalZGWTNTQ3RFUVFwNFkyWlZkREo0UlhkMU56QTJhbTkzTHpkMWEyUXZWRkZPWjJRcmRtdHRkMDlLVDFGeFZtaFdNbGhzT1N0cE4zQlVObXhVUjBaaWJHcGhkVlJyUWxwTUNubEdZeTlXZW5CaGNtaG9kV1pzUmxocFRVbzFNMDR3Wmt4WGRYaHlkV2cxUWxCU1dFaEdkV04zWm05dFlYVnViemRGU0dkSVJqWjBiVEJ4Vm5NNWRta0tSMU5PUmtsQlpuQk5ZemN6WjAxNE1EZFBhbG93Um14YVoweFlZMVZGZGs5SFZsSldSM0ZaYmpGbGQwdzFNazV4YmpaWmF6WmlaWHBuYW05VFNUVjVhQW93WVV4S1EyaE5jbmxNVkRaQldFeHhaMGhKZFRScmVUaGhTazR4TWtsRVUyUndVRlpLZUUxMFJGWmxhVWh6U25nek4yVTNZM2s1UzNKUGRqaEtaRFJ1Q21kSmNsQlZWRmhZYm5kSlJFRlJRVUp2TUVsM1VVUkJUMEpuVGxaSVVUaENRV1k0UlVKQlRVTkJjVkYzUkhkWlJGWlNNRlJCVVVndlFrRlZkMEYzUlVJS0wzcEJaRUpuVGxaSVVUUkZSbWRSVlU1UlNraFpTR3BJWlhWVFNVNWhPWGhKVHpGelRsSnZjRmgzVVhkRVVWbEtTMjlhU1doMlkwNUJVVVZNUWxGQlJBcG5aMFZDUVVOSmJFbzFUMUZrTTJRM1ZGRktlRFZEUTBKNWJYRmFZbU5yVlUxYVJWbFdWRlZLYWxOSWJHTkJaMVEyWjBWaFRHbERVV2x1VlVsalJFMVdDbmszVld0MVduSlZaUzg0WWt4V1VrTkhNMUJKYUZZNUwwMTRhbVp0TDNjdlozVkZjMVJRVEZKdVJETkhUMGxKZDJseU9HWk9VR014VFV4Nk1sZGxWMEVLZUhoU2NsQndUbXRpTm14TVJWaDVNekpqY1ZWNFNGTjZLek5IUVRSVU5FMTFjMk0zYjI0d2QzWlpOMVo2VVhVNE5YWjRabGg1Vldsb0swYzVjazlSWXdvdlNrTXlOMUJIY2xJM1dGQTBOekJ6YkhSd2RHMTVjbmx1ZEdWSFVuWjJOME5NZEVaVFZEWkVhWFZOTUZwRFJuaGhNQ3R6T1hGMVJUSmtSRTgwVm14dENtZDNlVFpNV2pWNlpIWklWM2cySzFaMVpHeDBWR2hIY0ROd2JtRXlUVkVyWTFsWFNHcDBiVWRzWWpoUWR6ZHJNR3NyYVcxdU5Hb3hRMmhrTDFSV1RrZ0tlWEJ5WkVsMlZVRm9hVTB2TW5aSU5tVjNiMnRZYVZGR1JqQlZQUW90TFMwdExVVk9SQ0JEUlZKVVNVWkpRMEZVUlMwdExTMHRDZz09IiwidmVyaWZpY2F0aW9uIjp7fX1dfX0sInRpbWVvdXRzIjp7fSwidmVyc2lvbiI6IjIuMi4wIn0sIm5ldHdvcmtkIjp7fSwicGFzc3dkIjp7fSwic3RvcmFnZSI6e30sInN5c3RlbWQiOnt9fQo=",
                            "append.0.verification": "",
                            "files.#": "2",
                            "files.0": "cca261ede34b98f5c327426e47fdd9c2fc9b13a98b79d2754c64af648a2c0bb7",
                            "files.1": "987ca2795af08e7023f6fc5c58f38cb48a72016e10c62dc548a342f37fea047f",
                            "id": "89de6621677e1a34471098500361012197b8e64d2f3772081e4e36bd69c38042",
                            "rendered": "{\"ignition\":{\"config\":{\"append\":[{\"source\":\"data:text/plain;charset=utf-8;base64,eyJpZ25pdGlvbiI6eyJjb25maWciOnsiYXBwZW5kIjpbeyJzb3VyY2UiOiJodHRwczovL2FwaS1pbnQub2M0LmNvcnAubG9jYWw6MjI2MjMvY29uZmlnL3dvcmtlciIsInZlcmlmaWNhdGlvbiI6e319XX0sInNlY3VyaXR5Ijp7InRscyI6eyJjZXJ0aWZpY2F0ZUF1dGhvcml0aWVzIjpbeyJzb3VyY2UiOiJkYXRhOnRleHQvcGxhaW47Y2hhcnNldD11dGYtODtiYXNlNjQsTFMwdExTMUNSVWRKVGlCRFJWSlVTVVpKUTBGVVJTMHRMUzB0Q2sxSlNVUkZSRU5EUVdacFowRjNTVUpCWjBsSlZrMTBWV1E1YTJkRVdUUjNSRkZaU2t0dldrbG9kbU5PUVZGRlRFSlJRWGRLYWtWVFRVSkJSMEV4VlVVS1EzaE5TbUl6UW14aWJrNXZZVmRhTUUxU1FYZEVaMWxFVmxGUlJFVjNaSGxpTWprd1RGZE9hRTFDTkZoRVZFbDNUVVJaZVU5VVJUVk5lazE1VDBadldBcEVWRTEzVFVSWmVVNTZSVFZOZWsxNVQwWnZkMHBxUlZOTlFrRkhRVEZWUlVONFRVcGlNMEpzWW01T2IyRlhXakJOVWtGM1JHZFpSRlpSVVVSRmQyUjVDbUl5T1RCTVYwNW9UVWxKUWtscVFVNUNaMnR4YUd0cFJ6bDNNRUpCVVVWR1FVRlBRMEZST0VGTlNVbENRMmRMUTBGUlJVRjZNSGgxU2xGRlpEbDJPWGdLZDNwWE9FbDNjRFJCZGxoUE9FTnBPRTlhZWpJcmFrSlJjVlYxVDNsUk1ucFhVV3R1UWxSUFpYbFRhREZEY1VZNFoydGtVRmx3WlhoalZGWTNTQ3RFUVFwNFkyWlZkREo0UlhkMU56QTJhbTkzTHpkMWEyUXZWRkZPWjJRcmRtdHRkMDlLVDFGeFZtaFdNbGhzT1N0cE4zQlVObXhVUjBaaWJHcGhkVlJyUWxwTUNubEdZeTlXZW5CaGNtaG9kV1pzUmxocFRVbzFNMDR3Wmt4WGRYaHlkV2cxUWxCU1dFaEdkV04zWm05dFlYVnViemRGU0dkSVJqWjBiVEJ4Vm5NNWRta0tSMU5PUmtsQlpuQk5ZemN6WjAxNE1EZFBhbG93Um14YVoweFlZMVZGZGs5SFZsSldSM0ZaYmpGbGQwdzFNazV4YmpaWmF6WmlaWHBuYW05VFNUVjVhQW93WVV4S1EyaE5jbmxNVkRaQldFeHhaMGhKZFRScmVUaGhTazR4TWtsRVUyUndVRlpLZUUxMFJGWmxhVWh6U25nek4yVTNZM2s1UzNKUGRqaEtaRFJ1Q21kSmNsQlZWRmhZYm5kSlJFRlJRVUp2TUVsM1VVUkJUMEpuVGxaSVVUaENRV1k0UlVKQlRVTkJjVkYzUkhkWlJGWlNNRlJCVVVndlFrRlZkMEYzUlVJS0wzcEJaRUpuVGxaSVVUUkZSbWRSVlU1UlNraFpTR3BJWlhWVFNVNWhPWGhKVHpGelRsSnZjRmgzVVhkRVVWbEtTMjlhU1doMlkwNUJVVVZNUWxGQlJBcG5aMFZDUVVOSmJFbzFUMUZrTTJRM1ZGRktlRFZEUTBKNWJYRmFZbU5yVlUxYVJWbFdWRlZLYWxOSWJHTkJaMVEyWjBWaFRHbERVV2x1VlVsalJFMVdDbmszVld0MVduSlZaUzg0WWt4V1VrTkhNMUJKYUZZNUwwMTRhbVp0TDNjdlozVkZjMVJRVEZKdVJETkhUMGxKZDJseU9HWk9VR014VFV4Nk1sZGxWMEVLZUhoU2NsQndUbXRpTm14TVJWaDVNekpqY1ZWNFNGTjZLek5IUVRSVU5FMTFjMk0zYjI0d2QzWlpOMVo2VVhVNE5YWjRabGg1Vldsb0swYzVjazlSWXdvdlNrTXlOMUJIY2xJM1dGQTBOekJ6YkhSd2RHMTVjbmx1ZEdWSFVuWjJOME5NZEVaVFZEWkVhWFZOTUZwRFJuaGhNQ3R6T1hGMVJUSmtSRTgwVm14dENtZDNlVFpNV2pWNlpIWklWM2cySzFaMVpHeDBWR2hIY0ROd2JtRXlUVkVyWTFsWFNHcDBiVWRzWWpoUWR6ZHJNR3NyYVcxdU5Hb3hRMmhrTDFSV1RrZ0tlWEJ5WkVsMlZVRm9hVTB2TW5aSU5tVjNiMnRZYVZGR1JqQlZQUW90TFMwdExVVk9SQ0JEUlZKVVNVWkpRMEZVUlMwdExTMHRDZz09IiwidmVyaWZpY2F0aW9uIjp7fX1dfX0sInRpbWVvdXRzIjp7fSwidmVyc2lvbiI6IjIuMi4wIn0sIm5ldHdvcmtkIjp7fSwicGFzc3dkIjp7fSwic3RvcmFnZSI6e30sInN5c3RlbWQiOnt9fQo=\",\"verification\":{}}]},\"timeouts\":{},\"version\":\"2.1.0\"},\"networkd\":{},\"passwd\":{},\"storage\":{\"files\":[{\"filesystem\":\"root\",\"group\":{},\"path\":\"/etc/hostname\",\"user\":{},\"contents\":{\"source\":\"data:text/plain;charset=utf-8;base64,Y29tcHV0ZS0y\",\"verification\":{}},\"mode\":420},{\"filesystem\":\"root\",\"group\":{},\"path\":\"/etc/sysconfig/network-scripts/ifcfg-ens192\",\"user\":{},\"contents\":{\"source\":\"data:text/plain;charset=utf-8;base64,VFlQRT1FdGhlcm5ldApCT09UUFJPVE89bm9uZQpOQU1FPWVuczE5MgpERVZJQ0U9ZW5zMTkyCk9OQk9PVD15ZXMKSVBBRERSPTEwLjExNC4xNi4yMgpQUkVGSVg9MjQKR0FURVdBWT0xMC4xMTQuMTYuMQpET01BSU49b2M0LmNvcnAubG9jYWwKRE5TMT0xLjEuMS4xCkROUzI9OS45LjkuOQo=\",\"verification\":{}},\"mode\":420}]},\"systemd\":{\"units\":[{\"contents\":\"[Unit]\\nConditionFirstBoot=yes\\n[Service]\\nType=idle\\nExecStart=/sbin/reboot\\n[Install]\\nWantedBy=multi-user.target\\n\",\"enabled\":true,\"name\":\"restart.service\"}]}}",
                            "systemd.#": "1",
                            "systemd.0": "2b2088c1732c1d1acffcbbe6386c2952e57ca2903cec0dc24bd4cb0f42abc300"
                        },
                        "meta": {},
                        "tainted": false
                    },
                    "deposed": [],
                    "provider": "module.compute.provider.ignition"
                },
                "data.ignition_file.hostname.0": {
                    "type": "ignition_file",
                    "depends_on": [],
                    "primary": {
                        "id": "37cb0d6ae78c6a1605286cc8070f084949a99933a4320e111c37cf31e79127f7",
                        "attributes": {
                            "content.#": "1",
                            "content.0.content": "compute-0",
                            "content.0.mime": "text/plain",
                            "filesystem": "root",
                            "id": "37cb0d6ae78c6a1605286cc8070f084949a99933a4320e111c37cf31e79127f7",
                            "mode": "420",
                            "path": "/etc/hostname"
                        },
                        "meta": {},
                        "tainted": false
                    },
                    "deposed": [],
                    "provider": "module.compute.provider.ignition"
                },
                "data.ignition_file.hostname.1": {
                    "type": "ignition_file",
                    "depends_on": [],
                    "primary": {
                        "id": "1e97e2d3a67b78b2544f52624b027104ac05fa7935eb463cc91b2a41216a43fe",
                        "attributes": {
                            "content.#": "1",
                            "content.0.content": "compute-1",
                            "content.0.mime": "text/plain",
                            "filesystem": "root",
                            "id": "1e97e2d3a67b78b2544f52624b027104ac05fa7935eb463cc91b2a41216a43fe",
                            "mode": "420",
                            "path": "/etc/hostname"
                        },
                        "meta": {},
                        "tainted": false
                    },
                    "deposed": [],
                    "provider": "module.compute.provider.ignition"
                },
                "data.ignition_file.hostname.2": {
                    "type": "ignition_file",
                    "depends_on": [],
                    "primary": {
                        "id": "cca261ede34b98f5c327426e47fdd9c2fc9b13a98b79d2754c64af648a2c0bb7",
                        "attributes": {
                            "content.#": "1",
                            "content.0.content": "compute-2",
                            "content.0.mime": "text/plain",
                            "filesystem": "root",
                            "id": "cca261ede34b98f5c327426e47fdd9c2fc9b13a98b79d2754c64af648a2c0bb7",
                            "mode": "420",
                            "path": "/etc/hostname"
                        },
                        "meta": {},
                        "tainted": false
                    },
                    "deposed": [],
                    "provider": "module.compute.provider.ignition"
                },
                "data.ignition_file.static_ip.0": {
                    "type": "ignition_file",
                    "depends_on": [
                        "local.gw",
                        "local.ip_addresses",
                        "local.mask"
                    ],
                    "primary": {
                        "id": "3ee19ee4b2ad31330e80e72312420bd45b30d7bf50db256a2822e892eab7c150",
                        "attributes": {
                            "content.#": "1",
                            "content.0.content": "TYPE=Ethernet\nBOOTPROTO=none\nNAME=ens192\nDEVICE=ens192\nONBOOT=yes\nIPADDR=10.114.16.20\nPREFIX=24\nGATEWAY=10.114.16.1\nDOMAIN=oc4.corp.local\nDNS1=1.1.1.1\nDNS2=9.9.9.9\n",
                            "content.0.mime": "text/plain",
                            "filesystem": "root",
                            "id": "3ee19ee4b2ad31330e80e72312420bd45b30d7bf50db256a2822e892eab7c150",
                            "mode": "420",
                            "path": "/etc/sysconfig/network-scripts/ifcfg-ens192"
                        },
                        "meta": {},
                        "tainted": false
                    },
                    "deposed": [],
                    "provider": "module.compute.provider.ignition"
                },
                "data.ignition_file.static_ip.1": {
                    "type": "ignition_file",
                    "depends_on": [
                        "local.gw",
                        "local.ip_addresses",
                        "local.mask"
                    ],
                    "primary": {
                        "id": "b3791c37e95aaf3e71f84c6f1b77099a7a291a8cec1804e12dfad6ca85e503b6",
                        "attributes": {
                            "content.#": "1",
                            "content.0.content": "TYPE=Ethernet\nBOOTPROTO=none\nNAME=ens192\nDEVICE=ens192\nONBOOT=yes\nIPADDR=10.114.16.21\nPREFIX=24\nGATEWAY=10.114.16.1\nDOMAIN=oc4.corp.local\nDNS1=1.1.1.1\nDNS2=9.9.9.9\n",
                            "content.0.mime": "text/plain",
                            "filesystem": "root",
                            "id": "b3791c37e95aaf3e71f84c6f1b77099a7a291a8cec1804e12dfad6ca85e503b6",
                            "mode": "420",
                            "path": "/etc/sysconfig/network-scripts/ifcfg-ens192"
                        },
                        "meta": {},
                        "tainted": false
                    },
                    "deposed": [],
                    "provider": "module.compute.provider.ignition"
                },
                "data.ignition_file.static_ip.2": {
                    "type": "ignition_file",
                    "depends_on": [
                        "local.gw",
                        "local.ip_addresses",
                        "local.mask"
                    ],
                    "primary": {
                        "id": "987ca2795af08e7023f6fc5c58f38cb48a72016e10c62dc548a342f37fea047f",
                        "attributes": {
                            "content.#": "1",
                            "content.0.content": "TYPE=Ethernet\nBOOTPROTO=none\nNAME=ens192\nDEVICE=ens192\nONBOOT=yes\nIPADDR=10.114.16.22\nPREFIX=24\nGATEWAY=10.114.16.1\nDOMAIN=oc4.corp.local\nDNS1=1.1.1.1\nDNS2=9.9.9.9\n",
                            "content.0.mime": "text/plain",
                            "filesystem": "root",
                            "id": "987ca2795af08e7023f6fc5c58f38cb48a72016e10c62dc548a342f37fea047f",
                            "mode": "420",
                            "path": "/etc/sysconfig/network-scripts/ifcfg-ens192"
                        },
                        "meta": {},
                        "tainted": false
                    },
                    "deposed": [],
                    "provider": "module.compute.provider.ignition"
                },
                "data.ignition_systemd_unit.restart.0": {
                    "type": "ignition_systemd_unit",
                    "depends_on": [],
                    "primary": {
                        "id": "2b2088c1732c1d1acffcbbe6386c2952e57ca2903cec0dc24bd4cb0f42abc300",
                        "attributes": {
                            "content": "[Unit]\nConditionFirstBoot=yes\n[Service]\nType=idle\nExecStart=/sbin/reboot\n[Install]\nWantedBy=multi-user.target\n",
                            "enabled": "true",
                            "id": "2b2088c1732c1d1acffcbbe6386c2952e57ca2903cec0dc24bd4cb0f42abc300",
                            "name": "restart.service"
                        },
                        "meta": {},
                        "tainted": false
                    },
                    "deposed": [],
                    "provider": "module.compute.provider.ignition"
                },
                "data.ignition_systemd_unit.restart.1": {
                    "type": "ignition_systemd_unit",
                    "depends_on": [],
                    "primary": {
                        "id": "2b2088c1732c1d1acffcbbe6386c2952e57ca2903cec0dc24bd4cb0f42abc300",
                        "attributes": {
                            "content": "[Unit]\nConditionFirstBoot=yes\n[Service]\nType=idle\nExecStart=/sbin/reboot\n[Install]\nWantedBy=multi-user.target\n",
                            "enabled": "true",
                            "id": "2b2088c1732c1d1acffcbbe6386c2952e57ca2903cec0dc24bd4cb0f42abc300",
                            "name": "restart.service"
                        },
                        "meta": {},
                        "tainted": false
                    },
                    "deposed": [],
                    "provider": "module.compute.provider.ignition"
                },
                "data.ignition_systemd_unit.restart.2": {
                    "type": "ignition_systemd_unit",
                    "depends_on": [],
                    "primary": {
                        "id": "2b2088c1732c1d1acffcbbe6386c2952e57ca2903cec0dc24bd4cb0f42abc300",
                        "attributes": {
                            "content": "[Unit]\nConditionFirstBoot=yes\n[Service]\nType=idle\nExecStart=/sbin/reboot\n[Install]\nWantedBy=multi-user.target\n",
                            "enabled": "true",
                            "id": "2b2088c1732c1d1acffcbbe6386c2952e57ca2903cec0dc24bd4cb0f42abc300",
                            "name": "restart.service"
                        },
                        "meta": {},
                        "tainted": false
                    },
                    "deposed": [],
                    "provider": "module.compute.provider.ignition"
                },
                "data.vsphere_datastore.datastore": {
                    "type": "vsphere_datastore",
                    "depends_on": [],
                    "primary": {
                        "id": "datastore-189",
                        "attributes": {
                            "datacenter_id": "datacenter-21",
                            "id": "datastore-189",
                            "name": "iscsi"
                        },
                        "meta": {},
                        "tainted": false
                    },
                    "deposed": [],
                    "provider": "provider.vsphere"
                },
                "data.vsphere_network.network": {
                    "type": "vsphere_network",
                    "depends_on": [],
                    "primary": {
                        "id": "network-o396",
                        "attributes": {
                            "datacenter_id": "datacenter-21",
                            "id": "network-o396",
                            "name": "ocp4-segment",
                            "type": "OpaqueNetwork"
                        },
                        "meta": {},
                        "tainted": false
                    },
                    "deposed": [],
                    "provider": "provider.vsphere"
                },
                "data.vsphere_virtual_machine.template": {
                    "type": "vsphere_virtual_machine",
                    "depends_on": [],
                    "primary": {
                        "id": "4225e7f3-c99f-0daf-e952-67de92691a74",
                        "attributes": {
                            "alternate_guest_name": "",
                            "datacenter_id": "datacenter-21",
                            "disks.#": "1",
                            "disks.0.eagerly_scrub": "false",
                            "disks.0.size": "16",
                            "disks.0.thin_provisioned": "true",
                            "firmware": "bios",
                            "guest_id": "rhel7_64Guest",
                            "guest_ip_addresses.#": "0",
                            "id": "4225e7f3-c99f-0daf-e952-67de92691a74",
                            "name": "RH",
                            "network_interface_types.#": "1",
                            "network_interface_types.0": "vmxnet3",
                            "scsi_bus_sharing": "noSharing",
                            "scsi_controller_scan_count": "1",
                            "scsi_type": "pvscsi"
                        },
                        "meta": {},
                        "tainted": false
                    },
                    "deposed": [],
                    "provider": "provider.vsphere"
                },
                "vsphere_virtual_machine.vm.0": {
                    "type": "vsphere_virtual_machine",
                    "depends_on": [
                        "data.ignition_config.ign.*",
                        "data.vsphere_datastore.datastore",
                        "data.vsphere_network.network",
                        "data.vsphere_virtual_machine.template"
                    ],
                    "primary": {
                        "id": "42251066-d683-0a92-e027-3c73f807eb43",
                        "attributes": {
                            "alternate_guest_name": "",
                            "annotation": "",
                            "boot_delay": "0",
                            "boot_retry_delay": "10000",
                            "boot_retry_enabled": "false",
                            "cdrom.#": "0",
                            "change_version": "2020-06-29T19:39:02.122041Z",
                            "clone.#": "1",
                            "clone.0.customize.#": "0",
                            "clone.0.linked_clone": "false",
                            "clone.0.ovf_network_map.%": "0",
                            "clone.0.ovf_storage_map.%": "0",
                            "clone.0.template_uuid": "4225e7f3-c99f-0daf-e952-67de92691a74",
                            "clone.0.timeout": "30",
                            "cpu_hot_add_enabled": "false",
                            "cpu_hot_remove_enabled": "false",
                            "cpu_limit": "-1",
                            "cpu_performance_counters_enabled": "false",
                            "cpu_reservation": "0",
                            "cpu_share_count": "4000",
                            "cpu_share_level": "normal",
                            "custom_attributes.%": "0",
                            "datastore_id": "datastore-189",
                            "disk.#": "1",
                            "disk.0.attach": "false",
                            "disk.0.datastore_id": "datastore-189",
                            "disk.0.device_address": "scsi:0:0",
                            "disk.0.disk_mode": "persistent",
                            "disk.0.disk_sharing": "sharingNone",
                            "disk.0.eagerly_scrub": "false",
                            "disk.0.io_limit": "-1",
                            "disk.0.io_reservation": "0",
                            "disk.0.io_share_count": "1000",
                            "disk.0.io_share_level": "normal",
                            "disk.0.keep_on_remove": "false",
                            "disk.0.key": "2000",
                            "disk.0.label": "disk0",
                            "disk.0.name": "",
                            "disk.0.path": "compute-0/compute-0.vmdk",
                            "disk.0.size": "60",
                            "disk.0.storage_policy_id": "",
                            "disk.0.thin_provisioned": "true",
                            "disk.0.unit_number": "0",
                            "disk.0.uuid": "6000C291-b808-7248-b361-01273dbef774",
                            "disk.0.write_through": "false",
                            "efi_secure_boot_enabled": "false",
                            "enable_disk_uuid": "true",
                            "enable_logging": "false",
                            "ept_rvi_mode": "automatic",
                            "extra_config.%": "0",
                            "firmware": "bios",
                            "folder": "oc4",
                            "force_power_off": "true",
                            "guest_id": "rhel7_64Guest",
                            "guest_ip_addresses.#": "0",
                            "hardware_version": "13",
                            "host_system_id": "host-34",
                            "hv_mode": "hvAuto",
                            "id": "42251066-d683-0a92-e027-3c73f807eb43",
                            "latency_sensitivity": "normal",
                            "memory": "8192",
                            "memory_hot_add_enabled": "false",
                            "memory_limit": "-1",
                            "memory_reservation": "0",
                            "memory_share_count": "81920",
                            "memory_share_level": "normal",
                            "migrate_wait_timeout": "30",
                            "moid": "vm-438",
                            "name": "compute-0",
                            "nested_hv_enabled": "false",
                            "network_interface.#": "1",
                            "network_interface.0.adapter_type": "vmxnet3",
                            "network_interface.0.bandwidth_limit": "-1",
                            "network_interface.0.bandwidth_reservation": "0",
                            "network_interface.0.bandwidth_share_count": "50",
                            "network_interface.0.bandwidth_share_level": "normal",
                            "network_interface.0.device_address": "pci:0:7",
                            "network_interface.0.key": "4000",
                            "network_interface.0.mac_address": "00:50:56:a5:95:5c",
                            "network_interface.0.network_id": "network-o396",
                            "network_interface.0.ovf_mapping": "",
                            "network_interface.0.use_static_mac": "false",
                            "num_cores_per_socket": "1",
                            "num_cpus": "4",
                            "pci_device_id.#": "0",
                            "poweron_timeout": "300",
                            "reboot_required": "false",
                            "resource_pool_id": "resgroup-434",
                            "run_tools_scripts_after_power_on": "true",
                            "run_tools_scripts_after_resume": "true",
                            "run_tools_scripts_before_guest_reboot": "false",
                            "run_tools_scripts_before_guest_shutdown": "true",
                            "run_tools_scripts_before_guest_standby": "true",
                            "scsi_bus_sharing": "noSharing",
                            "scsi_controller_count": "1",
                            "scsi_type": "pvscsi",
                            "shutdown_wait_timeout": "3",
                            "storage_policy_id": "",
                            "swap_placement_policy": "inherit",
                            "sync_time_with_host": "false",
                            "tags.#": "0",
                            "uuid": "42251066-d683-0a92-e027-3c73f807eb43",
                            "vapp.#": "1",
                            "vapp.0.properties.%": "2",
                            "vapp.0.properties.guestinfo.ignition.config.data": "eyJpZ25pdGlvbiI6eyJjb25maWciOnsiYXBwZW5kIjpbeyJzb3VyY2UiOiJkYXRhOnRleHQvcGxhaW47Y2hhcnNldD11dGYtODtiYXNlNjQsZXlKcFoyNXBkR2x2YmlJNmV5SmpiMjVtYVdjaU9uc2lZWEJ3Wlc1a0lqcGJleUp6YjNWeVkyVWlPaUpvZEhSd2N6b3ZMMkZ3YVMxcGJuUXViMk0wTG1OdmNuQXViRzlqWVd3Nk1qSTJNak12WTI5dVptbG5MM2R2Y210bGNpSXNJblpsY21sbWFXTmhkR2x2YmlJNmUzMTlYWDBzSW5ObFkzVnlhWFI1SWpwN0luUnNjeUk2ZXlKalpYSjBhV1pwWTJGMFpVRjFkR2h2Y21sMGFXVnpJanBiZXlKemIzVnlZMlVpT2lKa1lYUmhPblJsZUhRdmNHeGhhVzQ3WTJoaGNuTmxkRDExZEdZdE9EdGlZWE5sTmpRc1RGTXdkRXhUTVVOU1ZXUktWR2xDUkZKV1NsVlRWVnBLVVRCR1ZWSlRNSFJNVXpCMFEyc3hTbE5WVWtaU1JVNUVVVmRhY0Zvd1JqTlRWVXBDV2pCc1NsWnJNVEJXVjFFMVlUSmtSVmRVVWpOU1JrWmFVMnQwZGxkcmJHOWtiVTVQVVZaR1JsUkZTbEpSV0dSTFlXdFdWRlJWU2tKU01FVjRWbFZWUzFFemFFNVRiVWw2VVcxNGFXSnJOWFpaVm1SaFRVVXhVMUZZWkVWYU1XeEZWbXhHVWxKRlZqTmFTR3hwVFdwcmQxUkdaRTloUlRGRFRrWm9SVlpGYkROVVZWSmFaVlU1VlZKVVZrNWxhekUxVkRCYWRsZEJjRVZXUlRFelZGVlNXbVZWTlRaU1ZGWk9aV3N4TlZRd1duWmtNSEJ4VWxaT1RsRnJSa2hSVkVaV1VsVk9ORlJWY0dsTk1FcHpXVzAxVDJJeVJsaFhha0pPVld0R00xSkhaRnBTUmxwU1ZWVlNSbVF5VWpWRGJVbDVUMVJDVFZZd05XOVVWV3hLVVd0c2NWRlZOVU5hTW5SNFlVZDBjRko2YkROTlJVcENWVlZXUjFGVlJsQlJNRVpTVDBWR1RsTlZiRU5STW1STVVUQkdVbEpWUmpaTlNHZ3hVMnhHUmxwRWJESlBXR2RMWkROd1dFOUZiRE5qUkZKQ1pHeG9VRTlGVG5CUFJUbGhaV3BKY21GclNsSmpWbFl4VkROc1VrMXVjRmhWVjNSMVVXeFNVRnBZYkZSaFJFWkVZMVZaTkZveWRHdFZSbXgzV2xob2FsWkdXVE5UUTNSRlVWRndORmt5V2xaa1JFbzBVbGhrTVU1NlFUSmhiVGt6VEhwa01XRXlVWFpXUmtaUFdqSlJjbVJ0ZEhSa01EbExWREZHZUZadGFGZE5iR2h6VDFOMGNFNHpRbFZPYlhoVlVqQmFhV0pIY0doa1ZsSnlVV3h3VFVOdWJFZFplVGxYWlc1Q2FHTnRhRzlrVjFwelVteG9jRlJWYnpGTk1EUjNXbXQ0V0dSWWFIbGtWMmN4VVd4Q1UxZEZhRWRrVjA0eldtMDVkRmxZVm5WaWVtUkdVMGRrU1ZKcVdqQmlWRUo0Vm01Tk5XUnRhMHRTTVU1UFVtdHNRbHB1UWs1WmVtTjZXakF4TkUxRVpGQmhiRzkzVW0xNFlWb3dlRmxaTVZaR1pHczVTRlpzU2xkU00wWmFZbXBHYkdRd2R6Rk5helY0WW1wYVdtRjZXbWxhV0hCdVlXMDVWRk5VVmpWaFFXOTNXVlY0UzFFeWFFNWpibXhOVmtSYVFsZEZlSGhhTUdoS1pGUlNjbVZVYUdoVGF6UjRUV3RzUlZVeVVuZFZSbHBMWlVVeE1GSkdXbXhoVldoNlUyNW5lazR5VlROWk0yczFVek5LVUdScWFFdGFSRkoxUTIxa1NtTnNRbFpXUm1oWlltNWtTbEpGUmxKUlZVcDJUVVZzTTFWVlVrSlVNRXB1Vkd4YVNWVlVhRU5SVjFrMFVsVktRbFJWVGtKalZrWXpVa2hrV2xKR1dsTk5SbEpDVlZWbmRsRnJSbFprTUVZelVsVkpTMHd6Y0VKYVJVcHVWR3hhU1ZWVVVrWlNiV1JTVmxVMVVsTnJhRnBUUjNCSldsaFdWRk5WTldoUFdHaEtWSHBHZWxSc1NuWmpSbWd6VlZoa1JWVldiRXRUTWpsaFUxZG9NbGt3TlVKVlZWWk5VV3hHUWxKQmNHNWFNRlpEVVZWT1NtSkZiekZVTVVaclRUSlJNMVpHUmt0bFJGWkVVVEJLTldKWVJtRlpiVTV5VmxVeFlWSldiRmRXUmxaTFlXeE9TV0pIVGtKYU1WRXlXakJXYUZSSGJFUlZWMngxVmxWc2FsSkZNVmREYm1zelZsZDBNVmR1U2xaYVV6ZzBXV3Q0VjFWclRraE5NVUpLWVVaWk5Vd3dNVFJoYlZwMFRETmpkbG96Vmtaak1WSlJWRVpLZFZKRVRraFVNR3hLWkRKc2VVOUhXazlWUjAxNFZGVjROazFzWkd4V01FVkxaVWhvVTJOc1FuZFViWFJwVG0xNFRWSldhRFZOZWtwcVkxWldORk5HVGpaTGVrNUlVVlJTVlU1Rk1URmpNazB6WWpJMGQyUXpXbHBPTVZvMlZWaFZORTVZV2pSYWJHZzFWbGRzYjBzd1l6VmphemxTV1hkdmRsTnJUWGxPTVVKSVkyeEpNMWRHUVRCT2VrSjZZa2hTZDJSSE1UVmpibXgxWkVkV1NGVnVXakpPTUU1TlpFVmFWRlpFV2tWaFdGWk9UVVp3UkZKdWFHaE5RM1I2VDFoR01WSlVTbXRTUlRnd1ZtMTRkRU50WkRObFZGcE5WMnBXTmxwSVdrbFdNMmN5U3pGYU1WcEhlREJXUjJoSVkwUk9kMkp0UlhsVVZrVnlXVEZzV0ZOSGNEQmlWV1J6V1dwb1VXUjZaSEpOUjNOeVlWY3hkVTVIYjNoUk1taHJUREZTVjFSclowdGxXRUo1V2tWc01sWlZSbTloVlRCMlRXNWFTVTV0VmpOaU1uUlpZVlpHUjFKcVFsWlFVVzkwVEZNd2RFeFZWazlTUTBKRVVsWktWVk5WV2twUk1FWlZVbE13ZEV4VE1IUkRaejA5SWl3aWRtVnlhV1pwWTJGMGFXOXVJanA3ZlgxZGZYMHNJblJwYldWdmRYUnpJanA3ZlN3aWRtVnljMmx2YmlJNklqSXVNaTR3SW4wc0ltNWxkSGR2Y210a0lqcDdmU3dpY0dGemMzZGtJanA3ZlN3aWMzUnZjbUZuWlNJNmUzMHNJbk41YzNSbGJXUWlPbnQ5ZlFvPSIsInZlcmlmaWNhdGlvbiI6e319XX0sInRpbWVvdXRzIjp7fSwidmVyc2lvbiI6IjIuMS4wIn0sIm5ldHdvcmtkIjp7fSwicGFzc3dkIjp7fSwic3RvcmFnZSI6eyJmaWxlcyI6W3siZmlsZXN5c3RlbSI6InJvb3QiLCJncm91cCI6e30sInBhdGgiOiIvZXRjL2hvc3RuYW1lIiwidXNlciI6e30sImNvbnRlbnRzIjp7InNvdXJjZSI6ImRhdGE6dGV4dC9wbGFpbjtjaGFyc2V0PXV0Zi04O2Jhc2U2NCxZMjl0Y0hWMFpTMHciLCJ2ZXJpZmljYXRpb24iOnt9fSwibW9kZSI6NDIwfSx7ImZpbGVzeXN0ZW0iOiJyb290IiwiZ3JvdXAiOnt9LCJwYXRoIjoiL2V0Yy9zeXNjb25maWcvbmV0d29yay1zY3JpcHRzL2lmY2ZnLWVuczE5MiIsInVzZXIiOnt9LCJjb250ZW50cyI6eyJzb3VyY2UiOiJkYXRhOnRleHQvcGxhaW47Y2hhcnNldD11dGYtODtiYXNlNjQsVkZsUVJUMUZkR2hsY201bGRBcENUMDlVVUZKUFZFODlibTl1WlFwT1FVMUZQV1Z1Y3pFNU1ncEVSVlpKUTBVOVpXNXpNVGt5Q2s5T1FrOVBWRDE1WlhNS1NWQkJSRVJTUFRFd0xqRXhOQzR4Tmk0eU1BcFFVa1ZHU1ZnOU1qUUtSMEZVUlZkQldUMHhNQzR4TVRRdU1UWXVNUXBFVDAxQlNVNDliMk0wTG1OdmNuQXViRzlqWVd3S1JFNVRNVDB4TGpFdU1TNHhDa1JPVXpJOU9TNDVMamt1T1FvPSIsInZlcmlmaWNhdGlvbiI6e319LCJtb2RlIjo0MjB9XX0sInN5c3RlbWQiOnsidW5pdHMiOlt7ImNvbnRlbnRzIjoiW1VuaXRdXG5Db25kaXRpb25GaXJzdEJvb3Q9eWVzXG5bU2VydmljZV1cblR5cGU9aWRsZVxuRXhlY1N0YXJ0PS9zYmluL3JlYm9vdFxuW0luc3RhbGxdXG5XYW50ZWRCeT1tdWx0aS11c2VyLnRhcmdldFxuIiwiZW5hYmxlZCI6dHJ1ZSwibmFtZSI6InJlc3RhcnQuc2VydmljZSJ9XX19",
                            "vapp.0.properties.guestinfo.ignition.config.data.encoding": "base64",
                            "vapp_transport.#": "1",
                            "vapp_transport.0": "com.vmware.guestInfo",
                            "vmware_tools_status": "guestToolsNotRunning",
                            "vmx_path": "compute-0/compute-0.vmx",
                            "wait_for_guest_ip_timeout": "0",
                            "wait_for_guest_net_routable": "false",
                            "wait_for_guest_net_timeout": "0"
                        },
                        "meta": {
                            "schema_version": "3"
                        },
                        "tainted": false
                    },
                    "deposed": [],
                    "provider": "provider.vsphere"
                },
                "vsphere_virtual_machine.vm.1": {
                    "type": "vsphere_virtual_machine",
                    "depends_on": [
                        "data.ignition_config.ign.*",
                        "data.vsphere_datastore.datastore",
                        "data.vsphere_network.network",
                        "data.vsphere_virtual_machine.template"
                    ],
                    "primary": {
                        "id": "42256055-054a-68ba-4b44-114b3c5be0a8",
                        "attributes": {
                            "alternate_guest_name": "",
                            "annotation": "",
                            "boot_delay": "0",
                            "boot_retry_delay": "10000",
                            "boot_retry_enabled": "false",
                            "cdrom.#": "0",
                            "change_version": "2020-06-29T19:39:00.854337Z",
                            "clone.#": "1",
                            "clone.0.customize.#": "0",
                            "clone.0.linked_clone": "false",
                            "clone.0.ovf_network_map.%": "0",
                            "clone.0.ovf_storage_map.%": "0",
                            "clone.0.template_uuid": "4225e7f3-c99f-0daf-e952-67de92691a74",
                            "clone.0.timeout": "30",
                            "cpu_hot_add_enabled": "false",
                            "cpu_hot_remove_enabled": "false",
                            "cpu_limit": "-1",
                            "cpu_performance_counters_enabled": "false",
                            "cpu_reservation": "0",
                            "cpu_share_count": "4000",
                            "cpu_share_level": "normal",
                            "custom_attributes.%": "0",
                            "datastore_id": "datastore-189",
                            "disk.#": "1",
                            "disk.0.attach": "false",
                            "disk.0.datastore_id": "datastore-189",
                            "disk.0.device_address": "scsi:0:0",
                            "disk.0.disk_mode": "persistent",
                            "disk.0.disk_sharing": "sharingNone",
                            "disk.0.eagerly_scrub": "false",
                            "disk.0.io_limit": "-1",
                            "disk.0.io_reservation": "0",
                            "disk.0.io_share_count": "1000",
                            "disk.0.io_share_level": "normal",
                            "disk.0.keep_on_remove": "false",
                            "disk.0.key": "2000",
                            "disk.0.label": "disk0",
                            "disk.0.name": "",
                            "disk.0.path": "compute-1/compute-1.vmdk",
                            "disk.0.size": "60",
                            "disk.0.storage_policy_id": "",
                            "disk.0.thin_provisioned": "true",
                            "disk.0.unit_number": "0",
                            "disk.0.uuid": "6000C29f-d804-370e-c0ca-e01277b82bcb",
                            "disk.0.write_through": "false",
                            "efi_secure_boot_enabled": "false",
                            "enable_disk_uuid": "true",
                            "enable_logging": "false",
                            "ept_rvi_mode": "automatic",
                            "extra_config.%": "0",
                            "firmware": "bios",
                            "folder": "oc4",
                            "force_power_off": "true",
                            "guest_id": "rhel7_64Guest",
                            "guest_ip_addresses.#": "0",
                            "hardware_version": "13",
                            "host_system_id": "host-34",
                            "hv_mode": "hvAuto",
                            "id": "42256055-054a-68ba-4b44-114b3c5be0a8",
                            "latency_sensitivity": "normal",
                            "memory": "8192",
                            "memory_hot_add_enabled": "false",
                            "memory_limit": "-1",
                            "memory_reservation": "0",
                            "memory_share_count": "81920",
                            "memory_share_level": "normal",
                            "migrate_wait_timeout": "30",
                            "moid": "vm-436",
                            "name": "compute-1",
                            "nested_hv_enabled": "false",
                            "network_interface.#": "1",
                            "network_interface.0.adapter_type": "vmxnet3",
                            "network_interface.0.bandwidth_limit": "-1",
                            "network_interface.0.bandwidth_reservation": "0",
                            "network_interface.0.bandwidth_share_count": "50",
                            "network_interface.0.bandwidth_share_level": "normal",
                            "network_interface.0.device_address": "pci:0:7",
                            "network_interface.0.key": "4000",
                            "network_interface.0.mac_address": "00:50:56:a5:86:10",
                            "network_interface.0.network_id": "network-o396",
                            "network_interface.0.ovf_mapping": "",
                            "network_interface.0.use_static_mac": "false",
                            "num_cores_per_socket": "1",
                            "num_cpus": "4",
                            "pci_device_id.#": "0",
                            "poweron_timeout": "300",
                            "reboot_required": "false",
                            "resource_pool_id": "resgroup-434",
                            "run_tools_scripts_after_power_on": "true",
                            "run_tools_scripts_after_resume": "true",
                            "run_tools_scripts_before_guest_reboot": "false",
                            "run_tools_scripts_before_guest_shutdown": "true",
                            "run_tools_scripts_before_guest_standby": "true",
                            "scsi_bus_sharing": "noSharing",
                            "scsi_controller_count": "1",
                            "scsi_type": "pvscsi",
                            "shutdown_wait_timeout": "3",
                            "storage_policy_id": "",
                            "swap_placement_policy": "inherit",
                            "sync_time_with_host": "false",
                            "tags.#": "0",
                            "uuid": "42256055-054a-68ba-4b44-114b3c5be0a8",
                            "vapp.#": "1",
                            "vapp.0.properties.%": "2",
                            "vapp.0.properties.guestinfo.ignition.config.data": "eyJpZ25pdGlvbiI6eyJjb25maWciOnsiYXBwZW5kIjpbeyJzb3VyY2UiOiJkYXRhOnRleHQvcGxhaW47Y2hhcnNldD11dGYtODtiYXNlNjQsZXlKcFoyNXBkR2x2YmlJNmV5SmpiMjVtYVdjaU9uc2lZWEJ3Wlc1a0lqcGJleUp6YjNWeVkyVWlPaUpvZEhSd2N6b3ZMMkZ3YVMxcGJuUXViMk0wTG1OdmNuQXViRzlqWVd3Nk1qSTJNak12WTI5dVptbG5MM2R2Y210bGNpSXNJblpsY21sbWFXTmhkR2x2YmlJNmUzMTlYWDBzSW5ObFkzVnlhWFI1SWpwN0luUnNjeUk2ZXlKalpYSjBhV1pwWTJGMFpVRjFkR2h2Y21sMGFXVnpJanBiZXlKemIzVnlZMlVpT2lKa1lYUmhPblJsZUhRdmNHeGhhVzQ3WTJoaGNuTmxkRDExZEdZdE9EdGlZWE5sTmpRc1RGTXdkRXhUTVVOU1ZXUktWR2xDUkZKV1NsVlRWVnBLVVRCR1ZWSlRNSFJNVXpCMFEyc3hTbE5WVWtaU1JVNUVVVmRhY0Zvd1JqTlRWVXBDV2pCc1NsWnJNVEJXVjFFMVlUSmtSVmRVVWpOU1JrWmFVMnQwZGxkcmJHOWtiVTVQVVZaR1JsUkZTbEpSV0dSTFlXdFdWRlJWU2tKU01FVjRWbFZWUzFFemFFNVRiVWw2VVcxNGFXSnJOWFpaVm1SaFRVVXhVMUZZWkVWYU1XeEZWbXhHVWxKRlZqTmFTR3hwVFdwcmQxUkdaRTloUlRGRFRrWm9SVlpGYkROVVZWSmFaVlU1VlZKVVZrNWxhekUxVkRCYWRsZEJjRVZXUlRFelZGVlNXbVZWTlRaU1ZGWk9aV3N4TlZRd1duWmtNSEJ4VWxaT1RsRnJSa2hSVkVaV1VsVk9ORlJWY0dsTk1FcHpXVzAxVDJJeVJsaFhha0pPVld0R00xSkhaRnBTUmxwU1ZWVlNSbVF5VWpWRGJVbDVUMVJDVFZZd05XOVVWV3hLVVd0c2NWRlZOVU5hTW5SNFlVZDBjRko2YkROTlJVcENWVlZXUjFGVlJsQlJNRVpTVDBWR1RsTlZiRU5STW1STVVUQkdVbEpWUmpaTlNHZ3hVMnhHUmxwRWJESlBXR2RMWkROd1dFOUZiRE5qUkZKQ1pHeG9VRTlGVG5CUFJUbGhaV3BKY21GclNsSmpWbFl4VkROc1VrMXVjRmhWVjNSMVVXeFNVRnBZYkZSaFJFWkVZMVZaTkZveWRHdFZSbXgzV2xob2FsWkdXVE5UUTNSRlVWRndORmt5V2xaa1JFbzBVbGhrTVU1NlFUSmhiVGt6VEhwa01XRXlVWFpXUmtaUFdqSlJjbVJ0ZEhSa01EbExWREZHZUZadGFGZE5iR2h6VDFOMGNFNHpRbFZPYlhoVlVqQmFhV0pIY0doa1ZsSnlVV3h3VFVOdWJFZFplVGxYWlc1Q2FHTnRhRzlrVjFwelVteG9jRlJWYnpGTk1EUjNXbXQ0V0dSWWFIbGtWMmN4VVd4Q1UxZEZhRWRrVjA0eldtMDVkRmxZVm5WaWVtUkdVMGRrU1ZKcVdqQmlWRUo0Vm01Tk5XUnRhMHRTTVU1UFVtdHNRbHB1UWs1WmVtTjZXakF4TkUxRVpGQmhiRzkzVW0xNFlWb3dlRmxaTVZaR1pHczVTRlpzU2xkU00wWmFZbXBHYkdRd2R6Rk5helY0WW1wYVdtRjZXbWxhV0hCdVlXMDVWRk5VVmpWaFFXOTNXVlY0UzFFeWFFNWpibXhOVmtSYVFsZEZlSGhhTUdoS1pGUlNjbVZVYUdoVGF6UjRUV3RzUlZVeVVuZFZSbHBMWlVVeE1GSkdXbXhoVldoNlUyNW5lazR5VlROWk0yczFVek5LVUdScWFFdGFSRkoxUTIxa1NtTnNRbFpXUm1oWlltNWtTbEpGUmxKUlZVcDJUVVZzTTFWVlVrSlVNRXB1Vkd4YVNWVlVhRU5SVjFrMFVsVktRbFJWVGtKalZrWXpVa2hrV2xKR1dsTk5SbEpDVlZWbmRsRnJSbFprTUVZelVsVkpTMHd6Y0VKYVJVcHVWR3hhU1ZWVVVrWlNiV1JTVmxVMVVsTnJhRnBUUjNCSldsaFdWRk5WTldoUFdHaEtWSHBHZWxSc1NuWmpSbWd6VlZoa1JWVldiRXRUTWpsaFUxZG9NbGt3TlVKVlZWWk5VV3hHUWxKQmNHNWFNRlpEVVZWT1NtSkZiekZVTVVaclRUSlJNMVpHUmt0bFJGWkVVVEJLTldKWVJtRlpiVTV5VmxVeFlWSldiRmRXUmxaTFlXeE9TV0pIVGtKYU1WRXlXakJXYUZSSGJFUlZWMngxVmxWc2FsSkZNVmREYm1zelZsZDBNVmR1U2xaYVV6ZzBXV3Q0VjFWclRraE5NVUpLWVVaWk5Vd3dNVFJoYlZwMFRETmpkbG96Vmtaak1WSlJWRVpLZFZKRVRraFVNR3hLWkRKc2VVOUhXazlWUjAxNFZGVjROazFzWkd4V01FVkxaVWhvVTJOc1FuZFViWFJwVG0xNFRWSldhRFZOZWtwcVkxWldORk5HVGpaTGVrNUlVVlJTVlU1Rk1URmpNazB6WWpJMGQyUXpXbHBPTVZvMlZWaFZORTVZV2pSYWJHZzFWbGRzYjBzd1l6VmphemxTV1hkdmRsTnJUWGxPTVVKSVkyeEpNMWRHUVRCT2VrSjZZa2hTZDJSSE1UVmpibXgxWkVkV1NGVnVXakpPTUU1TlpFVmFWRlpFV2tWaFdGWk9UVVp3UkZKdWFHaE5RM1I2VDFoR01WSlVTbXRTUlRnd1ZtMTRkRU50WkRObFZGcE5WMnBXTmxwSVdrbFdNMmN5U3pGYU1WcEhlREJXUjJoSVkwUk9kMkp0UlhsVVZrVnlXVEZzV0ZOSGNEQmlWV1J6V1dwb1VXUjZaSEpOUjNOeVlWY3hkVTVIYjNoUk1taHJUREZTVjFSclowdGxXRUo1V2tWc01sWlZSbTloVlRCMlRXNWFTVTV0VmpOaU1uUlpZVlpHUjFKcVFsWlFVVzkwVEZNd2RFeFZWazlTUTBKRVVsWktWVk5WV2twUk1FWlZVbE13ZEV4VE1IUkRaejA5SWl3aWRtVnlhV1pwWTJGMGFXOXVJanA3ZlgxZGZYMHNJblJwYldWdmRYUnpJanA3ZlN3aWRtVnljMmx2YmlJNklqSXVNaTR3SW4wc0ltNWxkSGR2Y210a0lqcDdmU3dpY0dGemMzZGtJanA3ZlN3aWMzUnZjbUZuWlNJNmUzMHNJbk41YzNSbGJXUWlPbnQ5ZlFvPSIsInZlcmlmaWNhdGlvbiI6e319XX0sInRpbWVvdXRzIjp7fSwidmVyc2lvbiI6IjIuMS4wIn0sIm5ldHdvcmtkIjp7fSwicGFzc3dkIjp7fSwic3RvcmFnZSI6eyJmaWxlcyI6W3siZmlsZXN5c3RlbSI6InJvb3QiLCJncm91cCI6e30sInBhdGgiOiIvZXRjL2hvc3RuYW1lIiwidXNlciI6e30sImNvbnRlbnRzIjp7InNvdXJjZSI6ImRhdGE6dGV4dC9wbGFpbjtjaGFyc2V0PXV0Zi04O2Jhc2U2NCxZMjl0Y0hWMFpTMHgiLCJ2ZXJpZmljYXRpb24iOnt9fSwibW9kZSI6NDIwfSx7ImZpbGVzeXN0ZW0iOiJyb290IiwiZ3JvdXAiOnt9LCJwYXRoIjoiL2V0Yy9zeXNjb25maWcvbmV0d29yay1zY3JpcHRzL2lmY2ZnLWVuczE5MiIsInVzZXIiOnt9LCJjb250ZW50cyI6eyJzb3VyY2UiOiJkYXRhOnRleHQvcGxhaW47Y2hhcnNldD11dGYtODtiYXNlNjQsVkZsUVJUMUZkR2hsY201bGRBcENUMDlVVUZKUFZFODlibTl1WlFwT1FVMUZQV1Z1Y3pFNU1ncEVSVlpKUTBVOVpXNXpNVGt5Q2s5T1FrOVBWRDE1WlhNS1NWQkJSRVJTUFRFd0xqRXhOQzR4Tmk0eU1RcFFVa1ZHU1ZnOU1qUUtSMEZVUlZkQldUMHhNQzR4TVRRdU1UWXVNUXBFVDAxQlNVNDliMk0wTG1OdmNuQXViRzlqWVd3S1JFNVRNVDB4TGpFdU1TNHhDa1JPVXpJOU9TNDVMamt1T1FvPSIsInZlcmlmaWNhdGlvbiI6e319LCJtb2RlIjo0MjB9XX0sInN5c3RlbWQiOnsidW5pdHMiOlt7ImNvbnRlbnRzIjoiW1VuaXRdXG5Db25kaXRpb25GaXJzdEJvb3Q9eWVzXG5bU2VydmljZV1cblR5cGU9aWRsZVxuRXhlY1N0YXJ0PS9zYmluL3JlYm9vdFxuW0luc3RhbGxdXG5XYW50ZWRCeT1tdWx0aS11c2VyLnRhcmdldFxuIiwiZW5hYmxlZCI6dHJ1ZSwibmFtZSI6InJlc3RhcnQuc2VydmljZSJ9XX19",
                            "vapp.0.properties.guestinfo.ignition.config.data.encoding": "base64",
                            "vapp_transport.#": "1",
                            "vapp_transport.0": "com.vmware.guestInfo",
                            "vmware_tools_status": "guestToolsNotRunning",
                            "vmx_path": "compute-1/compute-1.vmx",
                            "wait_for_guest_ip_timeout": "0",
                            "wait_for_guest_net_routable": "false",
                            "wait_for_guest_net_timeout": "0"
                        },
                        "meta": {
                            "schema_version": "3"
                        },
                        "tainted": false
                    },
                    "deposed": [],
                    "provider": "provider.vsphere"
                },
                "vsphere_virtual_machine.vm.2": {
                    "type": "vsphere_virtual_machine",
                    "depends_on": [
                        "data.ignition_config.ign.*",
                        "data.vsphere_datastore.datastore",
                        "data.vsphere_network.network",
                        "data.vsphere_virtual_machine.template"
                    ],
                    "primary": {
                        "id": "4225f7c6-f098-b296-ab37-e4efcfe5f9c3",
                        "attributes": {
                            "alternate_guest_name": "",
                            "annotation": "",
                            "boot_delay": "0",
                            "boot_retry_delay": "10000",
                            "boot_retry_enabled": "false",
                            "cdrom.#": "0",
                            "change_version": "2020-06-29T19:39:01.899271Z",
                            "clone.#": "1",
                            "clone.0.customize.#": "0",
                            "clone.0.linked_clone": "false",
                            "clone.0.ovf_network_map.%": "0",
                            "clone.0.ovf_storage_map.%": "0",
                            "clone.0.template_uuid": "4225e7f3-c99f-0daf-e952-67de92691a74",
                            "clone.0.timeout": "30",
                            "cpu_hot_add_enabled": "false",
                            "cpu_hot_remove_enabled": "false",
                            "cpu_limit": "-1",
                            "cpu_performance_counters_enabled": "false",
                            "cpu_reservation": "0",
                            "cpu_share_count": "4000",
                            "cpu_share_level": "normal",
                            "custom_attributes.%": "0",
                            "datastore_id": "datastore-189",
                            "disk.#": "1",
                            "disk.0.attach": "false",
                            "disk.0.datastore_id": "datastore-189",
                            "disk.0.device_address": "scsi:0:0",
                            "disk.0.disk_mode": "persistent",
                            "disk.0.disk_sharing": "sharingNone",
                            "disk.0.eagerly_scrub": "false",
                            "disk.0.io_limit": "-1",
                            "disk.0.io_reservation": "0",
                            "disk.0.io_share_count": "1000",
                            "disk.0.io_share_level": "normal",
                            "disk.0.keep_on_remove": "false",
                            "disk.0.key": "2000",
                            "disk.0.label": "disk0",
                            "disk.0.name": "",
                            "disk.0.path": "compute-2/compute-2.vmdk",
                            "disk.0.size": "60",
                            "disk.0.storage_policy_id": "",
                            "disk.0.thin_provisioned": "true",
                            "disk.0.unit_number": "0",
                            "disk.0.uuid": "6000C293-004c-ac55-c957-a96b745e2413",
                            "disk.0.write_through": "false",
                            "efi_secure_boot_enabled": "false",
                            "enable_disk_uuid": "true",
                            "enable_logging": "false",
                            "ept_rvi_mode": "automatic",
                            "extra_config.%": "0",
                            "firmware": "bios",
                            "folder": "oc4",
                            "force_power_off": "true",
                            "guest_id": "rhel7_64Guest",
                            "guest_ip_addresses.#": "0",
                            "hardware_version": "13",
                            "host_system_id": "host-34",
                            "hv_mode": "hvAuto",
                            "id": "4225f7c6-f098-b296-ab37-e4efcfe5f9c3",
                            "latency_sensitivity": "normal",
                            "memory": "8192",
                            "memory_hot_add_enabled": "false",
                            "memory_limit": "-1",
                            "memory_reservation": "0",
                            "memory_share_count": "81920",
                            "memory_share_level": "normal",
                            "migrate_wait_timeout": "30",
                            "moid": "vm-441",
                            "name": "compute-2",
                            "nested_hv_enabled": "false",
                            "network_interface.#": "1",
                            "network_interface.0.adapter_type": "vmxnet3",
                            "network_interface.0.bandwidth_limit": "-1",
                            "network_interface.0.bandwidth_reservation": "0",
                            "network_interface.0.bandwidth_share_count": "50",
                            "network_interface.0.bandwidth_share_level": "normal",
                            "network_interface.0.device_address": "pci:0:7",
                            "network_interface.0.key": "4000",
                            "network_interface.0.mac_address": "00:50:56:a5:28:27",
                            "network_interface.0.network_id": "network-o396",
                            "network_interface.0.ovf_mapping": "",
                            "network_interface.0.use_static_mac": "false",
                            "num_cores_per_socket": "1",
                            "num_cpus": "4",
                            "pci_device_id.#": "0",
                            "poweron_timeout": "300",
                            "reboot_required": "false",
                            "resource_pool_id": "resgroup-434",
                            "run_tools_scripts_after_power_on": "true",
                            "run_tools_scripts_after_resume": "true",
                            "run_tools_scripts_before_guest_reboot": "false",
                            "run_tools_scripts_before_guest_shutdown": "true",
                            "run_tools_scripts_before_guest_standby": "true",
                            "scsi_bus_sharing": "noSharing",
                            "scsi_controller_count": "1",
                            "scsi_type": "pvscsi",
                            "shutdown_wait_timeout": "3",
                            "storage_policy_id": "",
                            "swap_placement_policy": "inherit",
                            "sync_time_with_host": "false",
                            "tags.#": "0",
                            "uuid": "4225f7c6-f098-b296-ab37-e4efcfe5f9c3",
                            "vapp.#": "1",
                            "vapp.0.properties.%": "2",
                            "vapp.0.properties.guestinfo.ignition.config.data": "eyJpZ25pdGlvbiI6eyJjb25maWciOnsiYXBwZW5kIjpbeyJzb3VyY2UiOiJkYXRhOnRleHQvcGxhaW47Y2hhcnNldD11dGYtODtiYXNlNjQsZXlKcFoyNXBkR2x2YmlJNmV5SmpiMjVtYVdjaU9uc2lZWEJ3Wlc1a0lqcGJleUp6YjNWeVkyVWlPaUpvZEhSd2N6b3ZMMkZ3YVMxcGJuUXViMk0wTG1OdmNuQXViRzlqWVd3Nk1qSTJNak12WTI5dVptbG5MM2R2Y210bGNpSXNJblpsY21sbWFXTmhkR2x2YmlJNmUzMTlYWDBzSW5ObFkzVnlhWFI1SWpwN0luUnNjeUk2ZXlKalpYSjBhV1pwWTJGMFpVRjFkR2h2Y21sMGFXVnpJanBiZXlKemIzVnlZMlVpT2lKa1lYUmhPblJsZUhRdmNHeGhhVzQ3WTJoaGNuTmxkRDExZEdZdE9EdGlZWE5sTmpRc1RGTXdkRXhUTVVOU1ZXUktWR2xDUkZKV1NsVlRWVnBLVVRCR1ZWSlRNSFJNVXpCMFEyc3hTbE5WVWtaU1JVNUVVVmRhY0Zvd1JqTlRWVXBDV2pCc1NsWnJNVEJXVjFFMVlUSmtSVmRVVWpOU1JrWmFVMnQwZGxkcmJHOWtiVTVQVVZaR1JsUkZTbEpSV0dSTFlXdFdWRlJWU2tKU01FVjRWbFZWUzFFemFFNVRiVWw2VVcxNGFXSnJOWFpaVm1SaFRVVXhVMUZZWkVWYU1XeEZWbXhHVWxKRlZqTmFTR3hwVFdwcmQxUkdaRTloUlRGRFRrWm9SVlpGYkROVVZWSmFaVlU1VlZKVVZrNWxhekUxVkRCYWRsZEJjRVZXUlRFelZGVlNXbVZWTlRaU1ZGWk9aV3N4TlZRd1duWmtNSEJ4VWxaT1RsRnJSa2hSVkVaV1VsVk9ORlJWY0dsTk1FcHpXVzAxVDJJeVJsaFhha0pPVld0R00xSkhaRnBTUmxwU1ZWVlNSbVF5VWpWRGJVbDVUMVJDVFZZd05XOVVWV3hLVVd0c2NWRlZOVU5hTW5SNFlVZDBjRko2YkROTlJVcENWVlZXUjFGVlJsQlJNRVpTVDBWR1RsTlZiRU5STW1STVVUQkdVbEpWUmpaTlNHZ3hVMnhHUmxwRWJESlBXR2RMWkROd1dFOUZiRE5qUkZKQ1pHeG9VRTlGVG5CUFJUbGhaV3BKY21GclNsSmpWbFl4VkROc1VrMXVjRmhWVjNSMVVXeFNVRnBZYkZSaFJFWkVZMVZaTkZveWRHdFZSbXgzV2xob2FsWkdXVE5UUTNSRlVWRndORmt5V2xaa1JFbzBVbGhrTVU1NlFUSmhiVGt6VEhwa01XRXlVWFpXUmtaUFdqSlJjbVJ0ZEhSa01EbExWREZHZUZadGFGZE5iR2h6VDFOMGNFNHpRbFZPYlhoVlVqQmFhV0pIY0doa1ZsSnlVV3h3VFVOdWJFZFplVGxYWlc1Q2FHTnRhRzlrVjFwelVteG9jRlJWYnpGTk1EUjNXbXQ0V0dSWWFIbGtWMmN4VVd4Q1UxZEZhRWRrVjA0eldtMDVkRmxZVm5WaWVtUkdVMGRrU1ZKcVdqQmlWRUo0Vm01Tk5XUnRhMHRTTVU1UFVtdHNRbHB1UWs1WmVtTjZXakF4TkUxRVpGQmhiRzkzVW0xNFlWb3dlRmxaTVZaR1pHczVTRlpzU2xkU00wWmFZbXBHYkdRd2R6Rk5helY0WW1wYVdtRjZXbWxhV0hCdVlXMDVWRk5VVmpWaFFXOTNXVlY0UzFFeWFFNWpibXhOVmtSYVFsZEZlSGhhTUdoS1pGUlNjbVZVYUdoVGF6UjRUV3RzUlZVeVVuZFZSbHBMWlVVeE1GSkdXbXhoVldoNlUyNW5lazR5VlROWk0yczFVek5LVUdScWFFdGFSRkoxUTIxa1NtTnNRbFpXUm1oWlltNWtTbEpGUmxKUlZVcDJUVVZzTTFWVlVrSlVNRXB1Vkd4YVNWVlVhRU5SVjFrMFVsVktRbFJWVGtKalZrWXpVa2hrV2xKR1dsTk5SbEpDVlZWbmRsRnJSbFprTUVZelVsVkpTMHd6Y0VKYVJVcHVWR3hhU1ZWVVVrWlNiV1JTVmxVMVVsTnJhRnBUUjNCSldsaFdWRk5WTldoUFdHaEtWSHBHZWxSc1NuWmpSbWd6VlZoa1JWVldiRXRUTWpsaFUxZG9NbGt3TlVKVlZWWk5VV3hHUWxKQmNHNWFNRlpEVVZWT1NtSkZiekZVTVVaclRUSlJNMVpHUmt0bFJGWkVVVEJLTldKWVJtRlpiVTV5VmxVeFlWSldiRmRXUmxaTFlXeE9TV0pIVGtKYU1WRXlXakJXYUZSSGJFUlZWMngxVmxWc2FsSkZNVmREYm1zelZsZDBNVmR1U2xaYVV6ZzBXV3Q0VjFWclRraE5NVUpLWVVaWk5Vd3dNVFJoYlZwMFRETmpkbG96Vmtaak1WSlJWRVpLZFZKRVRraFVNR3hLWkRKc2VVOUhXazlWUjAxNFZGVjROazFzWkd4V01FVkxaVWhvVTJOc1FuZFViWFJwVG0xNFRWSldhRFZOZWtwcVkxWldORk5HVGpaTGVrNUlVVlJTVlU1Rk1URmpNazB6WWpJMGQyUXpXbHBPTVZvMlZWaFZORTVZV2pSYWJHZzFWbGRzYjBzd1l6VmphemxTV1hkdmRsTnJUWGxPTVVKSVkyeEpNMWRHUVRCT2VrSjZZa2hTZDJSSE1UVmpibXgxWkVkV1NGVnVXakpPTUU1TlpFVmFWRlpFV2tWaFdGWk9UVVp3UkZKdWFHaE5RM1I2VDFoR01WSlVTbXRTUlRnd1ZtMTRkRU50WkRObFZGcE5WMnBXTmxwSVdrbFdNMmN5U3pGYU1WcEhlREJXUjJoSVkwUk9kMkp0UlhsVVZrVnlXVEZzV0ZOSGNEQmlWV1J6V1dwb1VXUjZaSEpOUjNOeVlWY3hkVTVIYjNoUk1taHJUREZTVjFSclowdGxXRUo1V2tWc01sWlZSbTloVlRCMlRXNWFTVTV0VmpOaU1uUlpZVlpHUjFKcVFsWlFVVzkwVEZNd2RFeFZWazlTUTBKRVVsWktWVk5WV2twUk1FWlZVbE13ZEV4VE1IUkRaejA5SWl3aWRtVnlhV1pwWTJGMGFXOXVJanA3ZlgxZGZYMHNJblJwYldWdmRYUnpJanA3ZlN3aWRtVnljMmx2YmlJNklqSXVNaTR3SW4wc0ltNWxkSGR2Y210a0lqcDdmU3dpY0dGemMzZGtJanA3ZlN3aWMzUnZjbUZuWlNJNmUzMHNJbk41YzNSbGJXUWlPbnQ5ZlFvPSIsInZlcmlmaWNhdGlvbiI6e319XX0sInRpbWVvdXRzIjp7fSwidmVyc2lvbiI6IjIuMS4wIn0sIm5ldHdvcmtkIjp7fSwicGFzc3dkIjp7fSwic3RvcmFnZSI6eyJmaWxlcyI6W3siZmlsZXN5c3RlbSI6InJvb3QiLCJncm91cCI6e30sInBhdGgiOiIvZXRjL2hvc3RuYW1lIiwidXNlciI6e30sImNvbnRlbnRzIjp7InNvdXJjZSI6ImRhdGE6dGV4dC9wbGFpbjtjaGFyc2V0PXV0Zi04O2Jhc2U2NCxZMjl0Y0hWMFpTMHkiLCJ2ZXJpZmljYXRpb24iOnt9fSwibW9kZSI6NDIwfSx7ImZpbGVzeXN0ZW0iOiJyb290IiwiZ3JvdXAiOnt9LCJwYXRoIjoiL2V0Yy9zeXNjb25maWcvbmV0d29yay1zY3JpcHRzL2lmY2ZnLWVuczE5MiIsInVzZXIiOnt9LCJjb250ZW50cyI6eyJzb3VyY2UiOiJkYXRhOnRleHQvcGxhaW47Y2hhcnNldD11dGYtODtiYXNlNjQsVkZsUVJUMUZkR2hsY201bGRBcENUMDlVVUZKUFZFODlibTl1WlFwT1FVMUZQV1Z1Y3pFNU1ncEVSVlpKUTBVOVpXNXpNVGt5Q2s5T1FrOVBWRDE1WlhNS1NWQkJSRVJTUFRFd0xqRXhOQzR4Tmk0eU1ncFFVa1ZHU1ZnOU1qUUtSMEZVUlZkQldUMHhNQzR4TVRRdU1UWXVNUXBFVDAxQlNVNDliMk0wTG1OdmNuQXViRzlqWVd3S1JFNVRNVDB4TGpFdU1TNHhDa1JPVXpJOU9TNDVMamt1T1FvPSIsInZlcmlmaWNhdGlvbiI6e319LCJtb2RlIjo0MjB9XX0sInN5c3RlbWQiOnsidW5pdHMiOlt7ImNvbnRlbnRzIjoiW1VuaXRdXG5Db25kaXRpb25GaXJzdEJvb3Q9eWVzXG5bU2VydmljZV1cblR5cGU9aWRsZVxuRXhlY1N0YXJ0PS9zYmluL3JlYm9vdFxuW0luc3RhbGxdXG5XYW50ZWRCeT1tdWx0aS11c2VyLnRhcmdldFxuIiwiZW5hYmxlZCI6dHJ1ZSwibmFtZSI6InJlc3RhcnQuc2VydmljZSJ9XX19",
                            "vapp.0.properties.guestinfo.ignition.config.data.encoding": "base64",
                            "vapp_transport.#": "1",
                            "vapp_transport.0": "com.vmware.guestInfo",
                            "vmware_tools_status": "guestToolsNotRunning",
                            "vmx_path": "compute-2/compute-2.vmx",
                            "wait_for_guest_ip_timeout": "0",
                            "wait_for_guest_net_routable": "false",
                            "wait_for_guest_net_timeout": "0"
                        },
                        "meta": {
                            "schema_version": "3"
                        },
                        "tainted": false
                    },
                    "deposed": [],
                    "provider": "provider.vsphere"
                }
            },
            "depends_on": []
        },
        {
            "path": [
                "root",
                "control_plane"
            ],
            "outputs": {
                "ip_addresses": {
                    "sensitive": false,
                    "type": "list",
                    "value": [
                        "10.114.16.10",
                        "10.114.16.11",
                        "10.114.16.12"
                    ]
                }
            },
            "resources": {
                "data.ignition_config.ign.0": {
                    "type": "ignition_config",
                    "depends_on": [
                        "data.ignition_file.hostname.*",
                        "data.ignition_file.static_ip.*",
                        "data.ignition_systemd_unit.restart.*",
                        "local.ignition_encoded"
                    ],
                    "primary": {
                        "id": "dc01421c7ab06858d102077465ba05780e6272549c3c5a7b7afb955d1aa1e94c",
                        "attributes": {
                            "append.#": "1",
                            "append.0.source": "data:text/plain;charset=utf-8;base64,eyJpZ25pdGlvbiI6eyJjb25maWciOnsiYXBwZW5kIjpbeyJzb3VyY2UiOiJodHRwczovL2FwaS1pbnQub2M0LmNvcnAubG9jYWw6MjI2MjMvY29uZmlnL21hc3RlciIsInZlcmlmaWNhdGlvbiI6e319XX0sInNlY3VyaXR5Ijp7InRscyI6eyJjZXJ0aWZpY2F0ZUF1dGhvcml0aWVzIjpbeyJzb3VyY2UiOiJkYXRhOnRleHQvcGxhaW47Y2hhcnNldD11dGYtODtiYXNlNjQsTFMwdExTMUNSVWRKVGlCRFJWSlVTVVpKUTBGVVJTMHRMUzB0Q2sxSlNVUkZSRU5EUVdacFowRjNTVUpCWjBsSlZrMTBWV1E1YTJkRVdUUjNSRkZaU2t0dldrbG9kbU5PUVZGRlRFSlJRWGRLYWtWVFRVSkJSMEV4VlVVS1EzaE5TbUl6UW14aWJrNXZZVmRhTUUxU1FYZEVaMWxFVmxGUlJFVjNaSGxpTWprd1RGZE9hRTFDTkZoRVZFbDNUVVJaZVU5VVJUVk5lazE1VDBadldBcEVWRTEzVFVSWmVVNTZSVFZOZWsxNVQwWnZkMHBxUlZOTlFrRkhRVEZWUlVONFRVcGlNMEpzWW01T2IyRlhXakJOVWtGM1JHZFpSRlpSVVVSRmQyUjVDbUl5T1RCTVYwNW9UVWxKUWtscVFVNUNaMnR4YUd0cFJ6bDNNRUpCVVVWR1FVRlBRMEZST0VGTlNVbENRMmRMUTBGUlJVRjZNSGgxU2xGRlpEbDJPWGdLZDNwWE9FbDNjRFJCZGxoUE9FTnBPRTlhZWpJcmFrSlJjVlYxVDNsUk1ucFhVV3R1UWxSUFpYbFRhREZEY1VZNFoydGtVRmx3WlhoalZGWTNTQ3RFUVFwNFkyWlZkREo0UlhkMU56QTJhbTkzTHpkMWEyUXZWRkZPWjJRcmRtdHRkMDlLVDFGeFZtaFdNbGhzT1N0cE4zQlVObXhVUjBaaWJHcGhkVlJyUWxwTUNubEdZeTlXZW5CaGNtaG9kV1pzUmxocFRVbzFNMDR3Wmt4WGRYaHlkV2cxUWxCU1dFaEdkV04zWm05dFlYVnViemRGU0dkSVJqWjBiVEJ4Vm5NNWRta0tSMU5PUmtsQlpuQk5ZemN6WjAxNE1EZFBhbG93Um14YVoweFlZMVZGZGs5SFZsSldSM0ZaYmpGbGQwdzFNazV4YmpaWmF6WmlaWHBuYW05VFNUVjVhQW93WVV4S1EyaE5jbmxNVkRaQldFeHhaMGhKZFRScmVUaGhTazR4TWtsRVUyUndVRlpLZUUxMFJGWmxhVWh6U25nek4yVTNZM2s1UzNKUGRqaEtaRFJ1Q21kSmNsQlZWRmhZYm5kSlJFRlJRVUp2TUVsM1VVUkJUMEpuVGxaSVVUaENRV1k0UlVKQlRVTkJjVkYzUkhkWlJGWlNNRlJCVVVndlFrRlZkMEYzUlVJS0wzcEJaRUpuVGxaSVVUUkZSbWRSVlU1UlNraFpTR3BJWlhWVFNVNWhPWGhKVHpGelRsSnZjRmgzVVhkRVVWbEtTMjlhU1doMlkwNUJVVVZNUWxGQlJBcG5aMFZDUVVOSmJFbzFUMUZrTTJRM1ZGRktlRFZEUTBKNWJYRmFZbU5yVlUxYVJWbFdWRlZLYWxOSWJHTkJaMVEyWjBWaFRHbERVV2x1VlVsalJFMVdDbmszVld0MVduSlZaUzg0WWt4V1VrTkhNMUJKYUZZNUwwMTRhbVp0TDNjdlozVkZjMVJRVEZKdVJETkhUMGxKZDJseU9HWk9VR014VFV4Nk1sZGxWMEVLZUhoU2NsQndUbXRpTm14TVJWaDVNekpqY1ZWNFNGTjZLek5IUVRSVU5FMTFjMk0zYjI0d2QzWlpOMVo2VVhVNE5YWjRabGg1Vldsb0swYzVjazlSWXdvdlNrTXlOMUJIY2xJM1dGQTBOekJ6YkhSd2RHMTVjbmx1ZEdWSFVuWjJOME5NZEVaVFZEWkVhWFZOTUZwRFJuaGhNQ3R6T1hGMVJUSmtSRTgwVm14dENtZDNlVFpNV2pWNlpIWklWM2cySzFaMVpHeDBWR2hIY0ROd2JtRXlUVkVyWTFsWFNHcDBiVWRzWWpoUWR6ZHJNR3NyYVcxdU5Hb3hRMmhrTDFSV1RrZ0tlWEJ5WkVsMlZVRm9hVTB2TW5aSU5tVjNiMnRZYVZGR1JqQlZQUW90TFMwdExVVk9SQ0JEUlZKVVNVWkpRMEZVUlMwdExTMHRDZz09IiwidmVyaWZpY2F0aW9uIjp7fX1dfX0sInRpbWVvdXRzIjp7fSwidmVyc2lvbiI6IjIuMi4wIn0sIm5ldHdvcmtkIjp7fSwicGFzc3dkIjp7fSwic3RvcmFnZSI6e30sInN5c3RlbWQiOnt9fQo=",
                            "append.0.verification": "",
                            "files.#": "2",
                            "files.0": "15993e847c56ea3a5c0732a5cac8e81241a2da17752a4dca3c03046a185c6625",
                            "files.1": "f7d75634554c9b4ee09e7a14e6133560bbb15252c9ced3db82ada079415b4257",
                            "id": "dc01421c7ab06858d102077465ba05780e6272549c3c5a7b7afb955d1aa1e94c",
                            "rendered": "{\"ignition\":{\"config\":{\"append\":[{\"source\":\"data:text/plain;charset=utf-8;base64,eyJpZ25pdGlvbiI6eyJjb25maWciOnsiYXBwZW5kIjpbeyJzb3VyY2UiOiJodHRwczovL2FwaS1pbnQub2M0LmNvcnAubG9jYWw6MjI2MjMvY29uZmlnL21hc3RlciIsInZlcmlmaWNhdGlvbiI6e319XX0sInNlY3VyaXR5Ijp7InRscyI6eyJjZXJ0aWZpY2F0ZUF1dGhvcml0aWVzIjpbeyJzb3VyY2UiOiJkYXRhOnRleHQvcGxhaW47Y2hhcnNldD11dGYtODtiYXNlNjQsTFMwdExTMUNSVWRKVGlCRFJWSlVTVVpKUTBGVVJTMHRMUzB0Q2sxSlNVUkZSRU5EUVdacFowRjNTVUpCWjBsSlZrMTBWV1E1YTJkRVdUUjNSRkZaU2t0dldrbG9kbU5PUVZGRlRFSlJRWGRLYWtWVFRVSkJSMEV4VlVVS1EzaE5TbUl6UW14aWJrNXZZVmRhTUUxU1FYZEVaMWxFVmxGUlJFVjNaSGxpTWprd1RGZE9hRTFDTkZoRVZFbDNUVVJaZVU5VVJUVk5lazE1VDBadldBcEVWRTEzVFVSWmVVNTZSVFZOZWsxNVQwWnZkMHBxUlZOTlFrRkhRVEZWUlVONFRVcGlNMEpzWW01T2IyRlhXakJOVWtGM1JHZFpSRlpSVVVSRmQyUjVDbUl5T1RCTVYwNW9UVWxKUWtscVFVNUNaMnR4YUd0cFJ6bDNNRUpCVVVWR1FVRlBRMEZST0VGTlNVbENRMmRMUTBGUlJVRjZNSGgxU2xGRlpEbDJPWGdLZDNwWE9FbDNjRFJCZGxoUE9FTnBPRTlhZWpJcmFrSlJjVlYxVDNsUk1ucFhVV3R1UWxSUFpYbFRhREZEY1VZNFoydGtVRmx3WlhoalZGWTNTQ3RFUVFwNFkyWlZkREo0UlhkMU56QTJhbTkzTHpkMWEyUXZWRkZPWjJRcmRtdHRkMDlLVDFGeFZtaFdNbGhzT1N0cE4zQlVObXhVUjBaaWJHcGhkVlJyUWxwTUNubEdZeTlXZW5CaGNtaG9kV1pzUmxocFRVbzFNMDR3Wmt4WGRYaHlkV2cxUWxCU1dFaEdkV04zWm05dFlYVnViemRGU0dkSVJqWjBiVEJ4Vm5NNWRta0tSMU5PUmtsQlpuQk5ZemN6WjAxNE1EZFBhbG93Um14YVoweFlZMVZGZGs5SFZsSldSM0ZaYmpGbGQwdzFNazV4YmpaWmF6WmlaWHBuYW05VFNUVjVhQW93WVV4S1EyaE5jbmxNVkRaQldFeHhaMGhKZFRScmVUaGhTazR4TWtsRVUyUndVRlpLZUUxMFJGWmxhVWh6U25nek4yVTNZM2s1UzNKUGRqaEtaRFJ1Q21kSmNsQlZWRmhZYm5kSlJFRlJRVUp2TUVsM1VVUkJUMEpuVGxaSVVUaENRV1k0UlVKQlRVTkJjVkYzUkhkWlJGWlNNRlJCVVVndlFrRlZkMEYzUlVJS0wzcEJaRUpuVGxaSVVUUkZSbWRSVlU1UlNraFpTR3BJWlhWVFNVNWhPWGhKVHpGelRsSnZjRmgzVVhkRVVWbEtTMjlhU1doMlkwNUJVVVZNUWxGQlJBcG5aMFZDUVVOSmJFbzFUMUZrTTJRM1ZGRktlRFZEUTBKNWJYRmFZbU5yVlUxYVJWbFdWRlZLYWxOSWJHTkJaMVEyWjBWaFRHbERVV2x1VlVsalJFMVdDbmszVld0MVduSlZaUzg0WWt4V1VrTkhNMUJKYUZZNUwwMTRhbVp0TDNjdlozVkZjMVJRVEZKdVJETkhUMGxKZDJseU9HWk9VR014VFV4Nk1sZGxWMEVLZUhoU2NsQndUbXRpTm14TVJWaDVNekpqY1ZWNFNGTjZLek5IUVRSVU5FMTFjMk0zYjI0d2QzWlpOMVo2VVhVNE5YWjRabGg1Vldsb0swYzVjazlSWXdvdlNrTXlOMUJIY2xJM1dGQTBOekJ6YkhSd2RHMTVjbmx1ZEdWSFVuWjJOME5NZEVaVFZEWkVhWFZOTUZwRFJuaGhNQ3R6T1hGMVJUSmtSRTgwVm14dENtZDNlVFpNV2pWNlpIWklWM2cySzFaMVpHeDBWR2hIY0ROd2JtRXlUVkVyWTFsWFNHcDBiVWRzWWpoUWR6ZHJNR3NyYVcxdU5Hb3hRMmhrTDFSV1RrZ0tlWEJ5WkVsMlZVRm9hVTB2TW5aSU5tVjNiMnRZYVZGR1JqQlZQUW90TFMwdExVVk9SQ0JEUlZKVVNVWkpRMEZVUlMwdExTMHRDZz09IiwidmVyaWZpY2F0aW9uIjp7fX1dfX0sInRpbWVvdXRzIjp7fSwidmVyc2lvbiI6IjIuMi4wIn0sIm5ldHdvcmtkIjp7fSwicGFzc3dkIjp7fSwic3RvcmFnZSI6e30sInN5c3RlbWQiOnt9fQo=\",\"verification\":{}}]},\"timeouts\":{},\"version\":\"2.1.0\"},\"networkd\":{},\"passwd\":{},\"storage\":{\"files\":[{\"filesystem\":\"root\",\"group\":{},\"path\":\"/etc/hostname\",\"user\":{},\"contents\":{\"source\":\"data:text/plain;charset=utf-8;base64,Y29udHJvbC1wbGFuZS0w\",\"verification\":{}},\"mode\":420},{\"filesystem\":\"root\",\"group\":{},\"path\":\"/etc/sysconfig/network-scripts/ifcfg-ens192\",\"user\":{},\"contents\":{\"source\":\"data:text/plain;charset=utf-8;base64,VFlQRT1FdGhlcm5ldApCT09UUFJPVE89bm9uZQpOQU1FPWVuczE5MgpERVZJQ0U9ZW5zMTkyCk9OQk9PVD15ZXMKSVBBRERSPTEwLjExNC4xNi4xMApQUkVGSVg9MjQKR0FURVdBWT0xMC4xMTQuMTYuMQpET01BSU49b2M0LmNvcnAubG9jYWwKRE5TMT0xLjEuMS4xCkROUzI9OS45LjkuOQo=\",\"verification\":{}},\"mode\":420}]},\"systemd\":{\"units\":[{\"contents\":\"[Unit]\\nConditionFirstBoot=yes\\n[Service]\\nType=idle\\nExecStart=/sbin/reboot\\n[Install]\\nWantedBy=multi-user.target\\n\",\"enabled\":true,\"name\":\"restart.service\"}]}}",
                            "systemd.#": "1",
                            "systemd.0": "2b2088c1732c1d1acffcbbe6386c2952e57ca2903cec0dc24bd4cb0f42abc300"
                        },
                        "meta": {},
                        "tainted": false
                    },
                    "deposed": [],
                    "provider": "module.control_plane.provider.ignition"
                },
                "data.ignition_config.ign.1": {
                    "type": "ignition_config",
                    "depends_on": [
                        "data.ignition_file.hostname.*",
                        "data.ignition_file.static_ip.*",
                        "data.ignition_systemd_unit.restart.*",
                        "local.ignition_encoded"
                    ],
                    "primary": {
                        "id": "ab268922fa79ade88e140400d76825b2c3b6ed48d09ab64651c1241a2d9225ee",
                        "attributes": {
                            "append.#": "1",
                            "append.0.source": "data:text/plain;charset=utf-8;base64,eyJpZ25pdGlvbiI6eyJjb25maWciOnsiYXBwZW5kIjpbeyJzb3VyY2UiOiJodHRwczovL2FwaS1pbnQub2M0LmNvcnAubG9jYWw6MjI2MjMvY29uZmlnL21hc3RlciIsInZlcmlmaWNhdGlvbiI6e319XX0sInNlY3VyaXR5Ijp7InRscyI6eyJjZXJ0aWZpY2F0ZUF1dGhvcml0aWVzIjpbeyJzb3VyY2UiOiJkYXRhOnRleHQvcGxhaW47Y2hhcnNldD11dGYtODtiYXNlNjQsTFMwdExTMUNSVWRKVGlCRFJWSlVTVVpKUTBGVVJTMHRMUzB0Q2sxSlNVUkZSRU5EUVdacFowRjNTVUpCWjBsSlZrMTBWV1E1YTJkRVdUUjNSRkZaU2t0dldrbG9kbU5PUVZGRlRFSlJRWGRLYWtWVFRVSkJSMEV4VlVVS1EzaE5TbUl6UW14aWJrNXZZVmRhTUUxU1FYZEVaMWxFVmxGUlJFVjNaSGxpTWprd1RGZE9hRTFDTkZoRVZFbDNUVVJaZVU5VVJUVk5lazE1VDBadldBcEVWRTEzVFVSWmVVNTZSVFZOZWsxNVQwWnZkMHBxUlZOTlFrRkhRVEZWUlVONFRVcGlNMEpzWW01T2IyRlhXakJOVWtGM1JHZFpSRlpSVVVSRmQyUjVDbUl5T1RCTVYwNW9UVWxKUWtscVFVNUNaMnR4YUd0cFJ6bDNNRUpCVVVWR1FVRlBRMEZST0VGTlNVbENRMmRMUTBGUlJVRjZNSGgxU2xGRlpEbDJPWGdLZDNwWE9FbDNjRFJCZGxoUE9FTnBPRTlhZWpJcmFrSlJjVlYxVDNsUk1ucFhVV3R1UWxSUFpYbFRhREZEY1VZNFoydGtVRmx3WlhoalZGWTNTQ3RFUVFwNFkyWlZkREo0UlhkMU56QTJhbTkzTHpkMWEyUXZWRkZPWjJRcmRtdHRkMDlLVDFGeFZtaFdNbGhzT1N0cE4zQlVObXhVUjBaaWJHcGhkVlJyUWxwTUNubEdZeTlXZW5CaGNtaG9kV1pzUmxocFRVbzFNMDR3Wmt4WGRYaHlkV2cxUWxCU1dFaEdkV04zWm05dFlYVnViemRGU0dkSVJqWjBiVEJ4Vm5NNWRta0tSMU5PUmtsQlpuQk5ZemN6WjAxNE1EZFBhbG93Um14YVoweFlZMVZGZGs5SFZsSldSM0ZaYmpGbGQwdzFNazV4YmpaWmF6WmlaWHBuYW05VFNUVjVhQW93WVV4S1EyaE5jbmxNVkRaQldFeHhaMGhKZFRScmVUaGhTazR4TWtsRVUyUndVRlpLZUUxMFJGWmxhVWh6U25nek4yVTNZM2s1UzNKUGRqaEtaRFJ1Q21kSmNsQlZWRmhZYm5kSlJFRlJRVUp2TUVsM1VVUkJUMEpuVGxaSVVUaENRV1k0UlVKQlRVTkJjVkYzUkhkWlJGWlNNRlJCVVVndlFrRlZkMEYzUlVJS0wzcEJaRUpuVGxaSVVUUkZSbWRSVlU1UlNraFpTR3BJWlhWVFNVNWhPWGhKVHpGelRsSnZjRmgzVVhkRVVWbEtTMjlhU1doMlkwNUJVVVZNUWxGQlJBcG5aMFZDUVVOSmJFbzFUMUZrTTJRM1ZGRktlRFZEUTBKNWJYRmFZbU5yVlUxYVJWbFdWRlZLYWxOSWJHTkJaMVEyWjBWaFRHbERVV2x1VlVsalJFMVdDbmszVld0MVduSlZaUzg0WWt4V1VrTkhNMUJKYUZZNUwwMTRhbVp0TDNjdlozVkZjMVJRVEZKdVJETkhUMGxKZDJseU9HWk9VR014VFV4Nk1sZGxWMEVLZUhoU2NsQndUbXRpTm14TVJWaDVNekpqY1ZWNFNGTjZLek5IUVRSVU5FMTFjMk0zYjI0d2QzWlpOMVo2VVhVNE5YWjRabGg1Vldsb0swYzVjazlSWXdvdlNrTXlOMUJIY2xJM1dGQTBOekJ6YkhSd2RHMTVjbmx1ZEdWSFVuWjJOME5NZEVaVFZEWkVhWFZOTUZwRFJuaGhNQ3R6T1hGMVJUSmtSRTgwVm14dENtZDNlVFpNV2pWNlpIWklWM2cySzFaMVpHeDBWR2hIY0ROd2JtRXlUVkVyWTFsWFNHcDBiVWRzWWpoUWR6ZHJNR3NyYVcxdU5Hb3hRMmhrTDFSV1RrZ0tlWEJ5WkVsMlZVRm9hVTB2TW5aSU5tVjNiMnRZYVZGR1JqQlZQUW90TFMwdExVVk9SQ0JEUlZKVVNVWkpRMEZVUlMwdExTMHRDZz09IiwidmVyaWZpY2F0aW9uIjp7fX1dfX0sInRpbWVvdXRzIjp7fSwidmVyc2lvbiI6IjIuMi4wIn0sIm5ldHdvcmtkIjp7fSwicGFzc3dkIjp7fSwic3RvcmFnZSI6e30sInN5c3RlbWQiOnt9fQo=",
                            "append.0.verification": "",
                            "files.#": "2",
                            "files.0": "fbe07a03370697fae86ea33632e264340c4c18ade2076e84c08b5ca53fe0b60f",
                            "files.1": "3147f18af5dee0afc57a40b352324ca0a4d58ad60fe11e7054aec8c3a662fd88",
                            "id": "ab268922fa79ade88e140400d76825b2c3b6ed48d09ab64651c1241a2d9225ee",
                            "rendered": "{\"ignition\":{\"config\":{\"append\":[{\"source\":\"data:text/plain;charset=utf-8;base64,eyJpZ25pdGlvbiI6eyJjb25maWciOnsiYXBwZW5kIjpbeyJzb3VyY2UiOiJodHRwczovL2FwaS1pbnQub2M0LmNvcnAubG9jYWw6MjI2MjMvY29uZmlnL21hc3RlciIsInZlcmlmaWNhdGlvbiI6e319XX0sInNlY3VyaXR5Ijp7InRscyI6eyJjZXJ0aWZpY2F0ZUF1dGhvcml0aWVzIjpbeyJzb3VyY2UiOiJkYXRhOnRleHQvcGxhaW47Y2hhcnNldD11dGYtODtiYXNlNjQsTFMwdExTMUNSVWRKVGlCRFJWSlVTVVpKUTBGVVJTMHRMUzB0Q2sxSlNVUkZSRU5EUVdacFowRjNTVUpCWjBsSlZrMTBWV1E1YTJkRVdUUjNSRkZaU2t0dldrbG9kbU5PUVZGRlRFSlJRWGRLYWtWVFRVSkJSMEV4VlVVS1EzaE5TbUl6UW14aWJrNXZZVmRhTUUxU1FYZEVaMWxFVmxGUlJFVjNaSGxpTWprd1RGZE9hRTFDTkZoRVZFbDNUVVJaZVU5VVJUVk5lazE1VDBadldBcEVWRTEzVFVSWmVVNTZSVFZOZWsxNVQwWnZkMHBxUlZOTlFrRkhRVEZWUlVONFRVcGlNMEpzWW01T2IyRlhXakJOVWtGM1JHZFpSRlpSVVVSRmQyUjVDbUl5T1RCTVYwNW9UVWxKUWtscVFVNUNaMnR4YUd0cFJ6bDNNRUpCVVVWR1FVRlBRMEZST0VGTlNVbENRMmRMUTBGUlJVRjZNSGgxU2xGRlpEbDJPWGdLZDNwWE9FbDNjRFJCZGxoUE9FTnBPRTlhZWpJcmFrSlJjVlYxVDNsUk1ucFhVV3R1UWxSUFpYbFRhREZEY1VZNFoydGtVRmx3WlhoalZGWTNTQ3RFUVFwNFkyWlZkREo0UlhkMU56QTJhbTkzTHpkMWEyUXZWRkZPWjJRcmRtdHRkMDlLVDFGeFZtaFdNbGhzT1N0cE4zQlVObXhVUjBaaWJHcGhkVlJyUWxwTUNubEdZeTlXZW5CaGNtaG9kV1pzUmxocFRVbzFNMDR3Wmt4WGRYaHlkV2cxUWxCU1dFaEdkV04zWm05dFlYVnViemRGU0dkSVJqWjBiVEJ4Vm5NNWRta0tSMU5PUmtsQlpuQk5ZemN6WjAxNE1EZFBhbG93Um14YVoweFlZMVZGZGs5SFZsSldSM0ZaYmpGbGQwdzFNazV4YmpaWmF6WmlaWHBuYW05VFNUVjVhQW93WVV4S1EyaE5jbmxNVkRaQldFeHhaMGhKZFRScmVUaGhTazR4TWtsRVUyUndVRlpLZUUxMFJGWmxhVWh6U25nek4yVTNZM2s1UzNKUGRqaEtaRFJ1Q21kSmNsQlZWRmhZYm5kSlJFRlJRVUp2TUVsM1VVUkJUMEpuVGxaSVVUaENRV1k0UlVKQlRVTkJjVkYzUkhkWlJGWlNNRlJCVVVndlFrRlZkMEYzUlVJS0wzcEJaRUpuVGxaSVVUUkZSbWRSVlU1UlNraFpTR3BJWlhWVFNVNWhPWGhKVHpGelRsSnZjRmgzVVhkRVVWbEtTMjlhU1doMlkwNUJVVVZNUWxGQlJBcG5aMFZDUVVOSmJFbzFUMUZrTTJRM1ZGRktlRFZEUTBKNWJYRmFZbU5yVlUxYVJWbFdWRlZLYWxOSWJHTkJaMVEyWjBWaFRHbERVV2x1VlVsalJFMVdDbmszVld0MVduSlZaUzg0WWt4V1VrTkhNMUJKYUZZNUwwMTRhbVp0TDNjdlozVkZjMVJRVEZKdVJETkhUMGxKZDJseU9HWk9VR014VFV4Nk1sZGxWMEVLZUhoU2NsQndUbXRpTm14TVJWaDVNekpqY1ZWNFNGTjZLek5IUVRSVU5FMTFjMk0zYjI0d2QzWlpOMVo2VVhVNE5YWjRabGg1Vldsb0swYzVjazlSWXdvdlNrTXlOMUJIY2xJM1dGQTBOekJ6YkhSd2RHMTVjbmx1ZEdWSFVuWjJOME5NZEVaVFZEWkVhWFZOTUZwRFJuaGhNQ3R6T1hGMVJUSmtSRTgwVm14dENtZDNlVFpNV2pWNlpIWklWM2cySzFaMVpHeDBWR2hIY0ROd2JtRXlUVkVyWTFsWFNHcDBiVWRzWWpoUWR6ZHJNR3NyYVcxdU5Hb3hRMmhrTDFSV1RrZ0tlWEJ5WkVsMlZVRm9hVTB2TW5aSU5tVjNiMnRZYVZGR1JqQlZQUW90TFMwdExVVk9SQ0JEUlZKVVNVWkpRMEZVUlMwdExTMHRDZz09IiwidmVyaWZpY2F0aW9uIjp7fX1dfX0sInRpbWVvdXRzIjp7fSwidmVyc2lvbiI6IjIuMi4wIn0sIm5ldHdvcmtkIjp7fSwicGFzc3dkIjp7fSwic3RvcmFnZSI6e30sInN5c3RlbWQiOnt9fQo=\",\"verification\":{}}]},\"timeouts\":{},\"version\":\"2.1.0\"},\"networkd\":{},\"passwd\":{},\"storage\":{\"files\":[{\"filesystem\":\"root\",\"group\":{},\"path\":\"/etc/hostname\",\"user\":{},\"contents\":{\"source\":\"data:text/plain;charset=utf-8;base64,Y29udHJvbC1wbGFuZS0x\",\"verification\":{}},\"mode\":420},{\"filesystem\":\"root\",\"group\":{},\"path\":\"/etc/sysconfig/network-scripts/ifcfg-ens192\",\"user\":{},\"contents\":{\"source\":\"data:text/plain;charset=utf-8;base64,VFlQRT1FdGhlcm5ldApCT09UUFJPVE89bm9uZQpOQU1FPWVuczE5MgpERVZJQ0U9ZW5zMTkyCk9OQk9PVD15ZXMKSVBBRERSPTEwLjExNC4xNi4xMQpQUkVGSVg9MjQKR0FURVdBWT0xMC4xMTQuMTYuMQpET01BSU49b2M0LmNvcnAubG9jYWwKRE5TMT0xLjEuMS4xCkROUzI9OS45LjkuOQo=\",\"verification\":{}},\"mode\":420}]},\"systemd\":{\"units\":[{\"contents\":\"[Unit]\\nConditionFirstBoot=yes\\n[Service]\\nType=idle\\nExecStart=/sbin/reboot\\n[Install]\\nWantedBy=multi-user.target\\n\",\"enabled\":true,\"name\":\"restart.service\"}]}}",
                            "systemd.#": "1",
                            "systemd.0": "2b2088c1732c1d1acffcbbe6386c2952e57ca2903cec0dc24bd4cb0f42abc300"
                        },
                        "meta": {},
                        "tainted": false
                    },
                    "deposed": [],
                    "provider": "module.control_plane.provider.ignition"
                },
                "data.ignition_config.ign.2": {
                    "type": "ignition_config",
                    "depends_on": [
                        "data.ignition_file.hostname.*",
                        "data.ignition_file.static_ip.*",
                        "data.ignition_systemd_unit.restart.*",
                        "local.ignition_encoded"
                    ],
                    "primary": {
                        "id": "3a26f8e8a98f7545c16e2ecf6ecc1c50adc63efffc7a187d92f2040944a636e4",
                        "attributes": {
                            "append.#": "1",
                            "append.0.source": "data:text/plain;charset=utf-8;base64,eyJpZ25pdGlvbiI6eyJjb25maWciOnsiYXBwZW5kIjpbeyJzb3VyY2UiOiJodHRwczovL2FwaS1pbnQub2M0LmNvcnAubG9jYWw6MjI2MjMvY29uZmlnL21hc3RlciIsInZlcmlmaWNhdGlvbiI6e319XX0sInNlY3VyaXR5Ijp7InRscyI6eyJjZXJ0aWZpY2F0ZUF1dGhvcml0aWVzIjpbeyJzb3VyY2UiOiJkYXRhOnRleHQvcGxhaW47Y2hhcnNldD11dGYtODtiYXNlNjQsTFMwdExTMUNSVWRKVGlCRFJWSlVTVVpKUTBGVVJTMHRMUzB0Q2sxSlNVUkZSRU5EUVdacFowRjNTVUpCWjBsSlZrMTBWV1E1YTJkRVdUUjNSRkZaU2t0dldrbG9kbU5PUVZGRlRFSlJRWGRLYWtWVFRVSkJSMEV4VlVVS1EzaE5TbUl6UW14aWJrNXZZVmRhTUUxU1FYZEVaMWxFVmxGUlJFVjNaSGxpTWprd1RGZE9hRTFDTkZoRVZFbDNUVVJaZVU5VVJUVk5lazE1VDBadldBcEVWRTEzVFVSWmVVNTZSVFZOZWsxNVQwWnZkMHBxUlZOTlFrRkhRVEZWUlVONFRVcGlNMEpzWW01T2IyRlhXakJOVWtGM1JHZFpSRlpSVVVSRmQyUjVDbUl5T1RCTVYwNW9UVWxKUWtscVFVNUNaMnR4YUd0cFJ6bDNNRUpCVVVWR1FVRlBRMEZST0VGTlNVbENRMmRMUTBGUlJVRjZNSGgxU2xGRlpEbDJPWGdLZDNwWE9FbDNjRFJCZGxoUE9FTnBPRTlhZWpJcmFrSlJjVlYxVDNsUk1ucFhVV3R1UWxSUFpYbFRhREZEY1VZNFoydGtVRmx3WlhoalZGWTNTQ3RFUVFwNFkyWlZkREo0UlhkMU56QTJhbTkzTHpkMWEyUXZWRkZPWjJRcmRtdHRkMDlLVDFGeFZtaFdNbGhzT1N0cE4zQlVObXhVUjBaaWJHcGhkVlJyUWxwTUNubEdZeTlXZW5CaGNtaG9kV1pzUmxocFRVbzFNMDR3Wmt4WGRYaHlkV2cxUWxCU1dFaEdkV04zWm05dFlYVnViemRGU0dkSVJqWjBiVEJ4Vm5NNWRta0tSMU5PUmtsQlpuQk5ZemN6WjAxNE1EZFBhbG93Um14YVoweFlZMVZGZGs5SFZsSldSM0ZaYmpGbGQwdzFNazV4YmpaWmF6WmlaWHBuYW05VFNUVjVhQW93WVV4S1EyaE5jbmxNVkRaQldFeHhaMGhKZFRScmVUaGhTazR4TWtsRVUyUndVRlpLZUUxMFJGWmxhVWh6U25nek4yVTNZM2s1UzNKUGRqaEtaRFJ1Q21kSmNsQlZWRmhZYm5kSlJFRlJRVUp2TUVsM1VVUkJUMEpuVGxaSVVUaENRV1k0UlVKQlRVTkJjVkYzUkhkWlJGWlNNRlJCVVVndlFrRlZkMEYzUlVJS0wzcEJaRUpuVGxaSVVUUkZSbWRSVlU1UlNraFpTR3BJWlhWVFNVNWhPWGhKVHpGelRsSnZjRmgzVVhkRVVWbEtTMjlhU1doMlkwNUJVVVZNUWxGQlJBcG5aMFZDUVVOSmJFbzFUMUZrTTJRM1ZGRktlRFZEUTBKNWJYRmFZbU5yVlUxYVJWbFdWRlZLYWxOSWJHTkJaMVEyWjBWaFRHbERVV2x1VlVsalJFMVdDbmszVld0MVduSlZaUzg0WWt4V1VrTkhNMUJKYUZZNUwwMTRhbVp0TDNjdlozVkZjMVJRVEZKdVJETkhUMGxKZDJseU9HWk9VR014VFV4Nk1sZGxWMEVLZUhoU2NsQndUbXRpTm14TVJWaDVNekpqY1ZWNFNGTjZLek5IUVRSVU5FMTFjMk0zYjI0d2QzWlpOMVo2VVhVNE5YWjRabGg1Vldsb0swYzVjazlSWXdvdlNrTXlOMUJIY2xJM1dGQTBOekJ6YkhSd2RHMTVjbmx1ZEdWSFVuWjJOME5NZEVaVFZEWkVhWFZOTUZwRFJuaGhNQ3R6T1hGMVJUSmtSRTgwVm14dENtZDNlVFpNV2pWNlpIWklWM2cySzFaMVpHeDBWR2hIY0ROd2JtRXlUVkVyWTFsWFNHcDBiVWRzWWpoUWR6ZHJNR3NyYVcxdU5Hb3hRMmhrTDFSV1RrZ0tlWEJ5WkVsMlZVRm9hVTB2TW5aSU5tVjNiMnRZYVZGR1JqQlZQUW90TFMwdExVVk9SQ0JEUlZKVVNVWkpRMEZVUlMwdExTMHRDZz09IiwidmVyaWZpY2F0aW9uIjp7fX1dfX0sInRpbWVvdXRzIjp7fSwidmVyc2lvbiI6IjIuMi4wIn0sIm5ldHdvcmtkIjp7fSwicGFzc3dkIjp7fSwic3RvcmFnZSI6e30sInN5c3RlbWQiOnt9fQo=",
                            "append.0.verification": "",
                            "files.#": "2",
                            "files.0": "3b9c5fd6b2d6a083838a963ebb8fa9d26f0f2e60275db378224df1fad3b6add2",
                            "files.1": "bba0abbf95b9f4362d7cddd04d2b54ff5f6b9be0bcc4ff7b8f39051476ea6eba",
                            "id": "3a26f8e8a98f7545c16e2ecf6ecc1c50adc63efffc7a187d92f2040944a636e4",
                            "rendered": "{\"ignition\":{\"config\":{\"append\":[{\"source\":\"data:text/plain;charset=utf-8;base64,eyJpZ25pdGlvbiI6eyJjb25maWciOnsiYXBwZW5kIjpbeyJzb3VyY2UiOiJodHRwczovL2FwaS1pbnQub2M0LmNvcnAubG9jYWw6MjI2MjMvY29uZmlnL21hc3RlciIsInZlcmlmaWNhdGlvbiI6e319XX0sInNlY3VyaXR5Ijp7InRscyI6eyJjZXJ0aWZpY2F0ZUF1dGhvcml0aWVzIjpbeyJzb3VyY2UiOiJkYXRhOnRleHQvcGxhaW47Y2hhcnNldD11dGYtODtiYXNlNjQsTFMwdExTMUNSVWRKVGlCRFJWSlVTVVpKUTBGVVJTMHRMUzB0Q2sxSlNVUkZSRU5EUVdacFowRjNTVUpCWjBsSlZrMTBWV1E1YTJkRVdUUjNSRkZaU2t0dldrbG9kbU5PUVZGRlRFSlJRWGRLYWtWVFRVSkJSMEV4VlVVS1EzaE5TbUl6UW14aWJrNXZZVmRhTUUxU1FYZEVaMWxFVmxGUlJFVjNaSGxpTWprd1RGZE9hRTFDTkZoRVZFbDNUVVJaZVU5VVJUVk5lazE1VDBadldBcEVWRTEzVFVSWmVVNTZSVFZOZWsxNVQwWnZkMHBxUlZOTlFrRkhRVEZWUlVONFRVcGlNMEpzWW01T2IyRlhXakJOVWtGM1JHZFpSRlpSVVVSRmQyUjVDbUl5T1RCTVYwNW9UVWxKUWtscVFVNUNaMnR4YUd0cFJ6bDNNRUpCVVVWR1FVRlBRMEZST0VGTlNVbENRMmRMUTBGUlJVRjZNSGgxU2xGRlpEbDJPWGdLZDNwWE9FbDNjRFJCZGxoUE9FTnBPRTlhZWpJcmFrSlJjVlYxVDNsUk1ucFhVV3R1UWxSUFpYbFRhREZEY1VZNFoydGtVRmx3WlhoalZGWTNTQ3RFUVFwNFkyWlZkREo0UlhkMU56QTJhbTkzTHpkMWEyUXZWRkZPWjJRcmRtdHRkMDlLVDFGeFZtaFdNbGhzT1N0cE4zQlVObXhVUjBaaWJHcGhkVlJyUWxwTUNubEdZeTlXZW5CaGNtaG9kV1pzUmxocFRVbzFNMDR3Wmt4WGRYaHlkV2cxUWxCU1dFaEdkV04zWm05dFlYVnViemRGU0dkSVJqWjBiVEJ4Vm5NNWRta0tSMU5PUmtsQlpuQk5ZemN6WjAxNE1EZFBhbG93Um14YVoweFlZMVZGZGs5SFZsSldSM0ZaYmpGbGQwdzFNazV4YmpaWmF6WmlaWHBuYW05VFNUVjVhQW93WVV4S1EyaE5jbmxNVkRaQldFeHhaMGhKZFRScmVUaGhTazR4TWtsRVUyUndVRlpLZUUxMFJGWmxhVWh6U25nek4yVTNZM2s1UzNKUGRqaEtaRFJ1Q21kSmNsQlZWRmhZYm5kSlJFRlJRVUp2TUVsM1VVUkJUMEpuVGxaSVVUaENRV1k0UlVKQlRVTkJjVkYzUkhkWlJGWlNNRlJCVVVndlFrRlZkMEYzUlVJS0wzcEJaRUpuVGxaSVVUUkZSbWRSVlU1UlNraFpTR3BJWlhWVFNVNWhPWGhKVHpGelRsSnZjRmgzVVhkRVVWbEtTMjlhU1doMlkwNUJVVVZNUWxGQlJBcG5aMFZDUVVOSmJFbzFUMUZrTTJRM1ZGRktlRFZEUTBKNWJYRmFZbU5yVlUxYVJWbFdWRlZLYWxOSWJHTkJaMVEyWjBWaFRHbERVV2x1VlVsalJFMVdDbmszVld0MVduSlZaUzg0WWt4V1VrTkhNMUJKYUZZNUwwMTRhbVp0TDNjdlozVkZjMVJRVEZKdVJETkhUMGxKZDJseU9HWk9VR014VFV4Nk1sZGxWMEVLZUhoU2NsQndUbXRpTm14TVJWaDVNekpqY1ZWNFNGTjZLek5IUVRSVU5FMTFjMk0zYjI0d2QzWlpOMVo2VVhVNE5YWjRabGg1Vldsb0swYzVjazlSWXdvdlNrTXlOMUJIY2xJM1dGQTBOekJ6YkhSd2RHMTVjbmx1ZEdWSFVuWjJOME5NZEVaVFZEWkVhWFZOTUZwRFJuaGhNQ3R6T1hGMVJUSmtSRTgwVm14dENtZDNlVFpNV2pWNlpIWklWM2cySzFaMVpHeDBWR2hIY0ROd2JtRXlUVkVyWTFsWFNHcDBiVWRzWWpoUWR6ZHJNR3NyYVcxdU5Hb3hRMmhrTDFSV1RrZ0tlWEJ5WkVsMlZVRm9hVTB2TW5aSU5tVjNiMnRZYVZGR1JqQlZQUW90TFMwdExVVk9SQ0JEUlZKVVNVWkpRMEZVUlMwdExTMHRDZz09IiwidmVyaWZpY2F0aW9uIjp7fX1dfX0sInRpbWVvdXRzIjp7fSwidmVyc2lvbiI6IjIuMi4wIn0sIm5ldHdvcmtkIjp7fSwicGFzc3dkIjp7fSwic3RvcmFnZSI6e30sInN5c3RlbWQiOnt9fQo=\",\"verification\":{}}]},\"timeouts\":{},\"version\":\"2.1.0\"},\"networkd\":{},\"passwd\":{},\"storage\":{\"files\":[{\"filesystem\":\"root\",\"group\":{},\"path\":\"/etc/hostname\",\"user\":{},\"contents\":{\"source\":\"data:text/plain;charset=utf-8;base64,Y29udHJvbC1wbGFuZS0y\",\"verification\":{}},\"mode\":420},{\"filesystem\":\"root\",\"group\":{},\"path\":\"/etc/sysconfig/network-scripts/ifcfg-ens192\",\"user\":{},\"contents\":{\"source\":\"data:text/plain;charset=utf-8;base64,VFlQRT1FdGhlcm5ldApCT09UUFJPVE89bm9uZQpOQU1FPWVuczE5MgpERVZJQ0U9ZW5zMTkyCk9OQk9PVD15ZXMKSVBBRERSPTEwLjExNC4xNi4xMgpQUkVGSVg9MjQKR0FURVdBWT0xMC4xMTQuMTYuMQpET01BSU49b2M0LmNvcnAubG9jYWwKRE5TMT0xLjEuMS4xCkROUzI9OS45LjkuOQo=\",\"verification\":{}},\"mode\":420}]},\"systemd\":{\"units\":[{\"contents\":\"[Unit]\\nConditionFirstBoot=yes\\n[Service]\\nType=idle\\nExecStart=/sbin/reboot\\n[Install]\\nWantedBy=multi-user.target\\n\",\"enabled\":true,\"name\":\"restart.service\"}]}}",
                            "systemd.#": "1",
                            "systemd.0": "2b2088c1732c1d1acffcbbe6386c2952e57ca2903cec0dc24bd4cb0f42abc300"
                        },
                        "meta": {},
                        "tainted": false
                    },
                    "deposed": [],
                    "provider": "module.control_plane.provider.ignition"
                },
                "data.ignition_file.hostname.0": {
                    "type": "ignition_file",
                    "depends_on": [],
                    "primary": {
                        "id": "15993e847c56ea3a5c0732a5cac8e81241a2da17752a4dca3c03046a185c6625",
                        "attributes": {
                            "content.#": "1",
                            "content.0.content": "control-plane-0",
                            "content.0.mime": "text/plain",
                            "filesystem": "root",
                            "id": "15993e847c56ea3a5c0732a5cac8e81241a2da17752a4dca3c03046a185c6625",
                            "mode": "420",
                            "path": "/etc/hostname"
                        },
                        "meta": {},
                        "tainted": false
                    },
                    "deposed": [],
                    "provider": "module.control_plane.provider.ignition"
                },
                "data.ignition_file.hostname.1": {
                    "type": "ignition_file",
                    "depends_on": [],
                    "primary": {
                        "id": "fbe07a03370697fae86ea33632e264340c4c18ade2076e84c08b5ca53fe0b60f",
                        "attributes": {
                            "content.#": "1",
                            "content.0.content": "control-plane-1",
                            "content.0.mime": "text/plain",
                            "filesystem": "root",
                            "id": "fbe07a03370697fae86ea33632e264340c4c18ade2076e84c08b5ca53fe0b60f",
                            "mode": "420",
                            "path": "/etc/hostname"
                        },
                        "meta": {},
                        "tainted": false
                    },
                    "deposed": [],
                    "provider": "module.control_plane.provider.ignition"
                },
                "data.ignition_file.hostname.2": {
                    "type": "ignition_file",
                    "depends_on": [],
                    "primary": {
                        "id": "3b9c5fd6b2d6a083838a963ebb8fa9d26f0f2e60275db378224df1fad3b6add2",
                        "attributes": {
                            "content.#": "1",
                            "content.0.content": "control-plane-2",
                            "content.0.mime": "text/plain",
                            "filesystem": "root",
                            "id": "3b9c5fd6b2d6a083838a963ebb8fa9d26f0f2e60275db378224df1fad3b6add2",
                            "mode": "420",
                            "path": "/etc/hostname"
                        },
                        "meta": {},
                        "tainted": false
                    },
                    "deposed": [],
                    "provider": "module.control_plane.provider.ignition"
                },
                "data.ignition_file.static_ip.0": {
                    "type": "ignition_file",
                    "depends_on": [
                        "local.gw",
                        "local.ip_addresses",
                        "local.mask"
                    ],
                    "primary": {
                        "id": "f7d75634554c9b4ee09e7a14e6133560bbb15252c9ced3db82ada079415b4257",
                        "attributes": {
                            "content.#": "1",
                            "content.0.content": "TYPE=Ethernet\nBOOTPROTO=none\nNAME=ens192\nDEVICE=ens192\nONBOOT=yes\nIPADDR=10.114.16.10\nPREFIX=24\nGATEWAY=10.114.16.1\nDOMAIN=oc4.corp.local\nDNS1=1.1.1.1\nDNS2=9.9.9.9\n",
                            "content.0.mime": "text/plain",
                            "filesystem": "root",
                            "id": "f7d75634554c9b4ee09e7a14e6133560bbb15252c9ced3db82ada079415b4257",
                            "mode": "420",
                            "path": "/etc/sysconfig/network-scripts/ifcfg-ens192"
                        },
                        "meta": {},
                        "tainted": false
                    },
                    "deposed": [],
                    "provider": "module.control_plane.provider.ignition"
                },
                "data.ignition_file.static_ip.1": {
                    "type": "ignition_file",
                    "depends_on": [
                        "local.gw",
                        "local.ip_addresses",
                        "local.mask"
                    ],
                    "primary": {
                        "id": "3147f18af5dee0afc57a40b352324ca0a4d58ad60fe11e7054aec8c3a662fd88",
                        "attributes": {
                            "content.#": "1",
                            "content.0.content": "TYPE=Ethernet\nBOOTPROTO=none\nNAME=ens192\nDEVICE=ens192\nONBOOT=yes\nIPADDR=10.114.16.11\nPREFIX=24\nGATEWAY=10.114.16.1\nDOMAIN=oc4.corp.local\nDNS1=1.1.1.1\nDNS2=9.9.9.9\n",
                            "content.0.mime": "text/plain",
                            "filesystem": "root",
                            "id": "3147f18af5dee0afc57a40b352324ca0a4d58ad60fe11e7054aec8c3a662fd88",
                            "mode": "420",
                            "path": "/etc/sysconfig/network-scripts/ifcfg-ens192"
                        },
                        "meta": {},
                        "tainted": false
                    },
                    "deposed": [],
                    "provider": "module.control_plane.provider.ignition"
                },
                "data.ignition_file.static_ip.2": {
                    "type": "ignition_file",
                    "depends_on": [
                        "local.gw",
                        "local.ip_addresses",
                        "local.mask"
                    ],
                    "primary": {
                        "id": "bba0abbf95b9f4362d7cddd04d2b54ff5f6b9be0bcc4ff7b8f39051476ea6eba",
                        "attributes": {
                            "content.#": "1",
                            "content.0.content": "TYPE=Ethernet\nBOOTPROTO=none\nNAME=ens192\nDEVICE=ens192\nONBOOT=yes\nIPADDR=10.114.16.12\nPREFIX=24\nGATEWAY=10.114.16.1\nDOMAIN=oc4.corp.local\nDNS1=1.1.1.1\nDNS2=9.9.9.9\n",
                            "content.0.mime": "text/plain",
                            "filesystem": "root",
                            "id": "bba0abbf95b9f4362d7cddd04d2b54ff5f6b9be0bcc4ff7b8f39051476ea6eba",
                            "mode": "420",
                            "path": "/etc/sysconfig/network-scripts/ifcfg-ens192"
                        },
                        "meta": {},
                        "tainted": false
                    },
                    "deposed": [],
                    "provider": "module.control_plane.provider.ignition"
                },
                "data.ignition_systemd_unit.restart.0": {
                    "type": "ignition_systemd_unit",
                    "depends_on": [],
                    "primary": {
                        "id": "2b2088c1732c1d1acffcbbe6386c2952e57ca2903cec0dc24bd4cb0f42abc300",
                        "attributes": {
                            "content": "[Unit]\nConditionFirstBoot=yes\n[Service]\nType=idle\nExecStart=/sbin/reboot\n[Install]\nWantedBy=multi-user.target\n",
                            "enabled": "true",
                            "id": "2b2088c1732c1d1acffcbbe6386c2952e57ca2903cec0dc24bd4cb0f42abc300",
                            "name": "restart.service"
                        },
                        "meta": {},
                        "tainted": false
                    },
                    "deposed": [],
                    "provider": "module.control_plane.provider.ignition"
                },
                "data.ignition_systemd_unit.restart.1": {
                    "type": "ignition_systemd_unit",
                    "depends_on": [],
                    "primary": {
                        "id": "2b2088c1732c1d1acffcbbe6386c2952e57ca2903cec0dc24bd4cb0f42abc300",
                        "attributes": {
                            "content": "[Unit]\nConditionFirstBoot=yes\n[Service]\nType=idle\nExecStart=/sbin/reboot\n[Install]\nWantedBy=multi-user.target\n",
                            "enabled": "true",
                            "id": "2b2088c1732c1d1acffcbbe6386c2952e57ca2903cec0dc24bd4cb0f42abc300",
                            "name": "restart.service"
                        },
                        "meta": {},
                        "tainted": false
                    },
                    "deposed": [],
                    "provider": "module.control_plane.provider.ignition"
                },
                "data.ignition_systemd_unit.restart.2": {
                    "type": "ignition_systemd_unit",
                    "depends_on": [],
                    "primary": {
                        "id": "2b2088c1732c1d1acffcbbe6386c2952e57ca2903cec0dc24bd4cb0f42abc300",
                        "attributes": {
                            "content": "[Unit]\nConditionFirstBoot=yes\n[Service]\nType=idle\nExecStart=/sbin/reboot\n[Install]\nWantedBy=multi-user.target\n",
                            "enabled": "true",
                            "id": "2b2088c1732c1d1acffcbbe6386c2952e57ca2903cec0dc24bd4cb0f42abc300",
                            "name": "restart.service"
                        },
                        "meta": {},
                        "tainted": false
                    },
                    "deposed": [],
                    "provider": "module.control_plane.provider.ignition"
                },
                "data.vsphere_datastore.datastore": {
                    "type": "vsphere_datastore",
                    "depends_on": [],
                    "primary": {
                        "id": "datastore-189",
                        "attributes": {
                            "datacenter_id": "datacenter-21",
                            "id": "datastore-189",
                            "name": "iscsi"
                        },
                        "meta": {},
                        "tainted": false
                    },
                    "deposed": [],
                    "provider": "provider.vsphere"
                },
                "data.vsphere_network.network": {
                    "type": "vsphere_network",
                    "depends_on": [],
                    "primary": {
                        "id": "network-o396",
                        "attributes": {
                            "datacenter_id": "datacenter-21",
                            "id": "network-o396",
                            "name": "ocp4-segment",
                            "type": "OpaqueNetwork"
                        },
                        "meta": {},
                        "tainted": false
                    },
                    "deposed": [],
                    "provider": "provider.vsphere"
                },
                "data.vsphere_virtual_machine.template": {
                    "type": "vsphere_virtual_machine",
                    "depends_on": [],
                    "primary": {
                        "id": "4225e7f3-c99f-0daf-e952-67de92691a74",
                        "attributes": {
                            "alternate_guest_name": "",
                            "datacenter_id": "datacenter-21",
                            "disks.#": "1",
                            "disks.0.eagerly_scrub": "false",
                            "disks.0.size": "16",
                            "disks.0.thin_provisioned": "true",
                            "firmware": "bios",
                            "guest_id": "rhel7_64Guest",
                            "guest_ip_addresses.#": "0",
                            "id": "4225e7f3-c99f-0daf-e952-67de92691a74",
                            "name": "RH",
                            "network_interface_types.#": "1",
                            "network_interface_types.0": "vmxnet3",
                            "scsi_bus_sharing": "noSharing",
                            "scsi_controller_scan_count": "1",
                            "scsi_type": "pvscsi"
                        },
                        "meta": {},
                        "tainted": false
                    },
                    "deposed": [],
                    "provider": "provider.vsphere"
                },
                "vsphere_virtual_machine.vm.0": {
                    "type": "vsphere_virtual_machine",
                    "depends_on": [
                        "data.ignition_config.ign.*",
                        "data.vsphere_datastore.datastore",
                        "data.vsphere_network.network",
                        "data.vsphere_virtual_machine.template"
                    ],
                    "primary": {
                        "id": "42250eb7-af01-26de-9bfb-d82e86463dc5",
                        "attributes": {
                            "alternate_guest_name": "",
                            "annotation": "",
                            "boot_delay": "0",
                            "boot_retry_delay": "10000",
                            "boot_retry_enabled": "false",
                            "cdrom.#": "0",
                            "change_version": "2020-06-29T19:39:02.276337Z",
                            "clone.#": "1",
                            "clone.0.customize.#": "0",
                            "clone.0.linked_clone": "false",
                            "clone.0.ovf_network_map.%": "0",
                            "clone.0.ovf_storage_map.%": "0",
                            "clone.0.template_uuid": "4225e7f3-c99f-0daf-e952-67de92691a74",
                            "clone.0.timeout": "30",
                            "cpu_hot_add_enabled": "false",
                            "cpu_hot_remove_enabled": "false",
                            "cpu_limit": "-1",
                            "cpu_performance_counters_enabled": "false",
                            "cpu_reservation": "0",
                            "cpu_share_count": "4000",
                            "cpu_share_level": "normal",
                            "custom_attributes.%": "0",
                            "datastore_id": "datastore-189",
                            "disk.#": "1",
                            "disk.0.attach": "false",
                            "disk.0.datastore_id": "datastore-189",
                            "disk.0.device_address": "scsi:0:0",
                            "disk.0.disk_mode": "persistent",
                            "disk.0.disk_sharing": "sharingNone",
                            "disk.0.eagerly_scrub": "false",
                            "disk.0.io_limit": "-1",
                            "disk.0.io_reservation": "0",
                            "disk.0.io_share_count": "1000",
                            "disk.0.io_share_level": "normal",
                            "disk.0.keep_on_remove": "false",
                            "disk.0.key": "2000",
                            "disk.0.label": "disk0",
                            "disk.0.name": "",
                            "disk.0.path": "control-plane-0/control-plane-0.vmdk",
                            "disk.0.size": "60",
                            "disk.0.storage_policy_id": "",
                            "disk.0.thin_provisioned": "true",
                            "disk.0.unit_number": "0",
                            "disk.0.uuid": "6000C291-c248-95c0-855c-00a80bddc064",
                            "disk.0.write_through": "false",
                            "efi_secure_boot_enabled": "false",
                            "enable_disk_uuid": "true",
                            "enable_logging": "false",
                            "ept_rvi_mode": "automatic",
                            "extra_config.%": "0",
                            "firmware": "bios",
                            "folder": "oc4",
                            "force_power_off": "true",
                            "guest_id": "rhel7_64Guest",
                            "guest_ip_addresses.#": "0",
                            "hardware_version": "13",
                            "host_system_id": "host-33",
                            "hv_mode": "hvAuto",
                            "id": "42250eb7-af01-26de-9bfb-d82e86463dc5",
                            "latency_sensitivity": "normal",
                            "memory": "16384",
                            "memory_hot_add_enabled": "false",
                            "memory_limit": "-1",
                            "memory_reservation": "0",
                            "memory_share_count": "163840",
                            "memory_share_level": "normal",
                            "migrate_wait_timeout": "30",
                            "moid": "vm-437",
                            "name": "control-plane-0",
                            "nested_hv_enabled": "false",
                            "network_interface.#": "1",
                            "network_interface.0.adapter_type": "vmxnet3",
                            "network_interface.0.bandwidth_limit": "-1",
                            "network_interface.0.bandwidth_reservation": "0",
                            "network_interface.0.bandwidth_share_count": "50",
                            "network_interface.0.bandwidth_share_level": "normal",
                            "network_interface.0.device_address": "pci:0:7",
                            "network_interface.0.key": "4000",
                            "network_interface.0.mac_address": "00:50:56:a5:da:6e",
                            "network_interface.0.network_id": "network-o396",
                            "network_interface.0.ovf_mapping": "",
                            "network_interface.0.use_static_mac": "false",
                            "num_cores_per_socket": "1",
                            "num_cpus": "4",
                            "pci_device_id.#": "0",
                            "poweron_timeout": "300",
                            "reboot_required": "false",
                            "resource_pool_id": "resgroup-434",
                            "run_tools_scripts_after_power_on": "true",
                            "run_tools_scripts_after_resume": "true",
                            "run_tools_scripts_before_guest_reboot": "false",
                            "run_tools_scripts_before_guest_shutdown": "true",
                            "run_tools_scripts_before_guest_standby": "true",
                            "scsi_bus_sharing": "noSharing",
                            "scsi_controller_count": "1",
                            "scsi_type": "pvscsi",
                            "shutdown_wait_timeout": "3",
                            "storage_policy_id": "",
                            "swap_placement_policy": "inherit",
                            "sync_time_with_host": "false",
                            "tags.#": "0",
                            "uuid": "42250eb7-af01-26de-9bfb-d82e86463dc5",
                            "vapp.#": "1",
                            "vapp.0.properties.%": "2",
                            "vapp.0.properties.guestinfo.ignition.config.data": "eyJpZ25pdGlvbiI6eyJjb25maWciOnsiYXBwZW5kIjpbeyJzb3VyY2UiOiJkYXRhOnRleHQvcGxhaW47Y2hhcnNldD11dGYtODtiYXNlNjQsZXlKcFoyNXBkR2x2YmlJNmV5SmpiMjVtYVdjaU9uc2lZWEJ3Wlc1a0lqcGJleUp6YjNWeVkyVWlPaUpvZEhSd2N6b3ZMMkZ3YVMxcGJuUXViMk0wTG1OdmNuQXViRzlqWVd3Nk1qSTJNak12WTI5dVptbG5MMjFoYzNSbGNpSXNJblpsY21sbWFXTmhkR2x2YmlJNmUzMTlYWDBzSW5ObFkzVnlhWFI1SWpwN0luUnNjeUk2ZXlKalpYSjBhV1pwWTJGMFpVRjFkR2h2Y21sMGFXVnpJanBiZXlKemIzVnlZMlVpT2lKa1lYUmhPblJsZUhRdmNHeGhhVzQ3WTJoaGNuTmxkRDExZEdZdE9EdGlZWE5sTmpRc1RGTXdkRXhUTVVOU1ZXUktWR2xDUkZKV1NsVlRWVnBLVVRCR1ZWSlRNSFJNVXpCMFEyc3hTbE5WVWtaU1JVNUVVVmRhY0Zvd1JqTlRWVXBDV2pCc1NsWnJNVEJXVjFFMVlUSmtSVmRVVWpOU1JrWmFVMnQwZGxkcmJHOWtiVTVQVVZaR1JsUkZTbEpSV0dSTFlXdFdWRlJWU2tKU01FVjRWbFZWUzFFemFFNVRiVWw2VVcxNGFXSnJOWFpaVm1SaFRVVXhVMUZZWkVWYU1XeEZWbXhHVWxKRlZqTmFTR3hwVFdwcmQxUkdaRTloUlRGRFRrWm9SVlpGYkROVVZWSmFaVlU1VlZKVVZrNWxhekUxVkRCYWRsZEJjRVZXUlRFelZGVlNXbVZWTlRaU1ZGWk9aV3N4TlZRd1duWmtNSEJ4VWxaT1RsRnJSa2hSVkVaV1VsVk9ORlJWY0dsTk1FcHpXVzAxVDJJeVJsaFhha0pPVld0R00xSkhaRnBTUmxwU1ZWVlNSbVF5VWpWRGJVbDVUMVJDVFZZd05XOVVWV3hLVVd0c2NWRlZOVU5hTW5SNFlVZDBjRko2YkROTlJVcENWVlZXUjFGVlJsQlJNRVpTVDBWR1RsTlZiRU5STW1STVVUQkdVbEpWUmpaTlNHZ3hVMnhHUmxwRWJESlBXR2RMWkROd1dFOUZiRE5qUkZKQ1pHeG9VRTlGVG5CUFJUbGhaV3BKY21GclNsSmpWbFl4VkROc1VrMXVjRmhWVjNSMVVXeFNVRnBZYkZSaFJFWkVZMVZaTkZveWRHdFZSbXgzV2xob2FsWkdXVE5UUTNSRlVWRndORmt5V2xaa1JFbzBVbGhrTVU1NlFUSmhiVGt6VEhwa01XRXlVWFpXUmtaUFdqSlJjbVJ0ZEhSa01EbExWREZHZUZadGFGZE5iR2h6VDFOMGNFNHpRbFZPYlhoVlVqQmFhV0pIY0doa1ZsSnlVV3h3VFVOdWJFZFplVGxYWlc1Q2FHTnRhRzlrVjFwelVteG9jRlJWYnpGTk1EUjNXbXQ0V0dSWWFIbGtWMmN4VVd4Q1UxZEZhRWRrVjA0eldtMDVkRmxZVm5WaWVtUkdVMGRrU1ZKcVdqQmlWRUo0Vm01Tk5XUnRhMHRTTVU1UFVtdHNRbHB1UWs1WmVtTjZXakF4TkUxRVpGQmhiRzkzVW0xNFlWb3dlRmxaTVZaR1pHczVTRlpzU2xkU00wWmFZbXBHYkdRd2R6Rk5helY0WW1wYVdtRjZXbWxhV0hCdVlXMDVWRk5VVmpWaFFXOTNXVlY0UzFFeWFFNWpibXhOVmtSYVFsZEZlSGhhTUdoS1pGUlNjbVZVYUdoVGF6UjRUV3RzUlZVeVVuZFZSbHBMWlVVeE1GSkdXbXhoVldoNlUyNW5lazR5VlROWk0yczFVek5LVUdScWFFdGFSRkoxUTIxa1NtTnNRbFpXUm1oWlltNWtTbEpGUmxKUlZVcDJUVVZzTTFWVlVrSlVNRXB1Vkd4YVNWVlVhRU5SVjFrMFVsVktRbFJWVGtKalZrWXpVa2hrV2xKR1dsTk5SbEpDVlZWbmRsRnJSbFprTUVZelVsVkpTMHd6Y0VKYVJVcHVWR3hhU1ZWVVVrWlNiV1JTVmxVMVVsTnJhRnBUUjNCSldsaFdWRk5WTldoUFdHaEtWSHBHZWxSc1NuWmpSbWd6VlZoa1JWVldiRXRUTWpsaFUxZG9NbGt3TlVKVlZWWk5VV3hHUWxKQmNHNWFNRlpEVVZWT1NtSkZiekZVTVVaclRUSlJNMVpHUmt0bFJGWkVVVEJLTldKWVJtRlpiVTV5VmxVeFlWSldiRmRXUmxaTFlXeE9TV0pIVGtKYU1WRXlXakJXYUZSSGJFUlZWMngxVmxWc2FsSkZNVmREYm1zelZsZDBNVmR1U2xaYVV6ZzBXV3Q0VjFWclRraE5NVUpLWVVaWk5Vd3dNVFJoYlZwMFRETmpkbG96Vmtaak1WSlJWRVpLZFZKRVRraFVNR3hLWkRKc2VVOUhXazlWUjAxNFZGVjROazFzWkd4V01FVkxaVWhvVTJOc1FuZFViWFJwVG0xNFRWSldhRFZOZWtwcVkxWldORk5HVGpaTGVrNUlVVlJTVlU1Rk1URmpNazB6WWpJMGQyUXpXbHBPTVZvMlZWaFZORTVZV2pSYWJHZzFWbGRzYjBzd1l6VmphemxTV1hkdmRsTnJUWGxPTVVKSVkyeEpNMWRHUVRCT2VrSjZZa2hTZDJSSE1UVmpibXgxWkVkV1NGVnVXakpPTUU1TlpFVmFWRlpFV2tWaFdGWk9UVVp3UkZKdWFHaE5RM1I2VDFoR01WSlVTbXRTUlRnd1ZtMTRkRU50WkRObFZGcE5WMnBXTmxwSVdrbFdNMmN5U3pGYU1WcEhlREJXUjJoSVkwUk9kMkp0UlhsVVZrVnlXVEZzV0ZOSGNEQmlWV1J6V1dwb1VXUjZaSEpOUjNOeVlWY3hkVTVIYjNoUk1taHJUREZTVjFSclowdGxXRUo1V2tWc01sWlZSbTloVlRCMlRXNWFTVTV0VmpOaU1uUlpZVlpHUjFKcVFsWlFVVzkwVEZNd2RFeFZWazlTUTBKRVVsWktWVk5WV2twUk1FWlZVbE13ZEV4VE1IUkRaejA5SWl3aWRtVnlhV1pwWTJGMGFXOXVJanA3ZlgxZGZYMHNJblJwYldWdmRYUnpJanA3ZlN3aWRtVnljMmx2YmlJNklqSXVNaTR3SW4wc0ltNWxkSGR2Y210a0lqcDdmU3dpY0dGemMzZGtJanA3ZlN3aWMzUnZjbUZuWlNJNmUzMHNJbk41YzNSbGJXUWlPbnQ5ZlFvPSIsInZlcmlmaWNhdGlvbiI6e319XX0sInRpbWVvdXRzIjp7fSwidmVyc2lvbiI6IjIuMS4wIn0sIm5ldHdvcmtkIjp7fSwicGFzc3dkIjp7fSwic3RvcmFnZSI6eyJmaWxlcyI6W3siZmlsZXN5c3RlbSI6InJvb3QiLCJncm91cCI6e30sInBhdGgiOiIvZXRjL2hvc3RuYW1lIiwidXNlciI6e30sImNvbnRlbnRzIjp7InNvdXJjZSI6ImRhdGE6dGV4dC9wbGFpbjtjaGFyc2V0PXV0Zi04O2Jhc2U2NCxZMjl1ZEhKdmJDMXdiR0Z1WlMwdyIsInZlcmlmaWNhdGlvbiI6e319LCJtb2RlIjo0MjB9LHsiZmlsZXN5c3RlbSI6InJvb3QiLCJncm91cCI6e30sInBhdGgiOiIvZXRjL3N5c2NvbmZpZy9uZXR3b3JrLXNjcmlwdHMvaWZjZmctZW5zMTkyIiwidXNlciI6e30sImNvbnRlbnRzIjp7InNvdXJjZSI6ImRhdGE6dGV4dC9wbGFpbjtjaGFyc2V0PXV0Zi04O2Jhc2U2NCxWRmxRUlQxRmRHaGxjbTVsZEFwQ1QwOVVVRkpQVkU4OWJtOXVaUXBPUVUxRlBXVnVjekU1TWdwRVJWWkpRMFU5Wlc1ek1Ua3lDazlPUWs5UFZEMTVaWE1LU1ZCQlJFUlNQVEV3TGpFeE5DNHhOaTR4TUFwUVVrVkdTVmc5TWpRS1IwRlVSVmRCV1QweE1DNHhNVFF1TVRZdU1RcEVUMDFCU1U0OWIyTTBMbU52Y25BdWJHOWpZV3dLUkU1VE1UMHhMakV1TVM0eENrUk9Vekk5T1M0NUxqa3VPUW89IiwidmVyaWZpY2F0aW9uIjp7fX0sIm1vZGUiOjQyMH1dfSwic3lzdGVtZCI6eyJ1bml0cyI6W3siY29udGVudHMiOiJbVW5pdF1cbkNvbmRpdGlvbkZpcnN0Qm9vdD15ZXNcbltTZXJ2aWNlXVxuVHlwZT1pZGxlXG5FeGVjU3RhcnQ9L3NiaW4vcmVib290XG5bSW5zdGFsbF1cbldhbnRlZEJ5PW11bHRpLXVzZXIudGFyZ2V0XG4iLCJlbmFibGVkIjp0cnVlLCJuYW1lIjoicmVzdGFydC5zZXJ2aWNlIn1dfX0=",
                            "vapp.0.properties.guestinfo.ignition.config.data.encoding": "base64",
                            "vapp_transport.#": "1",
                            "vapp_transport.0": "com.vmware.guestInfo",
                            "vmware_tools_status": "guestToolsNotRunning",
                            "vmx_path": "control-plane-0/control-plane-0.vmx",
                            "wait_for_guest_ip_timeout": "0",
                            "wait_for_guest_net_routable": "false",
                            "wait_for_guest_net_timeout": "0"
                        },
                        "meta": {
                            "schema_version": "3"
                        },
                        "tainted": false
                    },
                    "deposed": [],
                    "provider": "provider.vsphere"
                },
                "vsphere_virtual_machine.vm.1": {
                    "type": "vsphere_virtual_machine",
                    "depends_on": [
                        "data.ignition_config.ign.*",
                        "data.vsphere_datastore.datastore",
                        "data.vsphere_network.network",
                        "data.vsphere_virtual_machine.template"
                    ],
                    "primary": {
                        "id": "42255a2a-7ff0-46f6-864a-f3c5da2684e2",
                        "attributes": {
                            "alternate_guest_name": "",
                            "annotation": "",
                            "boot_delay": "0",
                            "boot_retry_delay": "10000",
                            "boot_retry_enabled": "false",
                            "cdrom.#": "0",
                            "change_version": "2020-06-29T19:39:00.959275Z",
                            "clone.#": "1",
                            "clone.0.customize.#": "0",
                            "clone.0.linked_clone": "false",
                            "clone.0.ovf_network_map.%": "0",
                            "clone.0.ovf_storage_map.%": "0",
                            "clone.0.template_uuid": "4225e7f3-c99f-0daf-e952-67de92691a74",
                            "clone.0.timeout": "30",
                            "cpu_hot_add_enabled": "false",
                            "cpu_hot_remove_enabled": "false",
                            "cpu_limit": "-1",
                            "cpu_performance_counters_enabled": "false",
                            "cpu_reservation": "0",
                            "cpu_share_count": "4000",
                            "cpu_share_level": "normal",
                            "custom_attributes.%": "0",
                            "datastore_id": "datastore-189",
                            "disk.#": "1",
                            "disk.0.attach": "false",
                            "disk.0.datastore_id": "datastore-189",
                            "disk.0.device_address": "scsi:0:0",
                            "disk.0.disk_mode": "persistent",
                            "disk.0.disk_sharing": "sharingNone",
                            "disk.0.eagerly_scrub": "false",
                            "disk.0.io_limit": "-1",
                            "disk.0.io_reservation": "0",
                            "disk.0.io_share_count": "1000",
                            "disk.0.io_share_level": "normal",
                            "disk.0.keep_on_remove": "false",
                            "disk.0.key": "2000",
                            "disk.0.label": "disk0",
                            "disk.0.name": "",
                            "disk.0.path": "control-plane-1/control-plane-1.vmdk",
                            "disk.0.size": "60",
                            "disk.0.storage_policy_id": "",
                            "disk.0.thin_provisioned": "true",
                            "disk.0.unit_number": "0",
                            "disk.0.uuid": "6000C292-8e84-1e40-8b69-de734065b0ff",
                            "disk.0.write_through": "false",
                            "efi_secure_boot_enabled": "false",
                            "enable_disk_uuid": "true",
                            "enable_logging": "false",
                            "ept_rvi_mode": "automatic",
                            "extra_config.%": "0",
                            "firmware": "bios",
                            "folder": "oc4",
                            "force_power_off": "true",
                            "guest_id": "rhel7_64Guest",
                            "guest_ip_addresses.#": "0",
                            "hardware_version": "13",
                            "host_system_id": "host-33",
                            "hv_mode": "hvAuto",
                            "id": "42255a2a-7ff0-46f6-864a-f3c5da2684e2",
                            "latency_sensitivity": "normal",
                            "memory": "16384",
                            "memory_hot_add_enabled": "false",
                            "memory_limit": "-1",
                            "memory_reservation": "0",
                            "memory_share_count": "163840",
                            "memory_share_level": "normal",
                            "migrate_wait_timeout": "30",
                            "moid": "vm-440",
                            "name": "control-plane-1",
                            "nested_hv_enabled": "false",
                            "network_interface.#": "1",
                            "network_interface.0.adapter_type": "vmxnet3",
                            "network_interface.0.bandwidth_limit": "-1",
                            "network_interface.0.bandwidth_reservation": "0",
                            "network_interface.0.bandwidth_share_count": "50",
                            "network_interface.0.bandwidth_share_level": "normal",
                            "network_interface.0.device_address": "pci:0:7",
                            "network_interface.0.key": "4000",
                            "network_interface.0.mac_address": "00:50:56:a5:ef:64",
                            "network_interface.0.network_id": "network-o396",
                            "network_interface.0.ovf_mapping": "",
                            "network_interface.0.use_static_mac": "false",
                            "num_cores_per_socket": "1",
                            "num_cpus": "4",
                            "pci_device_id.#": "0",
                            "poweron_timeout": "300",
                            "reboot_required": "false",
                            "resource_pool_id": "resgroup-434",
                            "run_tools_scripts_after_power_on": "true",
                            "run_tools_scripts_after_resume": "true",
                            "run_tools_scripts_before_guest_reboot": "false",
                            "run_tools_scripts_before_guest_shutdown": "true",
                            "run_tools_scripts_before_guest_standby": "true",
                            "scsi_bus_sharing": "noSharing",
                            "scsi_controller_count": "1",
                            "scsi_type": "pvscsi",
                            "shutdown_wait_timeout": "3",
                            "storage_policy_id": "",
                            "swap_placement_policy": "inherit",
                            "sync_time_with_host": "false",
                            "tags.#": "0",
                            "uuid": "42255a2a-7ff0-46f6-864a-f3c5da2684e2",
                            "vapp.#": "1",
                            "vapp.0.properties.%": "2",
                            "vapp.0.properties.guestinfo.ignition.config.data": "eyJpZ25pdGlvbiI6eyJjb25maWciOnsiYXBwZW5kIjpbeyJzb3VyY2UiOiJkYXRhOnRleHQvcGxhaW47Y2hhcnNldD11dGYtODtiYXNlNjQsZXlKcFoyNXBkR2x2YmlJNmV5SmpiMjVtYVdjaU9uc2lZWEJ3Wlc1a0lqcGJleUp6YjNWeVkyVWlPaUpvZEhSd2N6b3ZMMkZ3YVMxcGJuUXViMk0wTG1OdmNuQXViRzlqWVd3Nk1qSTJNak12WTI5dVptbG5MMjFoYzNSbGNpSXNJblpsY21sbWFXTmhkR2x2YmlJNmUzMTlYWDBzSW5ObFkzVnlhWFI1SWpwN0luUnNjeUk2ZXlKalpYSjBhV1pwWTJGMFpVRjFkR2h2Y21sMGFXVnpJanBiZXlKemIzVnlZMlVpT2lKa1lYUmhPblJsZUhRdmNHeGhhVzQ3WTJoaGNuTmxkRDExZEdZdE9EdGlZWE5sTmpRc1RGTXdkRXhUTVVOU1ZXUktWR2xDUkZKV1NsVlRWVnBLVVRCR1ZWSlRNSFJNVXpCMFEyc3hTbE5WVWtaU1JVNUVVVmRhY0Zvd1JqTlRWVXBDV2pCc1NsWnJNVEJXVjFFMVlUSmtSVmRVVWpOU1JrWmFVMnQwZGxkcmJHOWtiVTVQVVZaR1JsUkZTbEpSV0dSTFlXdFdWRlJWU2tKU01FVjRWbFZWUzFFemFFNVRiVWw2VVcxNGFXSnJOWFpaVm1SaFRVVXhVMUZZWkVWYU1XeEZWbXhHVWxKRlZqTmFTR3hwVFdwcmQxUkdaRTloUlRGRFRrWm9SVlpGYkROVVZWSmFaVlU1VlZKVVZrNWxhekUxVkRCYWRsZEJjRVZXUlRFelZGVlNXbVZWTlRaU1ZGWk9aV3N4TlZRd1duWmtNSEJ4VWxaT1RsRnJSa2hSVkVaV1VsVk9ORlJWY0dsTk1FcHpXVzAxVDJJeVJsaFhha0pPVld0R00xSkhaRnBTUmxwU1ZWVlNSbVF5VWpWRGJVbDVUMVJDVFZZd05XOVVWV3hLVVd0c2NWRlZOVU5hTW5SNFlVZDBjRko2YkROTlJVcENWVlZXUjFGVlJsQlJNRVpTVDBWR1RsTlZiRU5STW1STVVUQkdVbEpWUmpaTlNHZ3hVMnhHUmxwRWJESlBXR2RMWkROd1dFOUZiRE5qUkZKQ1pHeG9VRTlGVG5CUFJUbGhaV3BKY21GclNsSmpWbFl4VkROc1VrMXVjRmhWVjNSMVVXeFNVRnBZYkZSaFJFWkVZMVZaTkZveWRHdFZSbXgzV2xob2FsWkdXVE5UUTNSRlVWRndORmt5V2xaa1JFbzBVbGhrTVU1NlFUSmhiVGt6VEhwa01XRXlVWFpXUmtaUFdqSlJjbVJ0ZEhSa01EbExWREZHZUZadGFGZE5iR2h6VDFOMGNFNHpRbFZPYlhoVlVqQmFhV0pIY0doa1ZsSnlVV3h3VFVOdWJFZFplVGxYWlc1Q2FHTnRhRzlrVjFwelVteG9jRlJWYnpGTk1EUjNXbXQ0V0dSWWFIbGtWMmN4VVd4Q1UxZEZhRWRrVjA0eldtMDVkRmxZVm5WaWVtUkdVMGRrU1ZKcVdqQmlWRUo0Vm01Tk5XUnRhMHRTTVU1UFVtdHNRbHB1UWs1WmVtTjZXakF4TkUxRVpGQmhiRzkzVW0xNFlWb3dlRmxaTVZaR1pHczVTRlpzU2xkU00wWmFZbXBHYkdRd2R6Rk5helY0WW1wYVdtRjZXbWxhV0hCdVlXMDVWRk5VVmpWaFFXOTNXVlY0UzFFeWFFNWpibXhOVmtSYVFsZEZlSGhhTUdoS1pGUlNjbVZVYUdoVGF6UjRUV3RzUlZVeVVuZFZSbHBMWlVVeE1GSkdXbXhoVldoNlUyNW5lazR5VlROWk0yczFVek5LVUdScWFFdGFSRkoxUTIxa1NtTnNRbFpXUm1oWlltNWtTbEpGUmxKUlZVcDJUVVZzTTFWVlVrSlVNRXB1Vkd4YVNWVlVhRU5SVjFrMFVsVktRbFJWVGtKalZrWXpVa2hrV2xKR1dsTk5SbEpDVlZWbmRsRnJSbFprTUVZelVsVkpTMHd6Y0VKYVJVcHVWR3hhU1ZWVVVrWlNiV1JTVmxVMVVsTnJhRnBUUjNCSldsaFdWRk5WTldoUFdHaEtWSHBHZWxSc1NuWmpSbWd6VlZoa1JWVldiRXRUTWpsaFUxZG9NbGt3TlVKVlZWWk5VV3hHUWxKQmNHNWFNRlpEVVZWT1NtSkZiekZVTVVaclRUSlJNMVpHUmt0bFJGWkVVVEJLTldKWVJtRlpiVTV5VmxVeFlWSldiRmRXUmxaTFlXeE9TV0pIVGtKYU1WRXlXakJXYUZSSGJFUlZWMngxVmxWc2FsSkZNVmREYm1zelZsZDBNVmR1U2xaYVV6ZzBXV3Q0VjFWclRraE5NVUpLWVVaWk5Vd3dNVFJoYlZwMFRETmpkbG96Vmtaak1WSlJWRVpLZFZKRVRraFVNR3hLWkRKc2VVOUhXazlWUjAxNFZGVjROazFzWkd4V01FVkxaVWhvVTJOc1FuZFViWFJwVG0xNFRWSldhRFZOZWtwcVkxWldORk5HVGpaTGVrNUlVVlJTVlU1Rk1URmpNazB6WWpJMGQyUXpXbHBPTVZvMlZWaFZORTVZV2pSYWJHZzFWbGRzYjBzd1l6VmphemxTV1hkdmRsTnJUWGxPTVVKSVkyeEpNMWRHUVRCT2VrSjZZa2hTZDJSSE1UVmpibXgxWkVkV1NGVnVXakpPTUU1TlpFVmFWRlpFV2tWaFdGWk9UVVp3UkZKdWFHaE5RM1I2VDFoR01WSlVTbXRTUlRnd1ZtMTRkRU50WkRObFZGcE5WMnBXTmxwSVdrbFdNMmN5U3pGYU1WcEhlREJXUjJoSVkwUk9kMkp0UlhsVVZrVnlXVEZzV0ZOSGNEQmlWV1J6V1dwb1VXUjZaSEpOUjNOeVlWY3hkVTVIYjNoUk1taHJUREZTVjFSclowdGxXRUo1V2tWc01sWlZSbTloVlRCMlRXNWFTVTV0VmpOaU1uUlpZVlpHUjFKcVFsWlFVVzkwVEZNd2RFeFZWazlTUTBKRVVsWktWVk5WV2twUk1FWlZVbE13ZEV4VE1IUkRaejA5SWl3aWRtVnlhV1pwWTJGMGFXOXVJanA3ZlgxZGZYMHNJblJwYldWdmRYUnpJanA3ZlN3aWRtVnljMmx2YmlJNklqSXVNaTR3SW4wc0ltNWxkSGR2Y210a0lqcDdmU3dpY0dGemMzZGtJanA3ZlN3aWMzUnZjbUZuWlNJNmUzMHNJbk41YzNSbGJXUWlPbnQ5ZlFvPSIsInZlcmlmaWNhdGlvbiI6e319XX0sInRpbWVvdXRzIjp7fSwidmVyc2lvbiI6IjIuMS4wIn0sIm5ldHdvcmtkIjp7fSwicGFzc3dkIjp7fSwic3RvcmFnZSI6eyJmaWxlcyI6W3siZmlsZXN5c3RlbSI6InJvb3QiLCJncm91cCI6e30sInBhdGgiOiIvZXRjL2hvc3RuYW1lIiwidXNlciI6e30sImNvbnRlbnRzIjp7InNvdXJjZSI6ImRhdGE6dGV4dC9wbGFpbjtjaGFyc2V0PXV0Zi04O2Jhc2U2NCxZMjl1ZEhKdmJDMXdiR0Z1WlMweCIsInZlcmlmaWNhdGlvbiI6e319LCJtb2RlIjo0MjB9LHsiZmlsZXN5c3RlbSI6InJvb3QiLCJncm91cCI6e30sInBhdGgiOiIvZXRjL3N5c2NvbmZpZy9uZXR3b3JrLXNjcmlwdHMvaWZjZmctZW5zMTkyIiwidXNlciI6e30sImNvbnRlbnRzIjp7InNvdXJjZSI6ImRhdGE6dGV4dC9wbGFpbjtjaGFyc2V0PXV0Zi04O2Jhc2U2NCxWRmxRUlQxRmRHaGxjbTVsZEFwQ1QwOVVVRkpQVkU4OWJtOXVaUXBPUVUxRlBXVnVjekU1TWdwRVJWWkpRMFU5Wlc1ek1Ua3lDazlPUWs5UFZEMTVaWE1LU1ZCQlJFUlNQVEV3TGpFeE5DNHhOaTR4TVFwUVVrVkdTVmc5TWpRS1IwRlVSVmRCV1QweE1DNHhNVFF1TVRZdU1RcEVUMDFCU1U0OWIyTTBMbU52Y25BdWJHOWpZV3dLUkU1VE1UMHhMakV1TVM0eENrUk9Vekk5T1M0NUxqa3VPUW89IiwidmVyaWZpY2F0aW9uIjp7fX0sIm1vZGUiOjQyMH1dfSwic3lzdGVtZCI6eyJ1bml0cyI6W3siY29udGVudHMiOiJbVW5pdF1cbkNvbmRpdGlvbkZpcnN0Qm9vdD15ZXNcbltTZXJ2aWNlXVxuVHlwZT1pZGxlXG5FeGVjU3RhcnQ9L3NiaW4vcmVib290XG5bSW5zdGFsbF1cbldhbnRlZEJ5PW11bHRpLXVzZXIudGFyZ2V0XG4iLCJlbmFibGVkIjp0cnVlLCJuYW1lIjoicmVzdGFydC5zZXJ2aWNlIn1dfX0=",
                            "vapp.0.properties.guestinfo.ignition.config.data.encoding": "base64",
                            "vapp_transport.#": "1",
                            "vapp_transport.0": "com.vmware.guestInfo",
                            "vmware_tools_status": "guestToolsNotRunning",
                            "vmx_path": "control-plane-1/control-plane-1.vmx",
                            "wait_for_guest_ip_timeout": "0",
                            "wait_for_guest_net_routable": "false",
                            "wait_for_guest_net_timeout": "0"
                        },
                        "meta": {
                            "schema_version": "3"
                        },
                        "tainted": false
                    },
                    "deposed": [],
                    "provider": "provider.vsphere"
                },
                "vsphere_virtual_machine.vm.2": {
                    "type": "vsphere_virtual_machine",
                    "depends_on": [
                        "data.ignition_config.ign.*",
                        "data.vsphere_datastore.datastore",
                        "data.vsphere_network.network",
                        "data.vsphere_virtual_machine.template"
                    ],
                    "primary": {
                        "id": "4225950f-ba76-980b-66a3-95d99502d69f",
                        "attributes": {
                            "alternate_guest_name": "",
                            "annotation": "",
                            "boot_delay": "0",
                            "boot_retry_delay": "10000",
                            "boot_retry_enabled": "false",
                            "cdrom.#": "0",
                            "change_version": "2020-06-29T19:38:55.285546Z",
                            "clone.#": "1",
                            "clone.0.customize.#": "0",
                            "clone.0.linked_clone": "false",
                            "clone.0.ovf_network_map.%": "0",
                            "clone.0.ovf_storage_map.%": "0",
                            "clone.0.template_uuid": "4225e7f3-c99f-0daf-e952-67de92691a74",
                            "clone.0.timeout": "30",
                            "cpu_hot_add_enabled": "false",
                            "cpu_hot_remove_enabled": "false",
                            "cpu_limit": "-1",
                            "cpu_performance_counters_enabled": "false",
                            "cpu_reservation": "0",
                            "cpu_share_count": "4000",
                            "cpu_share_level": "normal",
                            "custom_attributes.%": "0",
                            "datastore_id": "datastore-189",
                            "disk.#": "1",
                            "disk.0.attach": "false",
                            "disk.0.datastore_id": "datastore-189",
                            "disk.0.device_address": "scsi:0:0",
                            "disk.0.disk_mode": "persistent",
                            "disk.0.disk_sharing": "sharingNone",
                            "disk.0.eagerly_scrub": "false",
                            "disk.0.io_limit": "-1",
                            "disk.0.io_reservation": "0",
                            "disk.0.io_share_count": "1000",
                            "disk.0.io_share_level": "normal",
                            "disk.0.keep_on_remove": "false",
                            "disk.0.key": "2000",
                            "disk.0.label": "disk0",
                            "disk.0.name": "",
                            "disk.0.path": "control-plane-2/control-plane-2.vmdk",
                            "disk.0.size": "60",
                            "disk.0.storage_policy_id": "",
                            "disk.0.thin_provisioned": "true",
                            "disk.0.unit_number": "0",
                            "disk.0.uuid": "6000C29b-b743-ce8d-4343-3494f7dade46",
                            "disk.0.write_through": "false",
                            "efi_secure_boot_enabled": "false",
                            "enable_disk_uuid": "true",
                            "enable_logging": "false",
                            "ept_rvi_mode": "automatic",
                            "extra_config.%": "0",
                            "firmware": "bios",
                            "folder": "oc4",
                            "force_power_off": "true",
                            "guest_id": "rhel7_64Guest",
                            "guest_ip_addresses.#": "0",
                            "hardware_version": "13",
                            "host_system_id": "host-33",
                            "hv_mode": "hvAuto",
                            "id": "4225950f-ba76-980b-66a3-95d99502d69f",
                            "latency_sensitivity": "normal",
                            "memory": "16384",
                            "memory_hot_add_enabled": "false",
                            "memory_limit": "-1",
                            "memory_reservation": "0",
                            "memory_share_count": "163840",
                            "memory_share_level": "normal",
                            "migrate_wait_timeout": "30",
                            "moid": "vm-439",
                            "name": "control-plane-2",
                            "nested_hv_enabled": "false",
                            "network_interface.#": "1",
                            "network_interface.0.adapter_type": "vmxnet3",
                            "network_interface.0.bandwidth_limit": "-1",
                            "network_interface.0.bandwidth_reservation": "0",
                            "network_interface.0.bandwidth_share_count": "50",
                            "network_interface.0.bandwidth_share_level": "normal",
                            "network_interface.0.device_address": "pci:0:7",
                            "network_interface.0.key": "4000",
                            "network_interface.0.mac_address": "00:50:56:a5:1d:3a",
                            "network_interface.0.network_id": "network-o396",
                            "network_interface.0.ovf_mapping": "",
                            "network_interface.0.use_static_mac": "false",
                            "num_cores_per_socket": "1",
                            "num_cpus": "4",
                            "pci_device_id.#": "0",
                            "poweron_timeout": "300",
                            "reboot_required": "false",
                            "resource_pool_id": "resgroup-434",
                            "run_tools_scripts_after_power_on": "true",
                            "run_tools_scripts_after_resume": "true",
                            "run_tools_scripts_before_guest_reboot": "false",
                            "run_tools_scripts_before_guest_shutdown": "true",
                            "run_tools_scripts_before_guest_standby": "true",
                            "scsi_bus_sharing": "noSharing",
                            "scsi_controller_count": "1",
                            "scsi_type": "pvscsi",
                            "shutdown_wait_timeout": "3",
                            "storage_policy_id": "",
                            "swap_placement_policy": "inherit",
                            "sync_time_with_host": "false",
                            "tags.#": "0",
                            "uuid": "4225950f-ba76-980b-66a3-95d99502d69f",
                            "vapp.#": "1",
                            "vapp.0.properties.%": "2",
                            "vapp.0.properties.guestinfo.ignition.config.data": "eyJpZ25pdGlvbiI6eyJjb25maWciOnsiYXBwZW5kIjpbeyJzb3VyY2UiOiJkYXRhOnRleHQvcGxhaW47Y2hhcnNldD11dGYtODtiYXNlNjQsZXlKcFoyNXBkR2x2YmlJNmV5SmpiMjVtYVdjaU9uc2lZWEJ3Wlc1a0lqcGJleUp6YjNWeVkyVWlPaUpvZEhSd2N6b3ZMMkZ3YVMxcGJuUXViMk0wTG1OdmNuQXViRzlqWVd3Nk1qSTJNak12WTI5dVptbG5MMjFoYzNSbGNpSXNJblpsY21sbWFXTmhkR2x2YmlJNmUzMTlYWDBzSW5ObFkzVnlhWFI1SWpwN0luUnNjeUk2ZXlKalpYSjBhV1pwWTJGMFpVRjFkR2h2Y21sMGFXVnpJanBiZXlKemIzVnlZMlVpT2lKa1lYUmhPblJsZUhRdmNHeGhhVzQ3WTJoaGNuTmxkRDExZEdZdE9EdGlZWE5sTmpRc1RGTXdkRXhUTVVOU1ZXUktWR2xDUkZKV1NsVlRWVnBLVVRCR1ZWSlRNSFJNVXpCMFEyc3hTbE5WVWtaU1JVNUVVVmRhY0Zvd1JqTlRWVXBDV2pCc1NsWnJNVEJXVjFFMVlUSmtSVmRVVWpOU1JrWmFVMnQwZGxkcmJHOWtiVTVQVVZaR1JsUkZTbEpSV0dSTFlXdFdWRlJWU2tKU01FVjRWbFZWUzFFemFFNVRiVWw2VVcxNGFXSnJOWFpaVm1SaFRVVXhVMUZZWkVWYU1XeEZWbXhHVWxKRlZqTmFTR3hwVFdwcmQxUkdaRTloUlRGRFRrWm9SVlpGYkROVVZWSmFaVlU1VlZKVVZrNWxhekUxVkRCYWRsZEJjRVZXUlRFelZGVlNXbVZWTlRaU1ZGWk9aV3N4TlZRd1duWmtNSEJ4VWxaT1RsRnJSa2hSVkVaV1VsVk9ORlJWY0dsTk1FcHpXVzAxVDJJeVJsaFhha0pPVld0R00xSkhaRnBTUmxwU1ZWVlNSbVF5VWpWRGJVbDVUMVJDVFZZd05XOVVWV3hLVVd0c2NWRlZOVU5hTW5SNFlVZDBjRko2YkROTlJVcENWVlZXUjFGVlJsQlJNRVpTVDBWR1RsTlZiRU5STW1STVVUQkdVbEpWUmpaTlNHZ3hVMnhHUmxwRWJESlBXR2RMWkROd1dFOUZiRE5qUkZKQ1pHeG9VRTlGVG5CUFJUbGhaV3BKY21GclNsSmpWbFl4VkROc1VrMXVjRmhWVjNSMVVXeFNVRnBZYkZSaFJFWkVZMVZaTkZveWRHdFZSbXgzV2xob2FsWkdXVE5UUTNSRlVWRndORmt5V2xaa1JFbzBVbGhrTVU1NlFUSmhiVGt6VEhwa01XRXlVWFpXUmtaUFdqSlJjbVJ0ZEhSa01EbExWREZHZUZadGFGZE5iR2h6VDFOMGNFNHpRbFZPYlhoVlVqQmFhV0pIY0doa1ZsSnlVV3h3VFVOdWJFZFplVGxYWlc1Q2FHTnRhRzlrVjFwelVteG9jRlJWYnpGTk1EUjNXbXQ0V0dSWWFIbGtWMmN4VVd4Q1UxZEZhRWRrVjA0eldtMDVkRmxZVm5WaWVtUkdVMGRrU1ZKcVdqQmlWRUo0Vm01Tk5XUnRhMHRTTVU1UFVtdHNRbHB1UWs1WmVtTjZXakF4TkUxRVpGQmhiRzkzVW0xNFlWb3dlRmxaTVZaR1pHczVTRlpzU2xkU00wWmFZbXBHYkdRd2R6Rk5helY0WW1wYVdtRjZXbWxhV0hCdVlXMDVWRk5VVmpWaFFXOTNXVlY0UzFFeWFFNWpibXhOVmtSYVFsZEZlSGhhTUdoS1pGUlNjbVZVYUdoVGF6UjRUV3RzUlZVeVVuZFZSbHBMWlVVeE1GSkdXbXhoVldoNlUyNW5lazR5VlROWk0yczFVek5LVUdScWFFdGFSRkoxUTIxa1NtTnNRbFpXUm1oWlltNWtTbEpGUmxKUlZVcDJUVVZzTTFWVlVrSlVNRXB1Vkd4YVNWVlVhRU5SVjFrMFVsVktRbFJWVGtKalZrWXpVa2hrV2xKR1dsTk5SbEpDVlZWbmRsRnJSbFprTUVZelVsVkpTMHd6Y0VKYVJVcHVWR3hhU1ZWVVVrWlNiV1JTVmxVMVVsTnJhRnBUUjNCSldsaFdWRk5WTldoUFdHaEtWSHBHZWxSc1NuWmpSbWd6VlZoa1JWVldiRXRUTWpsaFUxZG9NbGt3TlVKVlZWWk5VV3hHUWxKQmNHNWFNRlpEVVZWT1NtSkZiekZVTVVaclRUSlJNMVpHUmt0bFJGWkVVVEJLTldKWVJtRlpiVTV5VmxVeFlWSldiRmRXUmxaTFlXeE9TV0pIVGtKYU1WRXlXakJXYUZSSGJFUlZWMngxVmxWc2FsSkZNVmREYm1zelZsZDBNVmR1U2xaYVV6ZzBXV3Q0VjFWclRraE5NVUpLWVVaWk5Vd3dNVFJoYlZwMFRETmpkbG96Vmtaak1WSlJWRVpLZFZKRVRraFVNR3hLWkRKc2VVOUhXazlWUjAxNFZGVjROazFzWkd4V01FVkxaVWhvVTJOc1FuZFViWFJwVG0xNFRWSldhRFZOZWtwcVkxWldORk5HVGpaTGVrNUlVVlJTVlU1Rk1URmpNazB6WWpJMGQyUXpXbHBPTVZvMlZWaFZORTVZV2pSYWJHZzFWbGRzYjBzd1l6VmphemxTV1hkdmRsTnJUWGxPTVVKSVkyeEpNMWRHUVRCT2VrSjZZa2hTZDJSSE1UVmpibXgxWkVkV1NGVnVXakpPTUU1TlpFVmFWRlpFV2tWaFdGWk9UVVp3UkZKdWFHaE5RM1I2VDFoR01WSlVTbXRTUlRnd1ZtMTRkRU50WkRObFZGcE5WMnBXTmxwSVdrbFdNMmN5U3pGYU1WcEhlREJXUjJoSVkwUk9kMkp0UlhsVVZrVnlXVEZzV0ZOSGNEQmlWV1J6V1dwb1VXUjZaSEpOUjNOeVlWY3hkVTVIYjNoUk1taHJUREZTVjFSclowdGxXRUo1V2tWc01sWlZSbTloVlRCMlRXNWFTVTV0VmpOaU1uUlpZVlpHUjFKcVFsWlFVVzkwVEZNd2RFeFZWazlTUTBKRVVsWktWVk5WV2twUk1FWlZVbE13ZEV4VE1IUkRaejA5SWl3aWRtVnlhV1pwWTJGMGFXOXVJanA3ZlgxZGZYMHNJblJwYldWdmRYUnpJanA3ZlN3aWRtVnljMmx2YmlJNklqSXVNaTR3SW4wc0ltNWxkSGR2Y210a0lqcDdmU3dpY0dGemMzZGtJanA3ZlN3aWMzUnZjbUZuWlNJNmUzMHNJbk41YzNSbGJXUWlPbnQ5ZlFvPSIsInZlcmlmaWNhdGlvbiI6e319XX0sInRpbWVvdXRzIjp7fSwidmVyc2lvbiI6IjIuMS4wIn0sIm5ldHdvcmtkIjp7fSwicGFzc3dkIjp7fSwic3RvcmFnZSI6eyJmaWxlcyI6W3siZmlsZXN5c3RlbSI6InJvb3QiLCJncm91cCI6e30sInBhdGgiOiIvZXRjL2hvc3RuYW1lIiwidXNlciI6e30sImNvbnRlbnRzIjp7InNvdXJjZSI6ImRhdGE6dGV4dC9wbGFpbjtjaGFyc2V0PXV0Zi04O2Jhc2U2NCxZMjl1ZEhKdmJDMXdiR0Z1WlMweSIsInZlcmlmaWNhdGlvbiI6e319LCJtb2RlIjo0MjB9LHsiZmlsZXN5c3RlbSI6InJvb3QiLCJncm91cCI6e30sInBhdGgiOiIvZXRjL3N5c2NvbmZpZy9uZXR3b3JrLXNjcmlwdHMvaWZjZmctZW5zMTkyIiwidXNlciI6e30sImNvbnRlbnRzIjp7InNvdXJjZSI6ImRhdGE6dGV4dC9wbGFpbjtjaGFyc2V0PXV0Zi04O2Jhc2U2NCxWRmxRUlQxRmRHaGxjbTVsZEFwQ1QwOVVVRkpQVkU4OWJtOXVaUXBPUVUxRlBXVnVjekU1TWdwRVJWWkpRMFU5Wlc1ek1Ua3lDazlPUWs5UFZEMTVaWE1LU1ZCQlJFUlNQVEV3TGpFeE5DNHhOaTR4TWdwUVVrVkdTVmc5TWpRS1IwRlVSVmRCV1QweE1DNHhNVFF1TVRZdU1RcEVUMDFCU1U0OWIyTTBMbU52Y25BdWJHOWpZV3dLUkU1VE1UMHhMakV1TVM0eENrUk9Vekk5T1M0NUxqa3VPUW89IiwidmVyaWZpY2F0aW9uIjp7fX0sIm1vZGUiOjQyMH1dfSwic3lzdGVtZCI6eyJ1bml0cyI6W3siY29udGVudHMiOiJbVW5pdF1cbkNvbmRpdGlvbkZpcnN0Qm9vdD15ZXNcbltTZXJ2aWNlXVxuVHlwZT1pZGxlXG5FeGVjU3RhcnQ9L3NiaW4vcmVib290XG5bSW5zdGFsbF1cbldhbnRlZEJ5PW11bHRpLXVzZXIudGFyZ2V0XG4iLCJlbmFibGVkIjp0cnVlLCJuYW1lIjoicmVzdGFydC5zZXJ2aWNlIn1dfX0=",
                            "vapp.0.properties.guestinfo.ignition.config.data.encoding": "base64",
                            "vapp_transport.#": "1",
                            "vapp_transport.0": "com.vmware.guestInfo",
                            "vmware_tools_status": "guestToolsNotRunning",
                            "vmx_path": "control-plane-2/control-plane-2.vmx",
                            "wait_for_guest_ip_timeout": "0",
                            "wait_for_guest_net_routable": "false",
                            "wait_for_guest_net_timeout": "0"
                        },
                        "meta": {
                            "schema_version": "3"
                        },
                        "tainted": false
                    },
                    "deposed": [],
                    "provider": "provider.vsphere"
                }
            },
            "depends_on": []
        },
        {
            "path": [
                "root",
                "folder"
            ],
            "outputs": {
                "path": {
                    "sensitive": false,
                    "type": "string",
                    "value": "oc4"
                }
            },
            "resources": {
                "vsphere_folder.folder": {
                    "type": "vsphere_folder",
                    "depends_on": [],
                    "primary": {
                        "id": "group-v435",
                        "attributes": {
                            "custom_attributes.%": "0",
                            "datacenter_id": "datacenter-21",
                            "id": "group-v435",
                            "path": "oc4",
                            "tags.#": "0",
                            "type": "vm"
                        },
                        "meta": {
                            "schema_version": "1"
                        },
                        "tainted": false
                    },
                    "deposed": [],
                    "provider": "provider.vsphere"
                }
            },
            "depends_on": []
        },
        {
            "path": [
                "root",
                "resource_pool"
            ],
            "outputs": {
                "pool_id": {
                    "sensitive": false,
                    "type": "string",
                    "value": "resgroup-434"
                }
            },
            "resources": {
                "data.vsphere_compute_cluster.compute_cluster": {
                    "type": "vsphere_compute_cluster",
                    "depends_on": [],
                    "primary": {
                        "id": "domain-c26",
                        "attributes": {
                            "datacenter_id": "datacenter-21",
                            "id": "domain-c26",
                            "name": "RegionA01-K8s",
                            "resource_pool_id": "resgroup-27"
                        },
                        "meta": {},
                        "tainted": false
                    },
                    "deposed": [],
                    "provider": "provider.vsphere"
                },
                "vsphere_resource_pool.resource_pool": {
                    "type": "vsphere_resource_pool",
                    "depends_on": [
                        "data.vsphere_compute_cluster.compute_cluster"
                    ],
                    "primary": {
                        "id": "resgroup-434",
                        "attributes": {
                            "cpu_expandable": "true",
                            "cpu_limit": "-1",
                            "cpu_reservation": "0",
                            "cpu_share_level": "normal",
                            "cpu_shares": "4000",
                            "id": "resgroup-434",
                            "memory_expandable": "true",
                            "memory_limit": "-1",
                            "memory_reservation": "0",
                            "memory_share_level": "normal",
                            "memory_shares": "163840",
                            "name": "oc4",
                            "parent_resource_pool_id": "resgroup-27",
                            "tags.#": "0"
                        },
                        "meta": {},
                        "tainted": false
                    },
                    "deposed": [],
                    "provider": "provider.vsphere"
                }
            },
            "depends_on": []
        }
    ]
}
